
Microsoft Visual Studio Solution File, Format Version 12.00
# Visual Studio 15
VisualStudioVersion = 15.0.28307.539
MinimumVisualStudioVersion = 10.0.40219.1
Project("{FAE04EC0-301F-11D3-BF4B-00C04F79EFBC}") = "MVVM_Beispiel.Android", "MVVM_Beispiel\MVVM_Beispiel.Android\MVVM_Beispiel.Android.csproj", "{EAE9F88B-5AB9-497C-A2AF-2AA23E3BF260}"
EndProject
Project("{FAE04EC0-301F-11D3-BF4B-00C04F79EFBC}") = "MVVM_Beispiel.iOS", "MVVM_Beispiel\MVVM_Beispiel.iOS\MVVM_Beispiel.iOS.csproj", "{135ADF47-7727-4542-AF38-022FDEEBD02E}"
EndProject
Project("{FAE04EC0-301F-11D3-BF4B-00C04F79EFBC}") = "MVVM_Beispiel.UWP", "MVVM_Beispiel\MVVM_Beispiel.UWP\MVVM_Beispiel.UWP.csproj", "{FCFA5512-AE2F-4BEF-B810-85D6A192E3E2}"
EndProject
Project("{FAE04EC0-301F-11D3-BF4B-00C04F79EFBC}") = "MVVM_Beispiel", "MVVM_Beispiel\MVVM_Beispiel\MVVM_Beispiel.csproj", "{DCC13B46-A277-4CC9-A178-80505A6F145E}"
EndProject
Global
	GlobalSection(SolutionConfigurationPlatforms) = preSolution
		Ad-Hoc|Any CPU = Ad-Hoc|Any CPU
		Ad-Hoc|ARM = Ad-Hoc|ARM
		Ad-Hoc|iPhone = Ad-Hoc|iPhone
		Ad-Hoc|iPhoneSimulator = Ad-Hoc|iPhoneSimulator
		Ad-Hoc|x64 = Ad-Hoc|x64
		Ad-Hoc|x86 = Ad-Hoc|x86
		AppStore|Any CPU = AppStore|Any CPU
		AppStore|ARM = AppStore|ARM
		AppStore|iPhone = AppStore|iPhone
		AppStore|iPhoneSimulator = AppStore|iPhoneSimulator
		AppStore|x64 = AppStore|x64
		AppStore|x86 = AppStore|x86
		Debug|Any CPU = Debug|Any CPU
		Debug|ARM = Debug|ARM
		Debug|iPhone = Debug|iPhone
		Debug|iPhoneSimulator = Debug|iPhoneSimulator
		Debug|x64 = Debug|x64
		Debug|x86 = Debug|x86
		Release|Any CPU = Release|Any CPU
		Release|ARM = Release|ARM
		Release|iPhone = Release|iPhone
		Release|iPhoneSimulator = Release|iPhoneSimulator
		Release|x64 = Release|x64
		Release|x86 = Release|x86
	EndGlobalSection
	GlobalSection(ProjectConfigurationPlatforms) = postSolution
		{EAE9F88B-5AB9-497C-A2AF-2AA23E3BF260}.Ad-Hoc|Any CPU.ActiveCfg = Release|Any CPU
		{EAE9F88B-5AB9-497C-A2AF-2AA23E3BF260}.Ad-Hoc|Any CPU.Build.0 = Release|Any CPU
		{EAE9F88B-5AB9-497C-A2AF-2AA23E3BF260}.Ad-Hoc|Any CPU.Deploy.0 = Release|Any CPU
		{EAE9F88B-5AB9-497C-A2AF-2AA23E3BF260}.Ad-Hoc|ARM.ActiveCfg = Release|Any CPU
		{EAE9F88B-5AB9-497C-A2AF-2AA23E3BF260}.Ad-Hoc|ARM.Build.0 = Release|Any CPU
		{EAE9F88B-5AB9-497C-A2AF-2AA23E3BF260}.Ad-Hoc|ARM.Deploy.0 = Release|Any CPU
		{EAE9F88B-5AB9-497C-A2AF-2AA23E3BF260}.Ad-Hoc|iPhone.ActiveCfg = Release|Any CPU
		{EAE9F88B-5AB9-497C-A2AF-2AA23E3BF260}.Ad-Hoc|iPhone.Build.0 = Release|Any CPU
		{EAE9F88B-5AB9-497C-A2AF-2AA23E3BF260}.Ad-Hoc|iPhone.Deploy.0 = Release|Any CPU
		{EAE9F88B-5AB9-497C-A2AF-2AA23E3BF260}.Ad-Hoc|iPhoneSimulator.ActiveCfg = Release|Any CPU
		{EAE9F88B-5AB9-497C-A2AF-2AA23E3BF260}.Ad-Hoc|iPhoneSimulator.Build.0 = Release|Any CPU
		{EAE9F88B-5AB9-497C-A2AF-2AA23E3BF260}.Ad-Hoc|iPhoneSimulator.Deploy.0 = Release|Any CPU
		{EAE9F88B-5AB9-497C-A2AF-2AA23E3BF260}.Ad-Hoc|x64.ActiveCfg = Release|Any CPU
		{EAE9F88B-5AB9-497C-A2AF-2AA23E3BF260}.Ad-Hoc|x64.Build.0 = Release|Any CPU
		{EAE9F88B-5AB9-497C-A2AF-2AA23E3BF260}.Ad-Hoc|x64.Deploy.0 = Release|Any CPU
		{EAE9F88B-5AB9-497C-A2AF-2AA23E3BF260}.Ad-Hoc|x86.ActiveCfg = Release|Any CPU
		{EAE9F88B-5AB9-497C-A2AF-2AA23E3BF260}.Ad-Hoc|x86.Build.0 = Release|Any CPU
		{EAE9F88B-5AB9-497C-A2AF-2AA23E3BF260}.Ad-Hoc|x86.Deploy.0 = Release|Any CPU
		{EAE9F88B-5AB9-497C-A2AF-2AA23E3BF260}.AppStore|Any CPU.ActiveCfg = Release|Any CPU
		{EAE9F88B-5AB9-497C-A2AF-2AA23E3BF260}.AppStore|Any CPU.Build.0 = Release|Any CPU
		{EAE9F88B-5AB9-497C-A2AF-2AA23E3BF260}.AppStore|Any CPU.Deploy.0 = Release|Any CPU
		{EAE9F88B-5AB9-497C-A2AF-2AA23E3BF260}.AppStore|ARM.ActiveCfg = Release|Any CPU
		{EAE9F88B-5AB9-497C-A2AF-2AA23E3BF260}.AppStore|ARM.Build.0 = Release|Any CPU
		{EAE9F88B-5AB9-497C-A2AF-2AA23E3BF260}.AppStore|ARM.Deploy.0 = Release|Any CPU
		{EAE9F88B-5AB9-497C-A2AF-2AA23E3BF260}.AppStore|iPhone.ActiveCfg = Release|Any CPU
		{EAE9F88B-5AB9-497C-A2AF-2AA23E3BF260}.AppStore|iPhone.Build.0 = Release|Any CPU
		{EAE9F88B-5AB9-497C-A2AF-2AA23E3BF260}.AppStore|iPhone.Deploy.0 = Release|Any CPU
		{EAE9F88B-5AB9-497C-A2AF-2AA23E3BF260}.AppStore|iPhoneSimulator.ActiveCfg = Release|Any CPU
		{EAE9F88B-5AB9-497C-A2AF-2AA23E3BF260}.AppStore|iPhoneSimulator.Build.0 = Release|Any CPU
		{EAE9F88B-5AB9-497C-A2AF-2AA23E3BF260}.AppStore|iPhoneSimulator.Deploy.0 = Release|Any CPU
		{EAE9F88B-5AB9-497C-A2AF-2AA23E3BF260}.AppStore|x64.ActiveCfg = Release|Any CPU
		{EAE9F88B-5AB9-497C-A2AF-2AA23E3BF260}.AppStore|x64.Build.0 = Release|Any CPU
		{EAE9F88B-5AB9-497C-A2AF-2AA23E3BF260}.AppStore|x64.Deploy.0 = Release|Any CPU
		{EAE9F88B-5AB9-497C-A2AF-2AA23E3BF260}.AppStore|x86.ActiveCfg = Release|Any CPU
		{EAE9F88B-5AB9-497C-A2AF-2AA23E3BF260}.AppStore|x86.Build.0 = Release|Any CPU
		{EAE9F88B-5AB9-497C-A2AF-2AA23E3BF260}.AppStore|x86.Deploy.0 = Release|Any CPU
		{EAE9F88B-5AB9-497C-A2AF-2AA23E3BF260}.Debug|Any CPU.ActiveCfg = Debug|Any CPU
		{EAE9F88B-5AB9-497C-A2AF-2AA23E3BF260}.Debug|Any CPU.Build.0 = Debug|Any CPU
		{EAE9F88B-5AB9-497C-A2AF-2AA23E3BF260}.Debug|Any CPU.Deploy.0 = Debug|Any CPU
		{EAE9F88B-5AB9-497C-A2AF-2AA23E3BF260}.Debug|ARM.ActiveCfg = Debug|Any CPU
		{EAE9F88B-5AB9-497C-A2AF-2AA23E3BF260}.Debug|ARM.Build.0 = Debug|Any CPU
		{EAE9F88B-5AB9-497C-A2AF-2AA23E3BF260}.Debug|ARM.Deploy.0 = Debug|Any CPU
		{EAE9F88B-5AB9-497C-A2AF-2AA23E3BF260}.Debug|iPhone.ActiveCfg = Debug|Any CPU
		{EAE9F88B-5AB9-497C-A2AF-2AA23E3BF260}.Debug|iPhone.Build.0 = Debug|Any CPU
		{EAE9F88B-5AB9-497C-A2AF-2AA23E3BF260}.Debug|iPhone.Deploy.0 = Debug|Any CPU
		{EAE9F88B-5AB9-497C-A2AF-2AA23E3BF260}.Debug|iPhoneSimulator.ActiveCfg = Debug|Any CPU
		{EAE9F88B-5AB9-497C-A2AF-2AA23E3BF260}.Debug|iPhoneSimulator.Build.0 = Debug|Any CPU
		{EAE9F88B-5AB9-497C-A2AF-2AA23E3BF260}.Debug|iPhoneSimulator.Deploy.0 = Debug|Any CPU
		{EAE9F88B-5AB9-497C-A2AF-2AA23E3BF260}.Debug|x64.ActiveCfg = Debug|Any CPU
		{EAE9F88B-5AB9-497C-A2AF-2AA23E3BF260}.Debug|x64.Build.0 = Debug|Any CPU
		{EAE9F88B-5AB9-497C-A2AF-2AA23E3BF260}.Debug|x64.Deploy.0 = Debug|Any CPU
		{EAE9F88B-5AB9-497C-A2AF-2AA23E3BF260}.Debug|x86.ActiveCfg = Debug|Any CPU
		{EAE9F88B-5AB9-497C-A2AF-2AA23E3BF260}.Debug|x86.Build.0 = Debug|Any CPU
		{EAE9F88B-5AB9-497C-A2AF-2AA23E3BF260}.Debug|x86.Deploy.0 = Debug|Any CPU
		{EAE9F88B-5AB9-497C-A2AF-2AA23E3BF260}.Release|Any CPU.ActiveCfg = Release|Any CPU
		{EAE9F88B-5AB9-497C-A2AF-2AA23E3BF260}.Release|Any CPU.Build.0 = Release|Any CPU
		{EAE9F88B-5AB9-497C-A2AF-2AA23E3BF260}.Release|Any CPU.Deploy.0 = Release|Any CPU
		{EAE9F88B-5AB9-497C-A2AF-2AA23E3BF260}.Release|ARM.ActiveCfg = Release|Any CPU
		{EAE9F88B-5AB9-497C-A2AF-2AA23E3BF260}.Release|ARM.Build.0 = Release|Any CPU
		{EAE9F88B-5AB9-497C-A2AF-2AA23E3BF260}.Release|ARM.Deploy.0 = Release|Any CPU
		{EAE9F88B-5AB9-497C-A2AF-2AA23E3BF260}.Release|iPhone.ActiveCfg = Release|Any CPU
		{EAE9F88B-5AB9-497C-A2AF-2AA23E3BF260}.Release|iPhone.Build.0 = Release|Any CPU
		{EAE9F88B-5AB9-497C-A2AF-2AA23E3BF260}.Release|iPhone.Deploy.0 = Release|Any CPU
		{EAE9F88B-5AB9-497C-A2AF-2AA23E3BF260}.Release|iPhoneSimulator.ActiveCfg = Release|Any CPU
		{EAE9F88B-5AB9-497C-A2AF-2AA23E3BF260}.Release|iPhoneSimulator.Build.0 = Release|Any CPU
		{EAE9F88B-5AB9-497C-A2AF-2AA23E3BF260}.Release|iPhoneSimulator.Deploy.0 = Release|Any CPU
		{EAE9F88B-5AB9-497C-A2AF-2AA23E3BF260}.Release|x64.ActiveCfg = Release|Any CPU
		{EAE9F88B-5AB9-497C-A2AF-2AA23E3BF260}.Release|x64.Build.0 = Release|Any CPU
		{EAE9F88B-5AB9-497C-A2AF-2AA23E3BF260}.Release|x64.Deploy.0 = Release|Any CPU
		{EAE9F88B-5AB9-497C-A2AF-2AA23E3BF260}.Release|x86.ActiveCfg = Release|Any CPU
		{EAE9F88B-5AB9-497C-A2AF-2AA23E3BF260}.Release|x86.Build.0 = Release|Any CPU
		{EAE9F88B-5AB9-497C-A2AF-2AA23E3BF260}.Release|x86.Deploy.0 = Release|Any CPU
		{135ADF47-7727-4542-AF38-022FDEEBD02E}.Ad-Hoc|Any CPU.ActiveCfg = Ad-Hoc|iPhone
		{135ADF47-7727-4542-AF38-022FDEEBD02E}.Ad-Hoc|Any CPU.Build.0 = Ad-Hoc|iPhone
		{135ADF47-7727-4542-AF38-022FDEEBD02E}.Ad-Hoc|Any CPU.Deploy.0 = Ad-Hoc|iPhone
		{135ADF47-7727-4542-AF38-022FDEEBD02E}.Ad-Hoc|ARM.ActiveCfg = Ad-Hoc|iPhone
		{135ADF47-7727-4542-AF38-022FDEEBD02E}.Ad-Hoc|ARM.Build.0 = Ad-Hoc|iPhone
		{135ADF47-7727-4542-AF38-022FDEEBD02E}.Ad-Hoc|ARM.Deploy.0 = Ad-Hoc|iPhone
		{135ADF47-7727-4542-AF38-022FDEEBD02E}.Ad-Hoc|iPhone.ActiveCfg = Ad-Hoc|iPhone
		{135ADF47-7727-4542-AF38-022FDEEBD02E}.Ad-Hoc|iPhone.Build.0 = Ad-Hoc|iPhone
		{135ADF47-7727-4542-AF38-022FDEEBD02E}.Ad-Hoc|iPhone.Deploy.0 = Ad-Hoc|iPhone
		{135ADF47-7727-4542-AF38-022FDEEBD02E}.Ad-Hoc|iPhoneSimulator.ActiveCfg = Ad-Hoc|iPhoneSimulator
		{135ADF47-7727-4542-AF38-022FDEEBD02E}.Ad-Hoc|iPhoneSimulator.Build.0 = Ad-Hoc|iPhoneSimulator
		{135ADF47-7727-4542-AF38-022FDEEBD02E}.Ad-Hoc|iPhoneSimulator.Deploy.0 = Ad-Hoc|iPhoneSimulator
		{135ADF47-7727-4542-AF38-022FDEEBD02E}.Ad-Hoc|x64.ActiveCfg = Ad-Hoc|iPhone
		{135ADF47-7727-4542-AF38-022FDEEBD02E}.Ad-Hoc|x64.Build.0 = Ad-Hoc|iPhone
		{135ADF47-7727-4542-AF38-022FDEEBD02E}.Ad-Hoc|x64.Deploy.0 = Ad-Hoc|iPhone
		{135ADF47-7727-4542-AF38-022FDEEBD02E}.Ad-Hoc|x86.ActiveCfg = Ad-Hoc|iPhone
		{135ADF47-7727-4542-AF38-022FDEEBD02E}.Ad-Hoc|x86.Build.0 = Ad-Hoc|iPhone
		{135ADF47-7727-4542-AF38-022FDEEBD02E}.Ad-Hoc|x86.Deploy.0 = Ad-Hoc|iPhone
		{135ADF47-7727-4542-AF38-022FDEEBD02E}.AppStore|Any CPU.ActiveCfg = AppStore|iPhone
		{135ADF47-7727-4542-AF38-022FDEEBD02E}.AppStore|Any CPU.Build.0 = AppStore|iPhone
		{135ADF47-7727-4542-AF38-022FDEEBD02E}.AppStore|Any CPU.Deploy.0 = AppStore|iPhone
		{135ADF47-7727-4542-AF38-022FDEEBD02E}.AppStore|ARM.ActiveCfg = AppStore|iPhone
		{135ADF47-7727-4542-AF38-022FDEEBD02E}.AppStore|ARM.Build.0 = AppStore|iPhone
		{135ADF47-7727-4542-AF38-022FDEEBD02E}.AppStore|ARM.Deploy.0 = AppStore|iPhone
		{135ADF47-7727-4542-AF38-022FDEEBD02E}.AppStore|iPhone.ActiveCfg = AppStore|iPhone
		{135ADF47-7727-4542-AF38-022FDEEBD02E}.AppStore|iPhone.Build.0 = AppStore|iPhone
		{135ADF47-7727-4542-AF38-022FDEEBD02E}.AppStore|iPhone.Deploy.0 = AppStore|iPhone
		{135ADF47-7727-4542-AF38-022FDEEBD02E}.AppStore|iPhoneSimulator.ActiveCfg = AppStore|iPhoneSimulator
		{135ADF47-7727-4542-AF38-022FDEEBD02E}.AppStore|iPhoneSimulator.Build.0 = AppStore|iPhoneSimulator
		{135ADF47-7727-4542-AF38-022FDEEBD02E}.AppStore|iPhoneSimulator.Deploy.0 = AppStore|iPhoneSimulator
		{135ADF47-7727-4542-AF38-022FDEEBD02E}.AppStore|x64.ActiveCfg = AppStore|iPhone
		{135ADF47-7727-4542-AF38-022FDEEBD02E}.AppStore|x64.Build.0 = AppStore|iPhone
		{135ADF47-7727-4542-AF38-022FDEEBD02E}.AppStore|x64.Deploy.0 = AppStore|iPhone
		{135ADF47-7727-4542-AF38-022FDEEBD02E}.AppStore|x86.ActiveCfg = AppStore|iPhone
		{135ADF47-7727-4542-AF38-022FDEEBD02E}.AppStore|x86.Build.0 = AppStore|iPhone
		{135ADF47-7727-4542-AF38-022FDEEBD02E}.AppStore|x86.Deploy.0 = AppStore|iPhone
		{135ADF47-7727-4542-AF38-022FDEEBD02E}.Debug|Any CPU.ActiveCfg = Debug|iPhoneSimulator
		{135ADF47-7727-4542-AF38-022FDEEBD02E}.Debug|Any CPU.Build.0 = Debug|iPhoneSimulator
		{135ADF47-7727-4542-AF38-022FDEEBD02E}.Debug|Any CPU.Deploy.0 = Debug|iPhoneSimulator
		{135ADF47-7727-4542-AF38-022FDEEBD02E}.Debug|ARM.ActiveCfg = Debug|iPhone
		{135ADF47-7727-4542-AF38-022FDEEBD02E}.Debug|ARM.Build.0 = Debug|iPhone
		{135ADF47-7727-4542-AF38-022FDEEBD02E}.Debug|ARM.Deploy.0 = Debug|iPhone
		{135ADF47-7727-4542-AF38-022FDEEBD02E}.Debug|iPhone.ActiveCfg = Debug|iPhone
		{135ADF47-7727-4542-AF38-022FDEEBD02E}.Debug|iPhone.Build.0 = Debug|iPhone
		{135ADF47-7727-4542-AF38-022FDEEBD02E}.Debug|iPhone.Deploy.0 = Debug|iPhone
		{135ADF47-7727-4542-AF38-022FDEEBD02E}.Debug|iPhoneSimulator.ActiveCfg = Debug|iPhoneSimulator
		{135ADF47-7727-4542-AF38-022FDEEBD02E}.Debug|iPhoneSimulator.Build.0 = Debug|iPhoneSimulator
		{135ADF47-7727-4542-AF38-022FDEEBD02E}.Debug|iPhoneSimulator.Deploy.0 = Debug|iPhoneSimulator
		{135ADF47-7727-4542-AF38-022FDEEBD02E}.Debug|x64.ActiveCfg = Debug|iPhone
		{135ADF47-7727-4542-AF38-022FDEEBD02E}.Debug|x64.Build.0 = Debug|iPhone
		{135ADF47-7727-4542-AF38-022FDEEBD02E}.Debug|x64.Deploy.0 = Debug|iPhone
		{135ADF47-7727-4542-AF38-022FDEEBD02E}.Debug|x86.ActiveCfg = Debug|iPhone
		{135ADF47-7727-4542-AF38-022FDEEBD02E}.Debug|x86.Build.0 = Debug|iPhone
		{135ADF47-7727-4542-AF38-022FDEEBD02E}.Debug|x86.Deploy.0 = Debug|iPhone
		{135ADF47-7727-4542-AF38-022FDEEBD02E}.Release|Any CPU.ActiveCfg = Release|iPhone
		{135ADF47-7727-4542-AF38-022FDEEBD02E}.Release|Any CPU.Build.0 = Release|iPhone
		{135ADF47-7727-4542-AF38-022FDEEBD02E}.Release|Any CPU.Deploy.0 = Release|iPhone
		{135ADF47-7727-4542-AF38-022FDEEBD02E}.Release|ARM.ActiveCfg = Release|iPhone
		{135ADF47-7727-4542-AF38-022FDEEBD02E}.Release|ARM.Build.0 = Release|iPhone
		{135ADF47-7727-4542-AF38-022FDEEBD02E}.Release|ARM.Deploy.0 = Release|iPhone
		{135ADF47-7727-4542-AF38-022FDEEBD02E}.Release|iPhone.ActiveCfg = Release|iPhone
		{135ADF47-7727-4542-AF38-022FDEEBD02E}.Release|iPhone.Build.0 = Release|iPhone
		{135ADF47-7727-4542-AF38-022FDEEBD02E}.Release|iPhone.Deploy.0 = Release|iPhone
		{135ADF47-7727-4542-AF38-022FDEEBD02E}.Release|iPhoneSimulator.ActiveCfg = Release|iPhoneSimulator
		{135ADF47-7727-4542-AF38-022FDEEBD02E}.Release|iPhoneSimulator.Build.0 = Release|iPhoneSimulator
		{135ADF47-7727-4542-AF38-022FDEEBD02E}.Release|iPhoneSimulator.Deploy.0 = Release|iPhoneSimulator
		{135ADF47-7727-4542-AF38-022FDEEBD02E}.Release|x64.ActiveCfg = Release|iPhone
		{135ADF47-7727-4542-AF38-022FDEEBD02E}.Release|x64.Build.0 = Release|iPhone
		{135ADF47-7727-4542-AF38-022FDEEBD02E}.Release|x64.Deploy.0 = Release|iPhone
		{135ADF47-7727-4542-AF38-022FDEEBD02E}.Release|x86.ActiveCfg = Release|iPhone
		{135ADF47-7727-4542-AF38-022FDEEBD02E}.Release|x86.Build.0 = Release|iPhone
		{135ADF47-7727-4542-AF38-022FDEEBD02E}.Release|x86.Deploy.0 = Release|iPhone
		{FCFA5512-AE2F-4BEF-B810-85D6A192E3E2}.Ad-Hoc|Any CPU.ActiveCfg = Release|x86
		{FCFA5512-AE2F-4BEF-B810-85D6A192E3E2}.Ad-Hoc|Any CPU.Build.0 = Release|x86
		{FCFA5512-AE2F-4BEF-B810-85D6A192E3E2}.Ad-Hoc|Any CPU.Deploy.0 = Release|x86
		{FCFA5512-AE2F-4BEF-B810-85D6A192E3E2}.Ad-Hoc|ARM.ActiveCfg = Release|ARM
		{FCFA5512-AE2F-4BEF-B810-85D6A192E3E2}.Ad-Hoc|ARM.Build.0 = Release|ARM
		{FCFA5512-AE2F-4BEF-B810-85D6A192E3E2}.Ad-Hoc|ARM.Deploy.0 = Release|ARM
		{FCFA5512-AE2F-4BEF-B810-85D6A192E3E2}.Ad-Hoc|iPhone.ActiveCfg = Release|x86
		{FCFA5512-AE2F-4BEF-B810-85D6A192E3E2}.Ad-Hoc|iPhone.Build.0 = Release|x86
		{FCFA5512-AE2F-4BEF-B810-85D6A192E3E2}.Ad-Hoc|iPhone.Deploy.0 = Release|x86
		{FCFA5512-AE2F-4BEF-B810-85D6A192E3E2}.Ad-Hoc|iPhoneSimulator.ActiveCfg = Release|x86
		{FCFA5512-AE2F-4BEF-B810-85D6A192E3E2}.Ad-Hoc|iPhoneSimulator.Build.0 = Release|x86
		{FCFA5512-AE2F-4BEF-B810-85D6A192E3E2}.Ad-Hoc|iPhoneSimulator.Deploy.0 = Release|x86
		{FCFA5512-AE2F-4BEF-B810-85D6A192E3E2}.Ad-Hoc|x64.ActiveCfg = Release|x64
		{FCFA5512-AE2F-4BEF-B810-85D6A192E3E2}.Ad-Hoc|x64.Build.0 = Release|x64
		{FCFA5512-AE2F-4BEF-B810-85D6A192E3E2}.Ad-Hoc|x64.Deploy.0 = Release|x64
		{FCFA5512-AE2F-4BEF-B810-85D6A192E3E2}.Ad-Hoc|x86.ActiveCfg = Release|x86
		{FCFA5512-AE2F-4BEF-B810-85D6A192E3E2}.Ad-Hoc|x86.Build.0 = Release|x86
		{FCFA5512-AE2F-4BEF-B810-85D6A192E3E2}.Ad-Hoc|x86.Deploy.0 = Release|x86
		{FCFA5512-AE2F-4BEF-B810-85D6A192E3E2}.AppStore|Any CPU.ActiveCfg = Release|x86
		{FCFA5512-AE2F-4BEF-B810-85D6A192E3E2}.AppStore|Any CPU.Build.0 = Release|x86
		{FCFA5512-AE2F-4BEF-B810-85D6A192E3E2}.AppStore|Any CPU.Deploy.0 = Release|x86
		{FCFA5512-AE2F-4BEF-B810-85D6A192E3E2}.AppStore|ARM.ActiveCfg = Release|ARM
		{FCFA5512-AE2F-4BEF-B810-85D6A192E3E2}.AppStore|ARM.Build.0 = Release|ARM
		{FCFA5512-AE2F-4BEF-B810-85D6A192E3E2}.AppStore|ARM.Deploy.0 = Release|ARM
		{FCFA5512-AE2F-4BEF-B810-85D6A192E3E2}.AppStore|iPhone.ActiveCfg = Release|x86
		{FCFA5512-AE2F-4BEF-B810-85D6A192E3E2}.AppStore|iPhone.Build.0 = Release|x86
		{FCFA5512-AE2F-4BEF-B810-85D6A192E3E2}.AppStore|iPhone.Deploy.0 = Release|x86
		{FCFA5512-AE2F-4BEF-B810-85D6A192E3E2}.AppStore|iPhoneSimulator.ActiveCfg = Release|x86
		{FCFA5512-AE2F-4BEF-B810-85D6A192E3E2}.AppStore|iPhoneSimulator.Build.0 = Release|x86
		{FCFA5512-AE2F-4BEF-B810-85D6A192E3E2}.AppStore|iPhoneSimulator.Deploy.0 = Release|x86
		{FCFA5512-AE2F-4BEF-B810-85D6A192E3E2}.AppStore|x64.ActiveCfg = Release|x64
		{FCFA5512-AE2F-4BEF-B810-85D6A192E3E2}.AppStore|x64.Build.0 = Release|x64
		{FCFA5512-AE2F-4BEF-B810-85D6A192E3E2}.AppStore|x64.Deploy.0 = Release|x64
		{FCFA5512-AE2F-4BEF-B810-85D6A192E3E2}.AppStore|x86.ActiveCfg = Release|x86
		{FCFA5512-AE2F-4BEF-B810-85D6A192E3E2}.AppStore|x86.Build.0 = Release|x86
		{FCFA5512-AE2F-4BEF-B810-85D6A192E3E2}.AppStore|x86.Deploy.0 = Release|x86
		{FCFA5512-AE2F-4BEF-B810-85D6A192E3E2}.Debug|Any CPU.ActiveCfg = Debug|x86
		{FCFA5512-AE2F-4BEF-B810-85D6A192E3E2}.Debug|Any CPU.Build.0 = Debug|x86
		{FCFA5512-AE2F-4BEF-B810-85D6A192E3E2}.Debug|Any CPU.Deploy.0 = Debug|x86
		{FCFA5512-AE2F-4BEF-B810-85D6A192E3E2}.Debug|ARM.ActiveCfg = Debug|ARM
		{FCFA5512-AE2F-4BEF-B810-85D6A192E3E2}.Debug|ARM.Build.0 = Debug|ARM
		{FCFA5512-AE2F-4BEF-B810-85D6A192E3E2}.Debug|ARM.Deploy.0 = Debug|ARM
		{FCFA5512-AE2F-4BEF-B810-85D6A192E3E2}.Debug|iPhone.ActiveCfg = Debug|x86
		{FCFA5512-AE2F-4BEF-B810-85D6A192E3E2}.Debug|iPhone.Build.0 = Debug|x86
		{FCFA5512-AE2F-4BEF-B810-85D6A192E3E2}.Debug|iPhone.Deploy.0 = Debug|x86
		{FCFA5512-AE2F-4BEF-B810-85D6A192E3E2}.Debug|iPhoneSimulator.ActiveCfg = Debug|x86
		{FCFA5512-AE2F-4BEF-B810-85D6A192E3E2}.Debug|iPhoneSimulator.Build.0 = Debug|x86
		{FCFA5512-AE2F-4BEF-B810-85D6A192E3E2}.Debug|iPhoneSimulator.Deploy.0 = Debug|x86
		{FCFA5512-AE2F-4BEF-B810-85D6A192E3E2}.Debug|x64.ActiveCfg = Debug|x64
		{FCFA5512-AE2F-4BEF-B810-85D6A192E3E2}.Debug|x64.Build.0 = Debug|x64
		{FCFA5512-AE2F-4BEF-B810-85D6A192E3E2}.Debug|x64.Deploy.0 = Debug|x64
		{FCFA5512-AE2F-4BEF-B810-85D6A192E3E2}.Debug|x86.ActiveCfg = Debug|x86
		{FCFA5512-AE2F-4BEF-B810-85D6A192E3E2}.Debug|x86.Build.0 = Debug|x86
		{FCFA5512-AE2F-4BEF-B810-85D6A192E3E2}.Debug|x86.Deploy.0 = Debug|x86
		{FCFA5512-AE2F-4BEF-B810-85D6A192E3E2}.Release|Any CPU.ActiveCfg = Release|x86
		{FCFA5512-AE2F-4BEF-B810-85D6A192E3E2}.Release|Any CPU.Build.0 = Release|x86
		{FCFA5512-AE2F-4BEF-B810-85D6A192E3E2}.Release|Any CPU.Deploy.0 = Release|x86
		{FCFA5512-AE2F-4BEF-B810-85D6A192E3E2}.Release|ARM.ActiveCfg = Release|ARM
		{FCFA5512-AE2F-4BEF-B810-85D6A192E3E2}.Release|ARM.Build.0 = Release|ARM
		{FCFA5512-AE2F-4BEF-B810-85D6A192E3E2}.Release|ARM.Deploy.0 = Release|ARM
		{FCFA5512-AE2F-4BEF-B810-85D6A192E3E2}.Release|iPhone.ActiveCfg = Release|x86
		{FCFA5512-AE2F-4BEF-B810-85D6A192E3E2}.Release|iPhone.Build.0 = Release|x86
		{FCFA5512-AE2F-4BEF-B810-85D6A192E3E2}.Release|iPhone.Deploy.0 = Release|x86
		{FCFA5512-AE2F-4BEF-B810-85D6A192E3E2}.Release|iPhoneSimulator.ActiveCfg = Release|x86
		{FCFA5512-AE2F-4BEF-B810-85D6A192E3E2}.Release|iPhoneSimulator.Build.0 = Release|x86
		{FCFA5512-AE2F-4BEF-B810-85D6A192E3E2}.Release|iPhoneSimulator.Deploy.0 = Release|x86
		{FCFA5512-AE2F-4BEF-B810-85D6A192E3E2}.Release|x64.ActiveCfg = Release|x64
		{FCFA5512-AE2F-4BEF-B810-85D6A192E3E2}.Release|x64.Build.0 = Release|x64
		{FCFA5512-AE2F-4BEF-B810-85D6A192E3E2}.Release|x64.Deploy.0 = Release|x64
		{FCFA5512-AE2F-4BEF-B810-85D6A192E3E2}.Release|x86.ActiveCfg = Release|x86
		{FCFA5512-AE2F-4BEF-B810-85D6A192E3E2}.Release|x86.Build.0 = Release|x86
		{FCFA5512-AE2F-4BEF-B810-85D6A192E3E2}.Release|x86.Deploy.0 = Release|x86
		{DCC13B46-A277-4CC9-A178-80505A6F145E}.Ad-Hoc|Any CPU.ActiveCfg = Debug|Any CPU
		{DCC13B46-A277-4CC9-A178-80505A6F145E}.Ad-Hoc|Any CPU.Build.0 = Debug|Any CPU
		{DCC13B46-A277-4CC9-A178-80505A6F145E}.Ad-Hoc|Any CPU.Deploy.0 = Debug|Any CPU
		{DCC13B46-A277-4CC9-A178-80505A6F145E}.Ad-Hoc|ARM.ActiveCfg = Debug|Any CPU
		{DCC13B46-A277-4CC9-A178-80505A6F145E}.Ad-Hoc|ARM.Build.0 = Debug|Any CPU
		{DCC13B46-A277-4CC9-A178-80505A6F145E}.Ad-Hoc|ARM.Deploy.0 = Debug|Any CPU
		{DCC13B46-A277-4CC9-A178-80505A6F145E}.Ad-Hoc|iPhone.ActiveCfg = Debug|Any CPU
		{DCC13B46-A277-4CC9-A178-80505A6F145E}.Ad-Hoc|iPhone.Build.0 = Debug|Any CPU
		{DCC13B46-A277-4CC9-A178-80505A6F145E}.Ad-Hoc|iPhone.Deploy.0 = Debug|Any CPU
		{DCC13B46-A277-4CC9-A178-80505A6F145E}.Ad-Hoc|iPhoneSimulator.ActiveCfg = Debug|Any CPU
		{DCC13B46-A277-4CC9-A178-80505A6F145E}.Ad-Hoc|iPhoneSimulator.Build.0 = Debug|Any CPU
		{DCC13B46-A277-4CC9-A178-80505A6F145E}.Ad-Hoc|iPhoneSimulator.Deploy.0 = Debug|Any CPU
		{DCC13B46-A277-4CC9-A178-80505A6F145E}.Ad-Hoc|x64.ActiveCfg = Debug|Any CPU
		{DCC13B46-A277-4CC9-A178-80505A6F145E}.Ad-Hoc|x64.Build.0 = Debug|Any CPU
		{DCC13B46-A277-4CC9-A178-80505A6F145E}.Ad-Hoc|x64.Deploy.0 = Debug|Any CPU
		{DCC13B46-A277-4CC9-A178-80505A6F145E}.Ad-Hoc|x86.ActiveCfg = Debug|Any CPU
		{DCC13B46-A277-4CC9-A178-80505A6F145E}.Ad-Hoc|x86.Build.0 = Debug|Any CPU
		{DCC13B46-A277-4CC9-A178-80505A6F145E}.Ad-Hoc|x86.Deploy.0 = Debug|Any CPU
		{DCC13B46-A277-4CC9-A178-80505A6F145E}.AppStore|Any CPU.ActiveCfg = Debug|Any CPU
		{DCC13B46-A277-4CC9-A178-80505A6F145E}.AppStore|Any CPU.Build.0 = Debug|Any CPU
		{DCC13B46-A277-4CC9-A178-80505A6F145E}.AppStore|Any CPU.Deploy.0 = Debug|Any CPU
		{DCC13B46-A277-4CC9-A178-80505A6F145E}.AppStore|ARM.ActiveCfg = Debug|Any CPU
		{DCC13B46-A277-4CC9-A178-80505A6F145E}.AppStore|ARM.Build.0 = Debug|Any CPU
		{DCC13B46-A277-4CC9-A178-80505A6F145E}.AppStore|ARM.Deploy.0 = Debug|Any CPU
		{DCC13B46-A277-4CC9-A178-80505A6F145E}.AppStore|iPhone.ActiveCfg = Debug|Any CPU
		{DCC13B46-A277-4CC9-A178-80505A6F145E}.AppStore|iPhone.Build.0 = Debug|Any CPU
		{DCC13B46-A277-4CC9-A178-80505A6F145E}.AppStore|iPhone.Deploy.0 = Debug|Any CPU
		{DCC13B46-A277-4CC9-A178-80505A6F145E}.AppStore|iPhoneSimulator.ActiveCfg = Debug|Any CPU
		{DCC13B46-A277-4CC9-A178-80505A6F145E}.AppStore|iPhoneSimulator.Build.0 = Debug|Any CPU
		{DCC13B46-A277-4CC9-A178-80505A6F145E}.AppStore|iPhoneSimulator.Deploy.0 = Debug|Any CPU
		{DCC13B46-A277-4CC9-A178-80505A6F145E}.AppStore|x64.ActiveCfg = Debug|Any CPU
		{DCC13B46-A277-4CC9-A178-80505A6F145E}.AppStore|x64.Build.0 = Debug|Any CPU
		{DCC13B46-A277-4CC9-A178-80505A6F145E}.AppStore|x64.Deploy.0 = Debug|Any CPU
		{DCC13B46-A277-4CC9-A178-80505A6F145E}.AppStore|x86.ActiveCfg = Debug|Any CPU
		{DCC13B46-A277-4CC9-A178-80505A6F145E}.AppStore|x86.Build.0 = Debug|Any CPU
		{DCC13B46-A277-4CC9-A178-80505A6F145E}.AppStore|x86.Deploy.0 = Debug|Any CPU
		{DCC13B46-A277-4CC9-A178-80505A6F145E}.Debug|Any CPU.ActiveCfg = Debug|Any CPU
		{DCC13B46-A277-4CC9-A178-80505A6F145E}.Debug|Any CPU.Build.0 = Debug|Any CPU
		{DCC13B46-A277-4CC9-A178-80505A6F145E}.Debug|Any CPU.Deploy.0 = Debug|Any CPU
		{DCC13B46-A277-4CC9-A178-80505A6F145E}.Debug|ARM.ActiveCfg = Debug|Any CPU
		{DCC13B46-A277-4CC9-A178-80505A6F145E}.Debug|ARM.Build.0 = Debug|Any CPU
		{DCC13B46-A277-4CC9-A178-80505A6F145E}.Debug|ARM.Deploy.0 = Debug|Any CPU
		{DCC13B46-A277-4CC9-A178-80505A6F145E}.Debug|iPhone.ActiveCfg = Debug|Any CPU
		{DCC13B46-A277-4CC9-A178-80505A6F145E}.Debug|iPhone.Build.0 = Debug|Any CPU
		{DCC13B46-A277-4CC9-A178-80505A6F145E}.Debug|iPhone.Deploy.0 = Debug|Any CPU
		{DCC13B46-A277-4CC9-A178-80505A6F145E}.Debug|iPhoneSimulator.ActiveCfg = Debug|Any CPU
		{DCC13B46-A277-4CC9-A178-80505A6F145E}.Debug|iPhoneSimulator.Build.0 = Debug|Any CPU
		{DCC13B46-A277-4CC9-A178-80505A6F145E}.Debug|iPhoneSimulator.Deploy.0 = Debug|Any CPU
		{DCC13B46-A277-4CC9-A178-80505A6F145E}.Debug|x64.ActiveCfg = Debug|Any CPU
		{DCC13B46-A277-4CC9-A178-80505A6F145E}.Debug|x64.Build.0 = Debug|Any CPU
		{DCC13B46-A277-4CC9-A178-80505A6F145E}.Debug|x64.Deploy.0 = Debug|Any CPU
		{DCC13B46-A277-4CC9-A178-80505A6F145E}.Debug|x86.ActiveCfg = Debug|Any CPU
		{DCC13B46-A277-4CC9-A178-80505A6F145E}.Debug|x86.Build.0 = Debug|Any CPU
		{DCC13B46-A277-4CC9-A178-80505A6F145E}.Debug|x86.Deploy.0 = Debug|Any CPU
		{DCC13B46-A277-4CC9-A178-80505A6F145E}.Release|Any CPU.ActiveCfg = Release|Any CPU
		{DCC13B46-A277-4CC9-A178-80505A6F145E}.Release|Any CPU.Build.0 = Release|Any CPU
		{DCC13B46-A277-4CC9-A178-80505A6F145E}.Release|Any CPU.Deploy.0 = Release|Any CPU
		{DCC13B46-A277-4CC9-A178-80505A6F145E}.Release|ARM.ActiveCfg = Release|Any CPU
		{DCC13B46-A277-4CC9-A178-80505A6F145E}.Release|ARM.Build.0 = Release|Any CPU
		{DCC13B46-A277-4CC9-A178-80505A6F145E}.Release|ARM.Deploy.0 = Release|Any CPU
		{DCC13B46-A277-4CC9-A178-80505A6F145E}.Release|iPhone.ActiveCfg = Release|Any CPU
		{DCC13B46-A277-4CC9-A178-80505A6F145E}.Release|iPhone.Build.0 = Release|Any CPU
		{DCC13B46-A277-4CC9-A178-80505A6F145E}.Release|iPhone.Deploy.0 = Release|Any CPU
		{DCC13B46-A277-4CC9-A178-80505A6F145E}.Release|iPhoneSimulator.ActiveCfg = Release|Any CPU
		{DCC13B46-A277-4CC9-A178-80505A6F145E}.Release|iPhoneSimulator.Build.0 = Release|Any CPU
		{DCC13B46-A277-4CC9-A178-80505A6F145E}.Release|iPhoneSimulator.Deploy.0 = Release|Any CPU
		{DCC13B46-A277-4CC9-A178-80505A6F145E}.Release|x64.ActiveCfg = Release|Any CPU
		{DCC13B46-A277-4CC9-A178-80505A6F145E}.Release|x64.Build.0 = Release|Any CPU
		{DCC13B46-A277-4CC9-A178-80505A6F145E}.Release|x64.Deploy.0 = Release|Any CPU
		{DCC13B46-A277-4CC9-A178-80505A6F145E}.Release|x86.ActiveCfg = Release|Any CPU
		{DCC13B46-A277-4CC9-A178-80505A6F145E}.Release|x86.Build.0 = Release|Any CPU
		{DCC13B46-A277-4CC9-A178-80505A6F145E}.Release|x86.Deploy.0 = Release|Any CPU
	EndGlobalSection
	GlobalSection(SolutionProperties) = preSolution
		HideSolutionNode = FALSE
	EndGlobalSection
	GlobalSection(ExtensibilityGlobals) = postSolution
		SolutionGuid = {C75C5987-9F77-4187-B862-9A03A2C723EA}
	EndGlobalSection
EndGlobal
