
Microsoft Visual Studio Solution File, Format Version 12.00
# Visual Studio 15
VisualStudioVersion = 15.0.28307.539
MinimumVisualStudioVersion = 10.0.40219.1
Project("{FAE04EC0-301F-11D3-BF4B-00C04F79EFBC}") = "Layoutcontainer.Android", "Layoutcontainer\Layoutcontainer.Android\Layoutcontainer.Android.csproj", "{40633D13-C87C-4C7F-9E46-4CFB359B0CEB}"
EndProject
Project("{FAE04EC0-301F-11D3-BF4B-00C04F79EFBC}") = "Layoutcontainer.iOS", "Layoutcontainer\Layoutcontainer.iOS\Layoutcontainer.iOS.csproj", "{CFAD3EB2-8D70-47B1-A717-B2181E5CA8E4}"
EndProject
Project("{FAE04EC0-301F-11D3-BF4B-00C04F79EFBC}") = "Layoutcontainer.UWP", "Layoutcontainer\Layoutcontainer.UWP\Layoutcontainer.UWP.csproj", "{F821349D-938A-42C7-9204-2EC7F996DC09}"
EndProject
Project("{FAE04EC0-301F-11D3-BF4B-00C04F79EFBC}") = "Layoutcontainer", "Layoutcontainer\Layoutcontainer\Layoutcontainer.csproj", "{05D12B8D-41C5-4D14-A135-4FFADED9B586}"
EndProject
Global
	GlobalSection(SolutionConfigurationPlatforms) = preSolution
		Ad-Hoc|Any CPU = Ad-Hoc|Any CPU
		Ad-Hoc|ARM = Ad-Hoc|ARM
		Ad-Hoc|iPhone = Ad-Hoc|iPhone
		Ad-Hoc|iPhoneSimulator = Ad-Hoc|iPhoneSimulator
		Ad-Hoc|x64 = Ad-Hoc|x64
		Ad-Hoc|x86 = Ad-Hoc|x86
		AppStore|Any CPU = AppStore|Any CPU
		AppStore|ARM = AppStore|ARM
		AppStore|iPhone = AppStore|iPhone
		AppStore|iPhoneSimulator = AppStore|iPhoneSimulator
		AppStore|x64 = AppStore|x64
		AppStore|x86 = AppStore|x86
		Debug|Any CPU = Debug|Any CPU
		Debug|ARM = Debug|ARM
		Debug|iPhone = Debug|iPhone
		Debug|iPhoneSimulator = Debug|iPhoneSimulator
		Debug|x64 = Debug|x64
		Debug|x86 = Debug|x86
		Release|Any CPU = Release|Any CPU
		Release|ARM = Release|ARM
		Release|iPhone = Release|iPhone
		Release|iPhoneSimulator = Release|iPhoneSimulator
		Release|x64 = Release|x64
		Release|x86 = Release|x86
	EndGlobalSection
	GlobalSection(ProjectConfigurationPlatforms) = postSolution
		{40633D13-C87C-4C7F-9E46-4CFB359B0CEB}.Ad-Hoc|Any CPU.ActiveCfg = Release|Any CPU
		{40633D13-C87C-4C7F-9E46-4CFB359B0CEB}.Ad-Hoc|Any CPU.Build.0 = Release|Any CPU
		{40633D13-C87C-4C7F-9E46-4CFB359B0CEB}.Ad-Hoc|Any CPU.Deploy.0 = Release|Any CPU
		{40633D13-C87C-4C7F-9E46-4CFB359B0CEB}.Ad-Hoc|ARM.ActiveCfg = Release|Any CPU
		{40633D13-C87C-4C7F-9E46-4CFB359B0CEB}.Ad-Hoc|ARM.Build.0 = Release|Any CPU
		{40633D13-C87C-4C7F-9E46-4CFB359B0CEB}.Ad-Hoc|ARM.Deploy.0 = Release|Any CPU
		{40633D13-C87C-4C7F-9E46-4CFB359B0CEB}.Ad-Hoc|iPhone.ActiveCfg = Release|Any CPU
		{40633D13-C87C-4C7F-9E46-4CFB359B0CEB}.Ad-Hoc|iPhone.Build.0 = Release|Any CPU
		{40633D13-C87C-4C7F-9E46-4CFB359B0CEB}.Ad-Hoc|iPhone.Deploy.0 = Release|Any CPU
		{40633D13-C87C-4C7F-9E46-4CFB359B0CEB}.Ad-Hoc|iPhoneSimulator.ActiveCfg = Release|Any CPU
		{40633D13-C87C-4C7F-9E46-4CFB359B0CEB}.Ad-Hoc|iPhoneSimulator.Build.0 = Release|Any CPU
		{40633D13-C87C-4C7F-9E46-4CFB359B0CEB}.Ad-Hoc|iPhoneSimulator.Deploy.0 = Release|Any CPU
		{40633D13-C87C-4C7F-9E46-4CFB359B0CEB}.Ad-Hoc|x64.ActiveCfg = Release|Any CPU
		{40633D13-C87C-4C7F-9E46-4CFB359B0CEB}.Ad-Hoc|x64.Build.0 = Release|Any CPU
		{40633D13-C87C-4C7F-9E46-4CFB359B0CEB}.Ad-Hoc|x64.Deploy.0 = Release|Any CPU
		{40633D13-C87C-4C7F-9E46-4CFB359B0CEB}.Ad-Hoc|x86.ActiveCfg = Release|Any CPU
		{40633D13-C87C-4C7F-9E46-4CFB359B0CEB}.Ad-Hoc|x86.Build.0 = Release|Any CPU
		{40633D13-C87C-4C7F-9E46-4CFB359B0CEB}.Ad-Hoc|x86.Deploy.0 = Release|Any CPU
		{40633D13-C87C-4C7F-9E46-4CFB359B0CEB}.AppStore|Any CPU.ActiveCfg = Release|Any CPU
		{40633D13-C87C-4C7F-9E46-4CFB359B0CEB}.AppStore|Any CPU.Build.0 = Release|Any CPU
		{40633D13-C87C-4C7F-9E46-4CFB359B0CEB}.AppStore|Any CPU.Deploy.0 = Release|Any CPU
		{40633D13-C87C-4C7F-9E46-4CFB359B0CEB}.AppStore|ARM.ActiveCfg = Release|Any CPU
		{40633D13-C87C-4C7F-9E46-4CFB359B0CEB}.AppStore|ARM.Build.0 = Release|Any CPU
		{40633D13-C87C-4C7F-9E46-4CFB359B0CEB}.AppStore|ARM.Deploy.0 = Release|Any CPU
		{40633D13-C87C-4C7F-9E46-4CFB359B0CEB}.AppStore|iPhone.ActiveCfg = Release|Any CPU
		{40633D13-C87C-4C7F-9E46-4CFB359B0CEB}.AppStore|iPhone.Build.0 = Release|Any CPU
		{40633D13-C87C-4C7F-9E46-4CFB359B0CEB}.AppStore|iPhone.Deploy.0 = Release|Any CPU
		{40633D13-C87C-4C7F-9E46-4CFB359B0CEB}.AppStore|iPhoneSimulator.ActiveCfg = Release|Any CPU
		{40633D13-C87C-4C7F-9E46-4CFB359B0CEB}.AppStore|iPhoneSimulator.Build.0 = Release|Any CPU
		{40633D13-C87C-4C7F-9E46-4CFB359B0CEB}.AppStore|iPhoneSimulator.Deploy.0 = Release|Any CPU
		{40633D13-C87C-4C7F-9E46-4CFB359B0CEB}.AppStore|x64.ActiveCfg = Release|Any CPU
		{40633D13-C87C-4C7F-9E46-4CFB359B0CEB}.AppStore|x64.Build.0 = Release|Any CPU
		{40633D13-C87C-4C7F-9E46-4CFB359B0CEB}.AppStore|x64.Deploy.0 = Release|Any CPU
		{40633D13-C87C-4C7F-9E46-4CFB359B0CEB}.AppStore|x86.ActiveCfg = Release|Any CPU
		{40633D13-C87C-4C7F-9E46-4CFB359B0CEB}.AppStore|x86.Build.0 = Release|Any CPU
		{40633D13-C87C-4C7F-9E46-4CFB359B0CEB}.AppStore|x86.Deploy.0 = Release|Any CPU
		{40633D13-C87C-4C7F-9E46-4CFB359B0CEB}.Debug|Any CPU.ActiveCfg = Debug|Any CPU
		{40633D13-C87C-4C7F-9E46-4CFB359B0CEB}.Debug|Any CPU.Build.0 = Debug|Any CPU
		{40633D13-C87C-4C7F-9E46-4CFB359B0CEB}.Debug|Any CPU.Deploy.0 = Debug|Any CPU
		{40633D13-C87C-4C7F-9E46-4CFB359B0CEB}.Debug|ARM.ActiveCfg = Debug|Any CPU
		{40633D13-C87C-4C7F-9E46-4CFB359B0CEB}.Debug|ARM.Build.0 = Debug|Any CPU
		{40633D13-C87C-4C7F-9E46-4CFB359B0CEB}.Debug|ARM.Deploy.0 = Debug|Any CPU
		{40633D13-C87C-4C7F-9E46-4CFB359B0CEB}.Debug|iPhone.ActiveCfg = Debug|Any CPU
		{40633D13-C87C-4C7F-9E46-4CFB359B0CEB}.Debug|iPhone.Build.0 = Debug|Any CPU
		{40633D13-C87C-4C7F-9E46-4CFB359B0CEB}.Debug|iPhone.Deploy.0 = Debug|Any CPU
		{40633D13-C87C-4C7F-9E46-4CFB359B0CEB}.Debug|iPhoneSimulator.ActiveCfg = Debug|Any CPU
		{40633D13-C87C-4C7F-9E46-4CFB359B0CEB}.Debug|iPhoneSimulator.Build.0 = Debug|Any CPU
		{40633D13-C87C-4C7F-9E46-4CFB359B0CEB}.Debug|iPhoneSimulator.Deploy.0 = Debug|Any CPU
		{40633D13-C87C-4C7F-9E46-4CFB359B0CEB}.Debug|x64.ActiveCfg = Debug|Any CPU
		{40633D13-C87C-4C7F-9E46-4CFB359B0CEB}.Debug|x64.Build.0 = Debug|Any CPU
		{40633D13-C87C-4C7F-9E46-4CFB359B0CEB}.Debug|x64.Deploy.0 = Debug|Any CPU
		{40633D13-C87C-4C7F-9E46-4CFB359B0CEB}.Debug|x86.ActiveCfg = Debug|Any CPU
		{40633D13-C87C-4C7F-9E46-4CFB359B0CEB}.Debug|x86.Build.0 = Debug|Any CPU
		{40633D13-C87C-4C7F-9E46-4CFB359B0CEB}.Debug|x86.Deploy.0 = Debug|Any CPU
		{40633D13-C87C-4C7F-9E46-4CFB359B0CEB}.Release|Any CPU.ActiveCfg = Release|Any CPU
		{40633D13-C87C-4C7F-9E46-4CFB359B0CEB}.Release|Any CPU.Build.0 = Release|Any CPU
		{40633D13-C87C-4C7F-9E46-4CFB359B0CEB}.Release|Any CPU.Deploy.0 = Release|Any CPU
		{40633D13-C87C-4C7F-9E46-4CFB359B0CEB}.Release|ARM.ActiveCfg = Release|Any CPU
		{40633D13-C87C-4C7F-9E46-4CFB359B0CEB}.Release|ARM.Build.0 = Release|Any CPU
		{40633D13-C87C-4C7F-9E46-4CFB359B0CEB}.Release|ARM.Deploy.0 = Release|Any CPU
		{40633D13-C87C-4C7F-9E46-4CFB359B0CEB}.Release|iPhone.ActiveCfg = Release|Any CPU
		{40633D13-C87C-4C7F-9E46-4CFB359B0CEB}.Release|iPhone.Build.0 = Release|Any CPU
		{40633D13-C87C-4C7F-9E46-4CFB359B0CEB}.Release|iPhone.Deploy.0 = Release|Any CPU
		{40633D13-C87C-4C7F-9E46-4CFB359B0CEB}.Release|iPhoneSimulator.ActiveCfg = Release|Any CPU
		{40633D13-C87C-4C7F-9E46-4CFB359B0CEB}.Release|iPhoneSimulator.Build.0 = Release|Any CPU
		{40633D13-C87C-4C7F-9E46-4CFB359B0CEB}.Release|iPhoneSimulator.Deploy.0 = Release|Any CPU
		{40633D13-C87C-4C7F-9E46-4CFB359B0CEB}.Release|x64.ActiveCfg = Release|Any CPU
		{40633D13-C87C-4C7F-9E46-4CFB359B0CEB}.Release|x64.Build.0 = Release|Any CPU
		{40633D13-C87C-4C7F-9E46-4CFB359B0CEB}.Release|x64.Deploy.0 = Release|Any CPU
		{40633D13-C87C-4C7F-9E46-4CFB359B0CEB}.Release|x86.ActiveCfg = Release|Any CPU
		{40633D13-C87C-4C7F-9E46-4CFB359B0CEB}.Release|x86.Build.0 = Release|Any CPU
		{40633D13-C87C-4C7F-9E46-4CFB359B0CEB}.Release|x86.Deploy.0 = Release|Any CPU
		{CFAD3EB2-8D70-47B1-A717-B2181E5CA8E4}.Ad-Hoc|Any CPU.ActiveCfg = Ad-Hoc|iPhone
		{CFAD3EB2-8D70-47B1-A717-B2181E5CA8E4}.Ad-Hoc|Any CPU.Build.0 = Ad-Hoc|iPhone
		{CFAD3EB2-8D70-47B1-A717-B2181E5CA8E4}.Ad-Hoc|Any CPU.Deploy.0 = Ad-Hoc|iPhone
		{CFAD3EB2-8D70-47B1-A717-B2181E5CA8E4}.Ad-Hoc|ARM.ActiveCfg = Ad-Hoc|iPhone
		{CFAD3EB2-8D70-47B1-A717-B2181E5CA8E4}.Ad-Hoc|ARM.Build.0 = Ad-Hoc|iPhone
		{CFAD3EB2-8D70-47B1-A717-B2181E5CA8E4}.Ad-Hoc|ARM.Deploy.0 = Ad-Hoc|iPhone
		{CFAD3EB2-8D70-47B1-A717-B2181E5CA8E4}.Ad-Hoc|iPhone.ActiveCfg = Ad-Hoc|iPhone
		{CFAD3EB2-8D70-47B1-A717-B2181E5CA8E4}.Ad-Hoc|iPhone.Build.0 = Ad-Hoc|iPhone
		{CFAD3EB2-8D70-47B1-A717-B2181E5CA8E4}.Ad-Hoc|iPhone.Deploy.0 = Ad-Hoc|iPhone
		{CFAD3EB2-8D70-47B1-A717-B2181E5CA8E4}.Ad-Hoc|iPhoneSimulator.ActiveCfg = Ad-Hoc|iPhoneSimulator
		{CFAD3EB2-8D70-47B1-A717-B2181E5CA8E4}.Ad-Hoc|iPhoneSimulator.Build.0 = Ad-Hoc|iPhoneSimulator
		{CFAD3EB2-8D70-47B1-A717-B2181E5CA8E4}.Ad-Hoc|iPhoneSimulator.Deploy.0 = Ad-Hoc|iPhoneSimulator
		{CFAD3EB2-8D70-47B1-A717-B2181E5CA8E4}.Ad-Hoc|x64.ActiveCfg = Ad-Hoc|iPhone
		{CFAD3EB2-8D70-47B1-A717-B2181E5CA8E4}.Ad-Hoc|x64.Build.0 = Ad-Hoc|iPhone
		{CFAD3EB2-8D70-47B1-A717-B2181E5CA8E4}.Ad-Hoc|x64.Deploy.0 = Ad-Hoc|iPhone
		{CFAD3EB2-8D70-47B1-A717-B2181E5CA8E4}.Ad-Hoc|x86.ActiveCfg = Ad-Hoc|iPhone
		{CFAD3EB2-8D70-47B1-A717-B2181E5CA8E4}.Ad-Hoc|x86.Build.0 = Ad-Hoc|iPhone
		{CFAD3EB2-8D70-47B1-A717-B2181E5CA8E4}.Ad-Hoc|x86.Deploy.0 = Ad-Hoc|iPhone
		{CFAD3EB2-8D70-47B1-A717-B2181E5CA8E4}.AppStore|Any CPU.ActiveCfg = AppStore|iPhone
		{CFAD3EB2-8D70-47B1-A717-B2181E5CA8E4}.AppStore|Any CPU.Build.0 = AppStore|iPhone
		{CFAD3EB2-8D70-47B1-A717-B2181E5CA8E4}.AppStore|Any CPU.Deploy.0 = AppStore|iPhone
		{CFAD3EB2-8D70-47B1-A717-B2181E5CA8E4}.AppStore|ARM.ActiveCfg = AppStore|iPhone
		{CFAD3EB2-8D70-47B1-A717-B2181E5CA8E4}.AppStore|ARM.Build.0 = AppStore|iPhone
		{CFAD3EB2-8D70-47B1-A717-B2181E5CA8E4}.AppStore|ARM.Deploy.0 = AppStore|iPhone
		{CFAD3EB2-8D70-47B1-A717-B2181E5CA8E4}.AppStore|iPhone.ActiveCfg = AppStore|iPhone
		{CFAD3EB2-8D70-47B1-A717-B2181E5CA8E4}.AppStore|iPhone.Build.0 = AppStore|iPhone
		{CFAD3EB2-8D70-47B1-A717-B2181E5CA8E4}.AppStore|iPhone.Deploy.0 = AppStore|iPhone
		{CFAD3EB2-8D70-47B1-A717-B2181E5CA8E4}.AppStore|iPhoneSimulator.ActiveCfg = AppStore|iPhoneSimulator
		{CFAD3EB2-8D70-47B1-A717-B2181E5CA8E4}.AppStore|iPhoneSimulator.Build.0 = AppStore|iPhoneSimulator
		{CFAD3EB2-8D70-47B1-A717-B2181E5CA8E4}.AppStore|iPhoneSimulator.Deploy.0 = AppStore|iPhoneSimulator
		{CFAD3EB2-8D70-47B1-A717-B2181E5CA8E4}.AppStore|x64.ActiveCfg = AppStore|iPhone
		{CFAD3EB2-8D70-47B1-A717-B2181E5CA8E4}.AppStore|x64.Build.0 = AppStore|iPhone
		{CFAD3EB2-8D70-47B1-A717-B2181E5CA8E4}.AppStore|x64.Deploy.0 = AppStore|iPhone
		{CFAD3EB2-8D70-47B1-A717-B2181E5CA8E4}.AppStore|x86.ActiveCfg = AppStore|iPhone
		{CFAD3EB2-8D70-47B1-A717-B2181E5CA8E4}.AppStore|x86.Build.0 = AppStore|iPhone
		{CFAD3EB2-8D70-47B1-A717-B2181E5CA8E4}.AppStore|x86.Deploy.0 = AppStore|iPhone
		{CFAD3EB2-8D70-47B1-A717-B2181E5CA8E4}.Debug|Any CPU.ActiveCfg = Debug|iPhoneSimulator
		{CFAD3EB2-8D70-47B1-A717-B2181E5CA8E4}.Debug|Any CPU.Build.0 = Debug|iPhoneSimulator
		{CFAD3EB2-8D70-47B1-A717-B2181E5CA8E4}.Debug|Any CPU.Deploy.0 = Debug|iPhoneSimulator
		{CFAD3EB2-8D70-47B1-A717-B2181E5CA8E4}.Debug|ARM.ActiveCfg = Debug|iPhone
		{CFAD3EB2-8D70-47B1-A717-B2181E5CA8E4}.Debug|ARM.Build.0 = Debug|iPhone
		{CFAD3EB2-8D70-47B1-A717-B2181E5CA8E4}.Debug|ARM.Deploy.0 = Debug|iPhone
		{CFAD3EB2-8D70-47B1-A717-B2181E5CA8E4}.Debug|iPhone.ActiveCfg = Debug|iPhone
		{CFAD3EB2-8D70-47B1-A717-B2181E5CA8E4}.Debug|iPhone.Build.0 = Debug|iPhone
		{CFAD3EB2-8D70-47B1-A717-B2181E5CA8E4}.Debug|iPhone.Deploy.0 = Debug|iPhone
		{CFAD3EB2-8D70-47B1-A717-B2181E5CA8E4}.Debug|iPhoneSimulator.ActiveCfg = Debug|iPhoneSimulator
		{CFAD3EB2-8D70-47B1-A717-B2181E5CA8E4}.Debug|iPhoneSimulator.Build.0 = Debug|iPhoneSimulator
		{CFAD3EB2-8D70-47B1-A717-B2181E5CA8E4}.Debug|iPhoneSimulator.Deploy.0 = Debug|iPhoneSimulator
		{CFAD3EB2-8D70-47B1-A717-B2181E5CA8E4}.Debug|x64.ActiveCfg = Debug|iPhone
		{CFAD3EB2-8D70-47B1-A717-B2181E5CA8E4}.Debug|x64.Build.0 = Debug|iPhone
		{CFAD3EB2-8D70-47B1-A717-B2181E5CA8E4}.Debug|x64.Deploy.0 = Debug|iPhone
		{CFAD3EB2-8D70-47B1-A717-B2181E5CA8E4}.Debug|x86.ActiveCfg = Debug|iPhone
		{CFAD3EB2-8D70-47B1-A717-B2181E5CA8E4}.Debug|x86.Build.0 = Debug|iPhone
		{CFAD3EB2-8D70-47B1-A717-B2181E5CA8E4}.Debug|x86.Deploy.0 = Debug|iPhone
		{CFAD3EB2-8D70-47B1-A717-B2181E5CA8E4}.Release|Any CPU.ActiveCfg = Release|iPhone
		{CFAD3EB2-8D70-47B1-A717-B2181E5CA8E4}.Release|Any CPU.Build.0 = Release|iPhone
		{CFAD3EB2-8D70-47B1-A717-B2181E5CA8E4}.Release|Any CPU.Deploy.0 = Release|iPhone
		{CFAD3EB2-8D70-47B1-A717-B2181E5CA8E4}.Release|ARM.ActiveCfg = Release|iPhone
		{CFAD3EB2-8D70-47B1-A717-B2181E5CA8E4}.Release|ARM.Build.0 = Release|iPhone
		{CFAD3EB2-8D70-47B1-A717-B2181E5CA8E4}.Release|ARM.Deploy.0 = Release|iPhone
		{CFAD3EB2-8D70-47B1-A717-B2181E5CA8E4}.Release|iPhone.ActiveCfg = Release|iPhone
		{CFAD3EB2-8D70-47B1-A717-B2181E5CA8E4}.Release|iPhone.Build.0 = Release|iPhone
		{CFAD3EB2-8D70-47B1-A717-B2181E5CA8E4}.Release|iPhone.Deploy.0 = Release|iPhone
		{CFAD3EB2-8D70-47B1-A717-B2181E5CA8E4}.Release|iPhoneSimulator.ActiveCfg = Release|iPhoneSimulator
		{CFAD3EB2-8D70-47B1-A717-B2181E5CA8E4}.Release|iPhoneSimulator.Build.0 = Release|iPhoneSimulator
		{CFAD3EB2-8D70-47B1-A717-B2181E5CA8E4}.Release|iPhoneSimulator.Deploy.0 = Release|iPhoneSimulator
		{CFAD3EB2-8D70-47B1-A717-B2181E5CA8E4}.Release|x64.ActiveCfg = Release|iPhone
		{CFAD3EB2-8D70-47B1-A717-B2181E5CA8E4}.Release|x64.Build.0 = Release|iPhone
		{CFAD3EB2-8D70-47B1-A717-B2181E5CA8E4}.Release|x64.Deploy.0 = Release|iPhone
		{CFAD3EB2-8D70-47B1-A717-B2181E5CA8E4}.Release|x86.ActiveCfg = Release|iPhone
		{CFAD3EB2-8D70-47B1-A717-B2181E5CA8E4}.Release|x86.Build.0 = Release|iPhone
		{CFAD3EB2-8D70-47B1-A717-B2181E5CA8E4}.Release|x86.Deploy.0 = Release|iPhone
		{F821349D-938A-42C7-9204-2EC7F996DC09}.Ad-Hoc|Any CPU.ActiveCfg = Release|x86
		{F821349D-938A-42C7-9204-2EC7F996DC09}.Ad-Hoc|Any CPU.Build.0 = Release|x86
		{F821349D-938A-42C7-9204-2EC7F996DC09}.Ad-Hoc|Any CPU.Deploy.0 = Release|x86
		{F821349D-938A-42C7-9204-2EC7F996DC09}.Ad-Hoc|ARM.ActiveCfg = Release|ARM
		{F821349D-938A-42C7-9204-2EC7F996DC09}.Ad-Hoc|ARM.Build.0 = Release|ARM
		{F821349D-938A-42C7-9204-2EC7F996DC09}.Ad-Hoc|ARM.Deploy.0 = Release|ARM
		{F821349D-938A-42C7-9204-2EC7F996DC09}.Ad-Hoc|iPhone.ActiveCfg = Release|x86
		{F821349D-938A-42C7-9204-2EC7F996DC09}.Ad-Hoc|iPhone.Build.0 = Release|x86
		{F821349D-938A-42C7-9204-2EC7F996DC09}.Ad-Hoc|iPhone.Deploy.0 = Release|x86
		{F821349D-938A-42C7-9204-2EC7F996DC09}.Ad-Hoc|iPhoneSimulator.ActiveCfg = Release|x86
		{F821349D-938A-42C7-9204-2EC7F996DC09}.Ad-Hoc|iPhoneSimulator.Build.0 = Release|x86
		{F821349D-938A-42C7-9204-2EC7F996DC09}.Ad-Hoc|iPhoneSimulator.Deploy.0 = Release|x86
		{F821349D-938A-42C7-9204-2EC7F996DC09}.Ad-Hoc|x64.ActiveCfg = Release|x64
		{F821349D-938A-42C7-9204-2EC7F996DC09}.Ad-Hoc|x64.Build.0 = Release|x64
		{F821349D-938A-42C7-9204-2EC7F996DC09}.Ad-Hoc|x64.Deploy.0 = Release|x64
		{F821349D-938A-42C7-9204-2EC7F996DC09}.Ad-Hoc|x86.ActiveCfg = Release|x86
		{F821349D-938A-42C7-9204-2EC7F996DC09}.Ad-Hoc|x86.Build.0 = Release|x86
		{F821349D-938A-42C7-9204-2EC7F996DC09}.Ad-Hoc|x86.Deploy.0 = Release|x86
		{F821349D-938A-42C7-9204-2EC7F996DC09}.AppStore|Any CPU.ActiveCfg = Release|x86
		{F821349D-938A-42C7-9204-2EC7F996DC09}.AppStore|Any CPU.Build.0 = Release|x86
		{F821349D-938A-42C7-9204-2EC7F996DC09}.AppStore|Any CPU.Deploy.0 = Release|x86
		{F821349D-938A-42C7-9204-2EC7F996DC09}.AppStore|ARM.ActiveCfg = Release|ARM
		{F821349D-938A-42C7-9204-2EC7F996DC09}.AppStore|ARM.Build.0 = Release|ARM
		{F821349D-938A-42C7-9204-2EC7F996DC09}.AppStore|ARM.Deploy.0 = Release|ARM
		{F821349D-938A-42C7-9204-2EC7F996DC09}.AppStore|iPhone.ActiveCfg = Release|x86
		{F821349D-938A-42C7-9204-2EC7F996DC09}.AppStore|iPhone.Build.0 = Release|x86
		{F821349D-938A-42C7-9204-2EC7F996DC09}.AppStore|iPhone.Deploy.0 = Release|x86
		{F821349D-938A-42C7-9204-2EC7F996DC09}.AppStore|iPhoneSimulator.ActiveCfg = Release|x86
		{F821349D-938A-42C7-9204-2EC7F996DC09}.AppStore|iPhoneSimulator.Build.0 = Release|x86
		{F821349D-938A-42C7-9204-2EC7F996DC09}.AppStore|iPhoneSimulator.Deploy.0 = Release|x86
		{F821349D-938A-42C7-9204-2EC7F996DC09}.AppStore|x64.ActiveCfg = Release|x64
		{F821349D-938A-42C7-9204-2EC7F996DC09}.AppStore|x64.Build.0 = Release|x64
		{F821349D-938A-42C7-9204-2EC7F996DC09}.AppStore|x64.Deploy.0 = Release|x64
		{F821349D-938A-42C7-9204-2EC7F996DC09}.AppStore|x86.ActiveCfg = Release|x86
		{F821349D-938A-42C7-9204-2EC7F996DC09}.AppStore|x86.Build.0 = Release|x86
		{F821349D-938A-42C7-9204-2EC7F996DC09}.AppStore|x86.Deploy.0 = Release|x86
		{F821349D-938A-42C7-9204-2EC7F996DC09}.Debug|Any CPU.ActiveCfg = Debug|x86
		{F821349D-938A-42C7-9204-2EC7F996DC09}.Debug|Any CPU.Build.0 = Debug|x86
		{F821349D-938A-42C7-9204-2EC7F996DC09}.Debug|Any CPU.Deploy.0 = Debug|x86
		{F821349D-938A-42C7-9204-2EC7F996DC09}.Debug|ARM.ActiveCfg = Debug|ARM
		{F821349D-938A-42C7-9204-2EC7F996DC09}.Debug|ARM.Build.0 = Debug|ARM
		{F821349D-938A-42C7-9204-2EC7F996DC09}.Debug|ARM.Deploy.0 = Debug|ARM
		{F821349D-938A-42C7-9204-2EC7F996DC09}.Debug|iPhone.ActiveCfg = Debug|x86
		{F821349D-938A-42C7-9204-2EC7F996DC09}.Debug|iPhone.Build.0 = Debug|x86
		{F821349D-938A-42C7-9204-2EC7F996DC09}.Debug|iPhone.Deploy.0 = Debug|x86
		{F821349D-938A-42C7-9204-2EC7F996DC09}.Debug|iPhoneSimulator.ActiveCfg = Debug|x86
		{F821349D-938A-42C7-9204-2EC7F996DC09}.Debug|iPhoneSimulator.Build.0 = Debug|x86
		{F821349D-938A-42C7-9204-2EC7F996DC09}.Debug|iPhoneSimulator.Deploy.0 = Debug|x86
		{F821349D-938A-42C7-9204-2EC7F996DC09}.Debug|x64.ActiveCfg = Debug|x64
		{F821349D-938A-42C7-9204-2EC7F996DC09}.Debug|x64.Build.0 = Debug|x64
		{F821349D-938A-42C7-9204-2EC7F996DC09}.Debug|x64.Deploy.0 = Debug|x64
		{F821349D-938A-42C7-9204-2EC7F996DC09}.Debug|x86.ActiveCfg = Debug|x86
		{F821349D-938A-42C7-9204-2EC7F996DC09}.Debug|x86.Build.0 = Debug|x86
		{F821349D-938A-42C7-9204-2EC7F996DC09}.Debug|x86.Deploy.0 = Debug|x86
		{F821349D-938A-42C7-9204-2EC7F996DC09}.Release|Any CPU.ActiveCfg = Release|x86
		{F821349D-938A-42C7-9204-2EC7F996DC09}.Release|Any CPU.Build.0 = Release|x86
		{F821349D-938A-42C7-9204-2EC7F996DC09}.Release|Any CPU.Deploy.0 = Release|x86
		{F821349D-938A-42C7-9204-2EC7F996DC09}.Release|ARM.ActiveCfg = Release|ARM
		{F821349D-938A-42C7-9204-2EC7F996DC09}.Release|ARM.Build.0 = Release|ARM
		{F821349D-938A-42C7-9204-2EC7F996DC09}.Release|ARM.Deploy.0 = Release|ARM
		{F821349D-938A-42C7-9204-2EC7F996DC09}.Release|iPhone.ActiveCfg = Release|x86
		{F821349D-938A-42C7-9204-2EC7F996DC09}.Release|iPhone.Build.0 = Release|x86
		{F821349D-938A-42C7-9204-2EC7F996DC09}.Release|iPhone.Deploy.0 = Release|x86
		{F821349D-938A-42C7-9204-2EC7F996DC09}.Release|iPhoneSimulator.ActiveCfg = Release|x86
		{F821349D-938A-42C7-9204-2EC7F996DC09}.Release|iPhoneSimulator.Build.0 = Release|x86
		{F821349D-938A-42C7-9204-2EC7F996DC09}.Release|iPhoneSimulator.Deploy.0 = Release|x86
		{F821349D-938A-42C7-9204-2EC7F996DC09}.Release|x64.ActiveCfg = Release|x64
		{F821349D-938A-42C7-9204-2EC7F996DC09}.Release|x64.Build.0 = Release|x64
		{F821349D-938A-42C7-9204-2EC7F996DC09}.Release|x64.Deploy.0 = Release|x64
		{F821349D-938A-42C7-9204-2EC7F996DC09}.Release|x86.ActiveCfg = Release|x86
		{F821349D-938A-42C7-9204-2EC7F996DC09}.Release|x86.Build.0 = Release|x86
		{F821349D-938A-42C7-9204-2EC7F996DC09}.Release|x86.Deploy.0 = Release|x86
		{05D12B8D-41C5-4D14-A135-4FFADED9B586}.Ad-Hoc|Any CPU.ActiveCfg = Debug|Any CPU
		{05D12B8D-41C5-4D14-A135-4FFADED9B586}.Ad-Hoc|Any CPU.Build.0 = Debug|Any CPU
		{05D12B8D-41C5-4D14-A135-4FFADED9B586}.Ad-Hoc|Any CPU.Deploy.0 = Debug|Any CPU
		{05D12B8D-41C5-4D14-A135-4FFADED9B586}.Ad-Hoc|ARM.ActiveCfg = Debug|Any CPU
		{05D12B8D-41C5-4D14-A135-4FFADED9B586}.Ad-Hoc|ARM.Build.0 = Debug|Any CPU
		{05D12B8D-41C5-4D14-A135-4FFADED9B586}.Ad-Hoc|ARM.Deploy.0 = Debug|Any CPU
		{05D12B8D-41C5-4D14-A135-4FFADED9B586}.Ad-Hoc|iPhone.ActiveCfg = Debug|Any CPU
		{05D12B8D-41C5-4D14-A135-4FFADED9B586}.Ad-Hoc|iPhone.Build.0 = Debug|Any CPU
		{05D12B8D-41C5-4D14-A135-4FFADED9B586}.Ad-Hoc|iPhone.Deploy.0 = Debug|Any CPU
		{05D12B8D-41C5-4D14-A135-4FFADED9B586}.Ad-Hoc|iPhoneSimulator.ActiveCfg = Debug|Any CPU
		{05D12B8D-41C5-4D14-A135-4FFADED9B586}.Ad-Hoc|iPhoneSimulator.Build.0 = Debug|Any CPU
		{05D12B8D-41C5-4D14-A135-4FFADED9B586}.Ad-Hoc|iPhoneSimulator.Deploy.0 = Debug|Any CPU
		{05D12B8D-41C5-4D14-A135-4FFADED9B586}.Ad-Hoc|x64.ActiveCfg = Debug|Any CPU
		{05D12B8D-41C5-4D14-A135-4FFADED9B586}.Ad-Hoc|x64.Build.0 = Debug|Any CPU
		{05D12B8D-41C5-4D14-A135-4FFADED9B586}.Ad-Hoc|x64.Deploy.0 = Debug|Any CPU
		{05D12B8D-41C5-4D14-A135-4FFADED9B586}.Ad-Hoc|x86.ActiveCfg = Debug|Any CPU
		{05D12B8D-41C5-4D14-A135-4FFADED9B586}.Ad-Hoc|x86.Build.0 = Debug|Any CPU
		{05D12B8D-41C5-4D14-A135-4FFADED9B586}.Ad-Hoc|x86.Deploy.0 = Debug|Any CPU
		{05D12B8D-41C5-4D14-A135-4FFADED9B586}.AppStore|Any CPU.ActiveCfg = Debug|Any CPU
		{05D12B8D-41C5-4D14-A135-4FFADED9B586}.AppStore|Any CPU.Build.0 = Debug|Any CPU
		{05D12B8D-41C5-4D14-A135-4FFADED9B586}.AppStore|Any CPU.Deploy.0 = Debug|Any CPU
		{05D12B8D-41C5-4D14-A135-4FFADED9B586}.AppStore|ARM.ActiveCfg = Debug|Any CPU
		{05D12B8D-41C5-4D14-A135-4FFADED9B586}.AppStore|ARM.Build.0 = Debug|Any CPU
		{05D12B8D-41C5-4D14-A135-4FFADED9B586}.AppStore|ARM.Deploy.0 = Debug|Any CPU
		{05D12B8D-41C5-4D14-A135-4FFADED9B586}.AppStore|iPhone.ActiveCfg = Debug|Any CPU
		{05D12B8D-41C5-4D14-A135-4FFADED9B586}.AppStore|iPhone.Build.0 = Debug|Any CPU
		{05D12B8D-41C5-4D14-A135-4FFADED9B586}.AppStore|iPhone.Deploy.0 = Debug|Any CPU
		{05D12B8D-41C5-4D14-A135-4FFADED9B586}.AppStore|iPhoneSimulator.ActiveCfg = Debug|Any CPU
		{05D12B8D-41C5-4D14-A135-4FFADED9B586}.AppStore|iPhoneSimulator.Build.0 = Debug|Any CPU
		{05D12B8D-41C5-4D14-A135-4FFADED9B586}.AppStore|iPhoneSimulator.Deploy.0 = Debug|Any CPU
		{05D12B8D-41C5-4D14-A135-4FFADED9B586}.AppStore|x64.ActiveCfg = Debug|Any CPU
		{05D12B8D-41C5-4D14-A135-4FFADED9B586}.AppStore|x64.Build.0 = Debug|Any CPU
		{05D12B8D-41C5-4D14-A135-4FFADED9B586}.AppStore|x64.Deploy.0 = Debug|Any CPU
		{05D12B8D-41C5-4D14-A135-4FFADED9B586}.AppStore|x86.ActiveCfg = Debug|Any CPU
		{05D12B8D-41C5-4D14-A135-4FFADED9B586}.AppStore|x86.Build.0 = Debug|Any CPU
		{05D12B8D-41C5-4D14-A135-4FFADED9B586}.AppStore|x86.Deploy.0 = Debug|Any CPU
		{05D12B8D-41C5-4D14-A135-4FFADED9B586}.Debug|Any CPU.ActiveCfg = Debug|Any CPU
		{05D12B8D-41C5-4D14-A135-4FFADED9B586}.Debug|Any CPU.Build.0 = Debug|Any CPU
		{05D12B8D-41C5-4D14-A135-4FFADED9B586}.Debug|Any CPU.Deploy.0 = Debug|Any CPU
		{05D12B8D-41C5-4D14-A135-4FFADED9B586}.Debug|ARM.ActiveCfg = Debug|Any CPU
		{05D12B8D-41C5-4D14-A135-4FFADED9B586}.Debug|ARM.Build.0 = Debug|Any CPU
		{05D12B8D-41C5-4D14-A135-4FFADED9B586}.Debug|ARM.Deploy.0 = Debug|Any CPU
		{05D12B8D-41C5-4D14-A135-4FFADED9B586}.Debug|iPhone.ActiveCfg = Debug|Any CPU
		{05D12B8D-41C5-4D14-A135-4FFADED9B586}.Debug|iPhone.Build.0 = Debug|Any CPU
		{05D12B8D-41C5-4D14-A135-4FFADED9B586}.Debug|iPhone.Deploy.0 = Debug|Any CPU
		{05D12B8D-41C5-4D14-A135-4FFADED9B586}.Debug|iPhoneSimulator.ActiveCfg = Debug|Any CPU
		{05D12B8D-41C5-4D14-A135-4FFADED9B586}.Debug|iPhoneSimulator.Build.0 = Debug|Any CPU
		{05D12B8D-41C5-4D14-A135-4FFADED9B586}.Debug|iPhoneSimulator.Deploy.0 = Debug|Any CPU
		{05D12B8D-41C5-4D14-A135-4FFADED9B586}.Debug|x64.ActiveCfg = Debug|Any CPU
		{05D12B8D-41C5-4D14-A135-4FFADED9B586}.Debug|x64.Build.0 = Debug|Any CPU
		{05D12B8D-41C5-4D14-A135-4FFADED9B586}.Debug|x64.Deploy.0 = Debug|Any CPU
		{05D12B8D-41C5-4D14-A135-4FFADED9B586}.Debug|x86.ActiveCfg = Debug|Any CPU
		{05D12B8D-41C5-4D14-A135-4FFADED9B586}.Debug|x86.Build.0 = Debug|Any CPU
		{05D12B8D-41C5-4D14-A135-4FFADED9B586}.Debug|x86.Deploy.0 = Debug|Any CPU
		{05D12B8D-41C5-4D14-A135-4FFADED9B586}.Release|Any CPU.ActiveCfg = Release|Any CPU
		{05D12B8D-41C5-4D14-A135-4FFADED9B586}.Release|Any CPU.Build.0 = Release|Any CPU
		{05D12B8D-41C5-4D14-A135-4FFADED9B586}.Release|Any CPU.Deploy.0 = Release|Any CPU
		{05D12B8D-41C5-4D14-A135-4FFADED9B586}.Release|ARM.ActiveCfg = Release|Any CPU
		{05D12B8D-41C5-4D14-A135-4FFADED9B586}.Release|ARM.Build.0 = Release|Any CPU
		{05D12B8D-41C5-4D14-A135-4FFADED9B586}.Release|ARM.Deploy.0 = Release|Any CPU
		{05D12B8D-41C5-4D14-A135-4FFADED9B586}.Release|iPhone.ActiveCfg = Release|Any CPU
		{05D12B8D-41C5-4D14-A135-4FFADED9B586}.Release|iPhone.Build.0 = Release|Any CPU
		{05D12B8D-41C5-4D14-A135-4FFADED9B586}.Release|iPhone.Deploy.0 = Release|Any CPU
		{05D12B8D-41C5-4D14-A135-4FFADED9B586}.Release|iPhoneSimulator.ActiveCfg = Release|Any CPU
		{05D12B8D-41C5-4D14-A135-4FFADED9B586}.Release|iPhoneSimulator.Build.0 = Release|Any CPU
		{05D12B8D-41C5-4D14-A135-4FFADED9B586}.Release|iPhoneSimulator.Deploy.0 = Release|Any CPU
		{05D12B8D-41C5-4D14-A135-4FFADED9B586}.Release|x64.ActiveCfg = Release|Any CPU
		{05D12B8D-41C5-4D14-A135-4FFADED9B586}.Release|x64.Build.0 = Release|Any CPU
		{05D12B8D-41C5-4D14-A135-4FFADED9B586}.Release|x64.Deploy.0 = Release|Any CPU
		{05D12B8D-41C5-4D14-A135-4FFADED9B586}.Release|x86.ActiveCfg = Release|Any CPU
		{05D12B8D-41C5-4D14-A135-4FFADED9B586}.Release|x86.Build.0 = Release|Any CPU
		{05D12B8D-41C5-4D14-A135-4FFADED9B586}.Release|x86.Deploy.0 = Release|Any CPU
	EndGlobalSection
	GlobalSection(SolutionProperties) = preSolution
		HideSolutionNode = FALSE
	EndGlobalSection
	GlobalSection(ExtensibilityGlobals) = postSolution
		SolutionGuid = {EF6C92BC-BFF1-47C0-AF1F-F2A18C31F7C4}
	EndGlobalSection
EndGlobal
