
Microsoft Visual Studio Solution File, Format Version 12.00
# Visual Studio 15
VisualStudioVersion = 15.0.28306.52
MinimumVisualStudioVersion = 10.0.40219.1
Project("{FAE04EC0-301F-11D3-BF4B-00C04F79EFBC}") = "Emotion.Android", "Emotion\Emotion.Android\Emotion.Android.csproj", "{892A25CF-284C-4747-8850-238EA9F6F31A}"
EndProject
Project("{FAE04EC0-301F-11D3-BF4B-00C04F79EFBC}") = "Emotion", "Emotion\Emotion\Emotion.csproj", "{96F2F84C-2EB9-4952-9743-6A6C28C6D0C4}"
EndProject
Global
	GlobalSection(SolutionConfigurationPlatforms) = preSolution
		Debug|Any CPU = Debug|Any CPU
		Release|Any CPU = Release|Any CPU
	EndGlobalSection
	GlobalSection(ProjectConfigurationPlatforms) = postSolution
		{892A25CF-284C-4747-8850-238EA9F6F31A}.Debug|Any CPU.ActiveCfg = Debug|Any CPU
		{892A25CF-284C-4747-8850-238EA9F6F31A}.Debug|Any CPU.Build.0 = Debug|Any CPU
		{892A25CF-284C-4747-8850-238EA9F6F31A}.Debug|Any CPU.Deploy.0 = Debug|Any CPU
		{892A25CF-284C-4747-8850-238EA9F6F31A}.Release|Any CPU.ActiveCfg = Release|Any CPU
		{892A25CF-284C-4747-8850-238EA9F6F31A}.Release|Any CPU.Build.0 = Release|Any CPU
		{892A25CF-284C-4747-8850-238EA9F6F31A}.Release|Any CPU.Deploy.0 = Release|Any CPU
		{96F2F84C-2EB9-4952-9743-6A6C28C6D0C4}.Debug|Any CPU.ActiveCfg = Debug|Any CPU
		{96F2F84C-2EB9-4952-9743-6A6C28C6D0C4}.Debug|Any CPU.Build.0 = Debug|Any CPU
		{96F2F84C-2EB9-4952-9743-6A6C28C6D0C4}.Debug|Any CPU.Deploy.0 = Debug|Any CPU
		{96F2F84C-2EB9-4952-9743-6A6C28C6D0C4}.Release|Any CPU.ActiveCfg = Release|Any CPU
		{96F2F84C-2EB9-4952-9743-6A6C28C6D0C4}.Release|Any CPU.Build.0 = Release|Any CPU
		{96F2F84C-2EB9-4952-9743-6A6C28C6D0C4}.Release|Any CPU.Deploy.0 = Release|Any CPU
	EndGlobalSection
	GlobalSection(SolutionProperties) = preSolution
		HideSolutionNode = FALSE
	EndGlobalSection
	GlobalSection(ExtensibilityGlobals) = postSolution
		SolutionGuid = {0D90B7F3-F547-4548-8EF3-C19F63B87C1A}
	EndGlobalSection
EndGlobal
