
Microsoft Visual Studio Solution File, Format Version 12.00
# Visual Studio 15
VisualStudioVersion = 15.0.28307.539
MinimumVisualStudioVersion = 10.0.40219.1
Project("{FAE04EC0-301F-11D3-BF4B-00C04F79EFBC}") = "MessagingCenter_Demo.Android", "MessagingCenter_Demo\MessagingCenter_Demo.Android\MessagingCenter_Demo.Android.csproj", "{A670A78E-9E82-4021-8698-1D87A77A7456}"
EndProject
Project("{FAE04EC0-301F-11D3-BF4B-00C04F79EFBC}") = "MessagingCenter_Demo.iOS", "MessagingCenter_Demo\MessagingCenter_Demo.iOS\MessagingCenter_Demo.iOS.csproj", "{1C776528-6C6F-4724-87F3-5F2525058325}"
EndProject
Project("{FAE04EC0-301F-11D3-BF4B-00C04F79EFBC}") = "MessagingCenter_Demo.UWP", "MessagingCenter_Demo\MessagingCenter_Demo.UWP\MessagingCenter_Demo.UWP.csproj", "{6A62C5D9-FF76-4A8A-BA7E-AF66F30A743F}"
EndProject
Project("{9A19103F-16F7-4668-BE54-9A1E7A4F7556}") = "MessagingCenter_Demo", "MessagingCenter_Demo\MessagingCenter_Demo\MessagingCenter_Demo.csproj", "{9CECE676-FDBB-4AA9-81F8-5BE488C84002}"
EndProject
Global
	GlobalSection(SolutionConfigurationPlatforms) = preSolution
		Ad-Hoc|Any CPU = Ad-Hoc|Any CPU
		Ad-Hoc|ARM = Ad-Hoc|ARM
		Ad-Hoc|iPhone = Ad-Hoc|iPhone
		Ad-Hoc|iPhoneSimulator = Ad-Hoc|iPhoneSimulator
		Ad-Hoc|x64 = Ad-Hoc|x64
		Ad-Hoc|x86 = Ad-Hoc|x86
		AppStore|Any CPU = AppStore|Any CPU
		AppStore|ARM = AppStore|ARM
		AppStore|iPhone = AppStore|iPhone
		AppStore|iPhoneSimulator = AppStore|iPhoneSimulator
		AppStore|x64 = AppStore|x64
		AppStore|x86 = AppStore|x86
		Debug|Any CPU = Debug|Any CPU
		Debug|ARM = Debug|ARM
		Debug|iPhone = Debug|iPhone
		Debug|iPhoneSimulator = Debug|iPhoneSimulator
		Debug|x64 = Debug|x64
		Debug|x86 = Debug|x86
		Release|Any CPU = Release|Any CPU
		Release|ARM = Release|ARM
		Release|iPhone = Release|iPhone
		Release|iPhoneSimulator = Release|iPhoneSimulator
		Release|x64 = Release|x64
		Release|x86 = Release|x86
	EndGlobalSection
	GlobalSection(ProjectConfigurationPlatforms) = postSolution
		{A670A78E-9E82-4021-8698-1D87A77A7456}.Ad-Hoc|Any CPU.ActiveCfg = Release|Any CPU
		{A670A78E-9E82-4021-8698-1D87A77A7456}.Ad-Hoc|Any CPU.Build.0 = Release|Any CPU
		{A670A78E-9E82-4021-8698-1D87A77A7456}.Ad-Hoc|Any CPU.Deploy.0 = Release|Any CPU
		{A670A78E-9E82-4021-8698-1D87A77A7456}.Ad-Hoc|ARM.ActiveCfg = Release|Any CPU
		{A670A78E-9E82-4021-8698-1D87A77A7456}.Ad-Hoc|ARM.Build.0 = Release|Any CPU
		{A670A78E-9E82-4021-8698-1D87A77A7456}.Ad-Hoc|ARM.Deploy.0 = Release|Any CPU
		{A670A78E-9E82-4021-8698-1D87A77A7456}.Ad-Hoc|iPhone.ActiveCfg = Release|Any CPU
		{A670A78E-9E82-4021-8698-1D87A77A7456}.Ad-Hoc|iPhone.Build.0 = Release|Any CPU
		{A670A78E-9E82-4021-8698-1D87A77A7456}.Ad-Hoc|iPhone.Deploy.0 = Release|Any CPU
		{A670A78E-9E82-4021-8698-1D87A77A7456}.Ad-Hoc|iPhoneSimulator.ActiveCfg = Release|Any CPU
		{A670A78E-9E82-4021-8698-1D87A77A7456}.Ad-Hoc|iPhoneSimulator.Build.0 = Release|Any CPU
		{A670A78E-9E82-4021-8698-1D87A77A7456}.Ad-Hoc|iPhoneSimulator.Deploy.0 = Release|Any CPU
		{A670A78E-9E82-4021-8698-1D87A77A7456}.Ad-Hoc|x64.ActiveCfg = Release|Any CPU
		{A670A78E-9E82-4021-8698-1D87A77A7456}.Ad-Hoc|x64.Build.0 = Release|Any CPU
		{A670A78E-9E82-4021-8698-1D87A77A7456}.Ad-Hoc|x64.Deploy.0 = Release|Any CPU
		{A670A78E-9E82-4021-8698-1D87A77A7456}.Ad-Hoc|x86.ActiveCfg = Release|Any CPU
		{A670A78E-9E82-4021-8698-1D87A77A7456}.Ad-Hoc|x86.Build.0 = Release|Any CPU
		{A670A78E-9E82-4021-8698-1D87A77A7456}.Ad-Hoc|x86.Deploy.0 = Release|Any CPU
		{A670A78E-9E82-4021-8698-1D87A77A7456}.AppStore|Any CPU.ActiveCfg = Release|Any CPU
		{A670A78E-9E82-4021-8698-1D87A77A7456}.AppStore|Any CPU.Build.0 = Release|Any CPU
		{A670A78E-9E82-4021-8698-1D87A77A7456}.AppStore|Any CPU.Deploy.0 = Release|Any CPU
		{A670A78E-9E82-4021-8698-1D87A77A7456}.AppStore|ARM.ActiveCfg = Release|Any CPU
		{A670A78E-9E82-4021-8698-1D87A77A7456}.AppStore|ARM.Build.0 = Release|Any CPU
		{A670A78E-9E82-4021-8698-1D87A77A7456}.AppStore|ARM.Deploy.0 = Release|Any CPU
		{A670A78E-9E82-4021-8698-1D87A77A7456}.AppStore|iPhone.ActiveCfg = Release|Any CPU
		{A670A78E-9E82-4021-8698-1D87A77A7456}.AppStore|iPhone.Build.0 = Release|Any CPU
		{A670A78E-9E82-4021-8698-1D87A77A7456}.AppStore|iPhone.Deploy.0 = Release|Any CPU
		{A670A78E-9E82-4021-8698-1D87A77A7456}.AppStore|iPhoneSimulator.ActiveCfg = Release|Any CPU
		{A670A78E-9E82-4021-8698-1D87A77A7456}.AppStore|iPhoneSimulator.Build.0 = Release|Any CPU
		{A670A78E-9E82-4021-8698-1D87A77A7456}.AppStore|iPhoneSimulator.Deploy.0 = Release|Any CPU
		{A670A78E-9E82-4021-8698-1D87A77A7456}.AppStore|x64.ActiveCfg = Release|Any CPU
		{A670A78E-9E82-4021-8698-1D87A77A7456}.AppStore|x64.Build.0 = Release|Any CPU
		{A670A78E-9E82-4021-8698-1D87A77A7456}.AppStore|x64.Deploy.0 = Release|Any CPU
		{A670A78E-9E82-4021-8698-1D87A77A7456}.AppStore|x86.ActiveCfg = Release|Any CPU
		{A670A78E-9E82-4021-8698-1D87A77A7456}.AppStore|x86.Build.0 = Release|Any CPU
		{A670A78E-9E82-4021-8698-1D87A77A7456}.AppStore|x86.Deploy.0 = Release|Any CPU
		{A670A78E-9E82-4021-8698-1D87A77A7456}.Debug|Any CPU.ActiveCfg = Debug|Any CPU
		{A670A78E-9E82-4021-8698-1D87A77A7456}.Debug|Any CPU.Build.0 = Debug|Any CPU
		{A670A78E-9E82-4021-8698-1D87A77A7456}.Debug|Any CPU.Deploy.0 = Debug|Any CPU
		{A670A78E-9E82-4021-8698-1D87A77A7456}.Debug|ARM.ActiveCfg = Debug|Any CPU
		{A670A78E-9E82-4021-8698-1D87A77A7456}.Debug|ARM.Build.0 = Debug|Any CPU
		{A670A78E-9E82-4021-8698-1D87A77A7456}.Debug|ARM.Deploy.0 = Debug|Any CPU
		{A670A78E-9E82-4021-8698-1D87A77A7456}.Debug|iPhone.ActiveCfg = Debug|Any CPU
		{A670A78E-9E82-4021-8698-1D87A77A7456}.Debug|iPhone.Build.0 = Debug|Any CPU
		{A670A78E-9E82-4021-8698-1D87A77A7456}.Debug|iPhone.Deploy.0 = Debug|Any CPU
		{A670A78E-9E82-4021-8698-1D87A77A7456}.Debug|iPhoneSimulator.ActiveCfg = Debug|Any CPU
		{A670A78E-9E82-4021-8698-1D87A77A7456}.Debug|iPhoneSimulator.Build.0 = Debug|Any CPU
		{A670A78E-9E82-4021-8698-1D87A77A7456}.Debug|iPhoneSimulator.Deploy.0 = Debug|Any CPU
		{A670A78E-9E82-4021-8698-1D87A77A7456}.Debug|x64.ActiveCfg = Debug|Any CPU
		{A670A78E-9E82-4021-8698-1D87A77A7456}.Debug|x64.Build.0 = Debug|Any CPU
		{A670A78E-9E82-4021-8698-1D87A77A7456}.Debug|x64.Deploy.0 = Debug|Any CPU
		{A670A78E-9E82-4021-8698-1D87A77A7456}.Debug|x86.ActiveCfg = Debug|Any CPU
		{A670A78E-9E82-4021-8698-1D87A77A7456}.Debug|x86.Build.0 = Debug|Any CPU
		{A670A78E-9E82-4021-8698-1D87A77A7456}.Debug|x86.Deploy.0 = Debug|Any CPU
		{A670A78E-9E82-4021-8698-1D87A77A7456}.Release|Any CPU.ActiveCfg = Release|Any CPU
		{A670A78E-9E82-4021-8698-1D87A77A7456}.Release|Any CPU.Build.0 = Release|Any CPU
		{A670A78E-9E82-4021-8698-1D87A77A7456}.Release|Any CPU.Deploy.0 = Release|Any CPU
		{A670A78E-9E82-4021-8698-1D87A77A7456}.Release|ARM.ActiveCfg = Release|Any CPU
		{A670A78E-9E82-4021-8698-1D87A77A7456}.Release|ARM.Build.0 = Release|Any CPU
		{A670A78E-9E82-4021-8698-1D87A77A7456}.Release|ARM.Deploy.0 = Release|Any CPU
		{A670A78E-9E82-4021-8698-1D87A77A7456}.Release|iPhone.ActiveCfg = Release|Any CPU
		{A670A78E-9E82-4021-8698-1D87A77A7456}.Release|iPhone.Build.0 = Release|Any CPU
		{A670A78E-9E82-4021-8698-1D87A77A7456}.Release|iPhone.Deploy.0 = Release|Any CPU
		{A670A78E-9E82-4021-8698-1D87A77A7456}.Release|iPhoneSimulator.ActiveCfg = Release|Any CPU
		{A670A78E-9E82-4021-8698-1D87A77A7456}.Release|iPhoneSimulator.Build.0 = Release|Any CPU
		{A670A78E-9E82-4021-8698-1D87A77A7456}.Release|iPhoneSimulator.Deploy.0 = Release|Any CPU
		{A670A78E-9E82-4021-8698-1D87A77A7456}.Release|x64.ActiveCfg = Release|Any CPU
		{A670A78E-9E82-4021-8698-1D87A77A7456}.Release|x64.Build.0 = Release|Any CPU
		{A670A78E-9E82-4021-8698-1D87A77A7456}.Release|x64.Deploy.0 = Release|Any CPU
		{A670A78E-9E82-4021-8698-1D87A77A7456}.Release|x86.ActiveCfg = Release|Any CPU
		{A670A78E-9E82-4021-8698-1D87A77A7456}.Release|x86.Build.0 = Release|Any CPU
		{A670A78E-9E82-4021-8698-1D87A77A7456}.Release|x86.Deploy.0 = Release|Any CPU
		{1C776528-6C6F-4724-87F3-5F2525058325}.Ad-Hoc|Any CPU.ActiveCfg = Ad-Hoc|iPhone
		{1C776528-6C6F-4724-87F3-5F2525058325}.Ad-Hoc|Any CPU.Build.0 = Ad-Hoc|iPhone
		{1C776528-6C6F-4724-87F3-5F2525058325}.Ad-Hoc|Any CPU.Deploy.0 = Ad-Hoc|iPhone
		{1C776528-6C6F-4724-87F3-5F2525058325}.Ad-Hoc|ARM.ActiveCfg = Ad-Hoc|iPhone
		{1C776528-6C6F-4724-87F3-5F2525058325}.Ad-Hoc|ARM.Build.0 = Ad-Hoc|iPhone
		{1C776528-6C6F-4724-87F3-5F2525058325}.Ad-Hoc|ARM.Deploy.0 = Ad-Hoc|iPhone
		{1C776528-6C6F-4724-87F3-5F2525058325}.Ad-Hoc|iPhone.ActiveCfg = Ad-Hoc|iPhone
		{1C776528-6C6F-4724-87F3-5F2525058325}.Ad-Hoc|iPhone.Build.0 = Ad-Hoc|iPhone
		{1C776528-6C6F-4724-87F3-5F2525058325}.Ad-Hoc|iPhone.Deploy.0 = Ad-Hoc|iPhone
		{1C776528-6C6F-4724-87F3-5F2525058325}.Ad-Hoc|iPhoneSimulator.ActiveCfg = Ad-Hoc|iPhoneSimulator
		{1C776528-6C6F-4724-87F3-5F2525058325}.Ad-Hoc|iPhoneSimulator.Build.0 = Ad-Hoc|iPhoneSimulator
		{1C776528-6C6F-4724-87F3-5F2525058325}.Ad-Hoc|iPhoneSimulator.Deploy.0 = Ad-Hoc|iPhoneSimulator
		{1C776528-6C6F-4724-87F3-5F2525058325}.Ad-Hoc|x64.ActiveCfg = Ad-Hoc|iPhone
		{1C776528-6C6F-4724-87F3-5F2525058325}.Ad-Hoc|x64.Build.0 = Ad-Hoc|iPhone
		{1C776528-6C6F-4724-87F3-5F2525058325}.Ad-Hoc|x64.Deploy.0 = Ad-Hoc|iPhone
		{1C776528-6C6F-4724-87F3-5F2525058325}.Ad-Hoc|x86.ActiveCfg = Ad-Hoc|iPhone
		{1C776528-6C6F-4724-87F3-5F2525058325}.Ad-Hoc|x86.Build.0 = Ad-Hoc|iPhone
		{1C776528-6C6F-4724-87F3-5F2525058325}.Ad-Hoc|x86.Deploy.0 = Ad-Hoc|iPhone
		{1C776528-6C6F-4724-87F3-5F2525058325}.AppStore|Any CPU.ActiveCfg = AppStore|iPhone
		{1C776528-6C6F-4724-87F3-5F2525058325}.AppStore|Any CPU.Build.0 = AppStore|iPhone
		{1C776528-6C6F-4724-87F3-5F2525058325}.AppStore|Any CPU.Deploy.0 = AppStore|iPhone
		{1C776528-6C6F-4724-87F3-5F2525058325}.AppStore|ARM.ActiveCfg = AppStore|iPhone
		{1C776528-6C6F-4724-87F3-5F2525058325}.AppStore|ARM.Build.0 = AppStore|iPhone
		{1C776528-6C6F-4724-87F3-5F2525058325}.AppStore|ARM.Deploy.0 = AppStore|iPhone
		{1C776528-6C6F-4724-87F3-5F2525058325}.AppStore|iPhone.ActiveCfg = AppStore|iPhone
		{1C776528-6C6F-4724-87F3-5F2525058325}.AppStore|iPhone.Build.0 = AppStore|iPhone
		{1C776528-6C6F-4724-87F3-5F2525058325}.AppStore|iPhone.Deploy.0 = AppStore|iPhone
		{1C776528-6C6F-4724-87F3-5F2525058325}.AppStore|iPhoneSimulator.ActiveCfg = AppStore|iPhoneSimulator
		{1C776528-6C6F-4724-87F3-5F2525058325}.AppStore|iPhoneSimulator.Build.0 = AppStore|iPhoneSimulator
		{1C776528-6C6F-4724-87F3-5F2525058325}.AppStore|iPhoneSimulator.Deploy.0 = AppStore|iPhoneSimulator
		{1C776528-6C6F-4724-87F3-5F2525058325}.AppStore|x64.ActiveCfg = AppStore|iPhone
		{1C776528-6C6F-4724-87F3-5F2525058325}.AppStore|x64.Build.0 = AppStore|iPhone
		{1C776528-6C6F-4724-87F3-5F2525058325}.AppStore|x64.Deploy.0 = AppStore|iPhone
		{1C776528-6C6F-4724-87F3-5F2525058325}.AppStore|x86.ActiveCfg = AppStore|iPhone
		{1C776528-6C6F-4724-87F3-5F2525058325}.AppStore|x86.Build.0 = AppStore|iPhone
		{1C776528-6C6F-4724-87F3-5F2525058325}.AppStore|x86.Deploy.0 = AppStore|iPhone
		{1C776528-6C6F-4724-87F3-5F2525058325}.Debug|Any CPU.ActiveCfg = Debug|iPhoneSimulator
		{1C776528-6C6F-4724-87F3-5F2525058325}.Debug|Any CPU.Build.0 = Debug|iPhoneSimulator
		{1C776528-6C6F-4724-87F3-5F2525058325}.Debug|Any CPU.Deploy.0 = Debug|iPhoneSimulator
		{1C776528-6C6F-4724-87F3-5F2525058325}.Debug|ARM.ActiveCfg = Debug|iPhone
		{1C776528-6C6F-4724-87F3-5F2525058325}.Debug|ARM.Build.0 = Debug|iPhone
		{1C776528-6C6F-4724-87F3-5F2525058325}.Debug|ARM.Deploy.0 = Debug|iPhone
		{1C776528-6C6F-4724-87F3-5F2525058325}.Debug|iPhone.ActiveCfg = Debug|iPhone
		{1C776528-6C6F-4724-87F3-5F2525058325}.Debug|iPhone.Build.0 = Debug|iPhone
		{1C776528-6C6F-4724-87F3-5F2525058325}.Debug|iPhone.Deploy.0 = Debug|iPhone
		{1C776528-6C6F-4724-87F3-5F2525058325}.Debug|iPhoneSimulator.ActiveCfg = Debug|iPhoneSimulator
		{1C776528-6C6F-4724-87F3-5F2525058325}.Debug|iPhoneSimulator.Build.0 = Debug|iPhoneSimulator
		{1C776528-6C6F-4724-87F3-5F2525058325}.Debug|iPhoneSimulator.Deploy.0 = Debug|iPhoneSimulator
		{1C776528-6C6F-4724-87F3-5F2525058325}.Debug|x64.ActiveCfg = Debug|iPhone
		{1C776528-6C6F-4724-87F3-5F2525058325}.Debug|x64.Build.0 = Debug|iPhone
		{1C776528-6C6F-4724-87F3-5F2525058325}.Debug|x64.Deploy.0 = Debug|iPhone
		{1C776528-6C6F-4724-87F3-5F2525058325}.Debug|x86.ActiveCfg = Debug|iPhone
		{1C776528-6C6F-4724-87F3-5F2525058325}.Debug|x86.Build.0 = Debug|iPhone
		{1C776528-6C6F-4724-87F3-5F2525058325}.Debug|x86.Deploy.0 = Debug|iPhone
		{1C776528-6C6F-4724-87F3-5F2525058325}.Release|Any CPU.ActiveCfg = Release|iPhone
		{1C776528-6C6F-4724-87F3-5F2525058325}.Release|Any CPU.Build.0 = Release|iPhone
		{1C776528-6C6F-4724-87F3-5F2525058325}.Release|Any CPU.Deploy.0 = Release|iPhone
		{1C776528-6C6F-4724-87F3-5F2525058325}.Release|ARM.ActiveCfg = Release|iPhone
		{1C776528-6C6F-4724-87F3-5F2525058325}.Release|ARM.Build.0 = Release|iPhone
		{1C776528-6C6F-4724-87F3-5F2525058325}.Release|ARM.Deploy.0 = Release|iPhone
		{1C776528-6C6F-4724-87F3-5F2525058325}.Release|iPhone.ActiveCfg = Release|iPhone
		{1C776528-6C6F-4724-87F3-5F2525058325}.Release|iPhone.Build.0 = Release|iPhone
		{1C776528-6C6F-4724-87F3-5F2525058325}.Release|iPhone.Deploy.0 = Release|iPhone
		{1C776528-6C6F-4724-87F3-5F2525058325}.Release|iPhoneSimulator.ActiveCfg = Release|iPhoneSimulator
		{1C776528-6C6F-4724-87F3-5F2525058325}.Release|iPhoneSimulator.Build.0 = Release|iPhoneSimulator
		{1C776528-6C6F-4724-87F3-5F2525058325}.Release|iPhoneSimulator.Deploy.0 = Release|iPhoneSimulator
		{1C776528-6C6F-4724-87F3-5F2525058325}.Release|x64.ActiveCfg = Release|iPhone
		{1C776528-6C6F-4724-87F3-5F2525058325}.Release|x64.Build.0 = Release|iPhone
		{1C776528-6C6F-4724-87F3-5F2525058325}.Release|x64.Deploy.0 = Release|iPhone
		{1C776528-6C6F-4724-87F3-5F2525058325}.Release|x86.ActiveCfg = Release|iPhone
		{1C776528-6C6F-4724-87F3-5F2525058325}.Release|x86.Build.0 = Release|iPhone
		{1C776528-6C6F-4724-87F3-5F2525058325}.Release|x86.Deploy.0 = Release|iPhone
		{6A62C5D9-FF76-4A8A-BA7E-AF66F30A743F}.Ad-Hoc|Any CPU.ActiveCfg = Release|x86
		{6A62C5D9-FF76-4A8A-BA7E-AF66F30A743F}.Ad-Hoc|Any CPU.Build.0 = Release|x86
		{6A62C5D9-FF76-4A8A-BA7E-AF66F30A743F}.Ad-Hoc|Any CPU.Deploy.0 = Release|x86
		{6A62C5D9-FF76-4A8A-BA7E-AF66F30A743F}.Ad-Hoc|ARM.ActiveCfg = Release|ARM
		{6A62C5D9-FF76-4A8A-BA7E-AF66F30A743F}.Ad-Hoc|ARM.Build.0 = Release|ARM
		{6A62C5D9-FF76-4A8A-BA7E-AF66F30A743F}.Ad-Hoc|ARM.Deploy.0 = Release|ARM
		{6A62C5D9-FF76-4A8A-BA7E-AF66F30A743F}.Ad-Hoc|iPhone.ActiveCfg = Release|x86
		{6A62C5D9-FF76-4A8A-BA7E-AF66F30A743F}.Ad-Hoc|iPhone.Build.0 = Release|x86
		{6A62C5D9-FF76-4A8A-BA7E-AF66F30A743F}.Ad-Hoc|iPhone.Deploy.0 = Release|x86
		{6A62C5D9-FF76-4A8A-BA7E-AF66F30A743F}.Ad-Hoc|iPhoneSimulator.ActiveCfg = Release|x86
		{6A62C5D9-FF76-4A8A-BA7E-AF66F30A743F}.Ad-Hoc|iPhoneSimulator.Build.0 = Release|x86
		{6A62C5D9-FF76-4A8A-BA7E-AF66F30A743F}.Ad-Hoc|iPhoneSimulator.Deploy.0 = Release|x86
		{6A62C5D9-FF76-4A8A-BA7E-AF66F30A743F}.Ad-Hoc|x64.ActiveCfg = Release|x64
		{6A62C5D9-FF76-4A8A-BA7E-AF66F30A743F}.Ad-Hoc|x64.Build.0 = Release|x64
		{6A62C5D9-FF76-4A8A-BA7E-AF66F30A743F}.Ad-Hoc|x64.Deploy.0 = Release|x64
		{6A62C5D9-FF76-4A8A-BA7E-AF66F30A743F}.Ad-Hoc|x86.ActiveCfg = Release|x86
		{6A62C5D9-FF76-4A8A-BA7E-AF66F30A743F}.Ad-Hoc|x86.Build.0 = Release|x86
		{6A62C5D9-FF76-4A8A-BA7E-AF66F30A743F}.Ad-Hoc|x86.Deploy.0 = Release|x86
		{6A62C5D9-FF76-4A8A-BA7E-AF66F30A743F}.AppStore|Any CPU.ActiveCfg = Release|x86
		{6A62C5D9-FF76-4A8A-BA7E-AF66F30A743F}.AppStore|Any CPU.Build.0 = Release|x86
		{6A62C5D9-FF76-4A8A-BA7E-AF66F30A743F}.AppStore|Any CPU.Deploy.0 = Release|x86
		{6A62C5D9-FF76-4A8A-BA7E-AF66F30A743F}.AppStore|ARM.ActiveCfg = Release|ARM
		{6A62C5D9-FF76-4A8A-BA7E-AF66F30A743F}.AppStore|ARM.Build.0 = Release|ARM
		{6A62C5D9-FF76-4A8A-BA7E-AF66F30A743F}.AppStore|ARM.Deploy.0 = Release|ARM
		{6A62C5D9-FF76-4A8A-BA7E-AF66F30A743F}.AppStore|iPhone.ActiveCfg = Release|x86
		{6A62C5D9-FF76-4A8A-BA7E-AF66F30A743F}.AppStore|iPhone.Build.0 = Release|x86
		{6A62C5D9-FF76-4A8A-BA7E-AF66F30A743F}.AppStore|iPhone.Deploy.0 = Release|x86
		{6A62C5D9-FF76-4A8A-BA7E-AF66F30A743F}.AppStore|iPhoneSimulator.ActiveCfg = Release|x86
		{6A62C5D9-FF76-4A8A-BA7E-AF66F30A743F}.AppStore|iPhoneSimulator.Build.0 = Release|x86
		{6A62C5D9-FF76-4A8A-BA7E-AF66F30A743F}.AppStore|iPhoneSimulator.Deploy.0 = Release|x86
		{6A62C5D9-FF76-4A8A-BA7E-AF66F30A743F}.AppStore|x64.ActiveCfg = Release|x64
		{6A62C5D9-FF76-4A8A-BA7E-AF66F30A743F}.AppStore|x64.Build.0 = Release|x64
		{6A62C5D9-FF76-4A8A-BA7E-AF66F30A743F}.AppStore|x64.Deploy.0 = Release|x64
		{6A62C5D9-FF76-4A8A-BA7E-AF66F30A743F}.AppStore|x86.ActiveCfg = Release|x86
		{6A62C5D9-FF76-4A8A-BA7E-AF66F30A743F}.AppStore|x86.Build.0 = Release|x86
		{6A62C5D9-FF76-4A8A-BA7E-AF66F30A743F}.AppStore|x86.Deploy.0 = Release|x86
		{6A62C5D9-FF76-4A8A-BA7E-AF66F30A743F}.Debug|Any CPU.ActiveCfg = Debug|x86
		{6A62C5D9-FF76-4A8A-BA7E-AF66F30A743F}.Debug|Any CPU.Build.0 = Debug|x86
		{6A62C5D9-FF76-4A8A-BA7E-AF66F30A743F}.Debug|Any CPU.Deploy.0 = Debug|x86
		{6A62C5D9-FF76-4A8A-BA7E-AF66F30A743F}.Debug|ARM.ActiveCfg = Debug|ARM
		{6A62C5D9-FF76-4A8A-BA7E-AF66F30A743F}.Debug|ARM.Build.0 = Debug|ARM
		{6A62C5D9-FF76-4A8A-BA7E-AF66F30A743F}.Debug|ARM.Deploy.0 = Debug|ARM
		{6A62C5D9-FF76-4A8A-BA7E-AF66F30A743F}.Debug|iPhone.ActiveCfg = Debug|x86
		{6A62C5D9-FF76-4A8A-BA7E-AF66F30A743F}.Debug|iPhone.Build.0 = Debug|x86
		{6A62C5D9-FF76-4A8A-BA7E-AF66F30A743F}.Debug|iPhone.Deploy.0 = Debug|x86
		{6A62C5D9-FF76-4A8A-BA7E-AF66F30A743F}.Debug|iPhoneSimulator.ActiveCfg = Debug|x86
		{6A62C5D9-FF76-4A8A-BA7E-AF66F30A743F}.Debug|iPhoneSimulator.Build.0 = Debug|x86
		{6A62C5D9-FF76-4A8A-BA7E-AF66F30A743F}.Debug|iPhoneSimulator.Deploy.0 = Debug|x86
		{6A62C5D9-FF76-4A8A-BA7E-AF66F30A743F}.Debug|x64.ActiveCfg = Debug|x64
		{6A62C5D9-FF76-4A8A-BA7E-AF66F30A743F}.Debug|x64.Build.0 = Debug|x64
		{6A62C5D9-FF76-4A8A-BA7E-AF66F30A743F}.Debug|x64.Deploy.0 = Debug|x64
		{6A62C5D9-FF76-4A8A-BA7E-AF66F30A743F}.Debug|x86.ActiveCfg = Debug|x86
		{6A62C5D9-FF76-4A8A-BA7E-AF66F30A743F}.Debug|x86.Build.0 = Debug|x86
		{6A62C5D9-FF76-4A8A-BA7E-AF66F30A743F}.Debug|x86.Deploy.0 = Debug|x86
		{6A62C5D9-FF76-4A8A-BA7E-AF66F30A743F}.Release|Any CPU.ActiveCfg = Release|x86
		{6A62C5D9-FF76-4A8A-BA7E-AF66F30A743F}.Release|Any CPU.Build.0 = Release|x86
		{6A62C5D9-FF76-4A8A-BA7E-AF66F30A743F}.Release|Any CPU.Deploy.0 = Release|x86
		{6A62C5D9-FF76-4A8A-BA7E-AF66F30A743F}.Release|ARM.ActiveCfg = Release|ARM
		{6A62C5D9-FF76-4A8A-BA7E-AF66F30A743F}.Release|ARM.Build.0 = Release|ARM
		{6A62C5D9-FF76-4A8A-BA7E-AF66F30A743F}.Release|ARM.Deploy.0 = Release|ARM
		{6A62C5D9-FF76-4A8A-BA7E-AF66F30A743F}.Release|iPhone.ActiveCfg = Release|x86
		{6A62C5D9-FF76-4A8A-BA7E-AF66F30A743F}.Release|iPhone.Build.0 = Release|x86
		{6A62C5D9-FF76-4A8A-BA7E-AF66F30A743F}.Release|iPhone.Deploy.0 = Release|x86
		{6A62C5D9-FF76-4A8A-BA7E-AF66F30A743F}.Release|iPhoneSimulator.ActiveCfg = Release|x86
		{6A62C5D9-FF76-4A8A-BA7E-AF66F30A743F}.Release|iPhoneSimulator.Build.0 = Release|x86
		{6A62C5D9-FF76-4A8A-BA7E-AF66F30A743F}.Release|iPhoneSimulator.Deploy.0 = Release|x86
		{6A62C5D9-FF76-4A8A-BA7E-AF66F30A743F}.Release|x64.ActiveCfg = Release|x64
		{6A62C5D9-FF76-4A8A-BA7E-AF66F30A743F}.Release|x64.Build.0 = Release|x64
		{6A62C5D9-FF76-4A8A-BA7E-AF66F30A743F}.Release|x64.Deploy.0 = Release|x64
		{6A62C5D9-FF76-4A8A-BA7E-AF66F30A743F}.Release|x86.ActiveCfg = Release|x86
		{6A62C5D9-FF76-4A8A-BA7E-AF66F30A743F}.Release|x86.Build.0 = Release|x86
		{6A62C5D9-FF76-4A8A-BA7E-AF66F30A743F}.Release|x86.Deploy.0 = Release|x86
		{9CECE676-FDBB-4AA9-81F8-5BE488C84002}.Ad-Hoc|Any CPU.ActiveCfg = Debug|Any CPU
		{9CECE676-FDBB-4AA9-81F8-5BE488C84002}.Ad-Hoc|Any CPU.Build.0 = Debug|Any CPU
		{9CECE676-FDBB-4AA9-81F8-5BE488C84002}.Ad-Hoc|Any CPU.Deploy.0 = Debug|Any CPU
		{9CECE676-FDBB-4AA9-81F8-5BE488C84002}.Ad-Hoc|ARM.ActiveCfg = Debug|Any CPU
		{9CECE676-FDBB-4AA9-81F8-5BE488C84002}.Ad-Hoc|ARM.Build.0 = Debug|Any CPU
		{9CECE676-FDBB-4AA9-81F8-5BE488C84002}.Ad-Hoc|ARM.Deploy.0 = Debug|Any CPU
		{9CECE676-FDBB-4AA9-81F8-5BE488C84002}.Ad-Hoc|iPhone.ActiveCfg = Debug|Any CPU
		{9CECE676-FDBB-4AA9-81F8-5BE488C84002}.Ad-Hoc|iPhone.Build.0 = Debug|Any CPU
		{9CECE676-FDBB-4AA9-81F8-5BE488C84002}.Ad-Hoc|iPhone.Deploy.0 = Debug|Any CPU
		{9CECE676-FDBB-4AA9-81F8-5BE488C84002}.Ad-Hoc|iPhoneSimulator.ActiveCfg = Debug|Any CPU
		{9CECE676-FDBB-4AA9-81F8-5BE488C84002}.Ad-Hoc|iPhoneSimulator.Build.0 = Debug|Any CPU
		{9CECE676-FDBB-4AA9-81F8-5BE488C84002}.Ad-Hoc|iPhoneSimulator.Deploy.0 = Debug|Any CPU
		{9CECE676-FDBB-4AA9-81F8-5BE488C84002}.Ad-Hoc|x64.ActiveCfg = Debug|Any CPU
		{9CECE676-FDBB-4AA9-81F8-5BE488C84002}.Ad-Hoc|x64.Build.0 = Debug|Any CPU
		{9CECE676-FDBB-4AA9-81F8-5BE488C84002}.Ad-Hoc|x64.Deploy.0 = Debug|Any CPU
		{9CECE676-FDBB-4AA9-81F8-5BE488C84002}.Ad-Hoc|x86.ActiveCfg = Debug|Any CPU
		{9CECE676-FDBB-4AA9-81F8-5BE488C84002}.Ad-Hoc|x86.Build.0 = Debug|Any CPU
		{9CECE676-FDBB-4AA9-81F8-5BE488C84002}.Ad-Hoc|x86.Deploy.0 = Debug|Any CPU
		{9CECE676-FDBB-4AA9-81F8-5BE488C84002}.AppStore|Any CPU.ActiveCfg = Debug|Any CPU
		{9CECE676-FDBB-4AA9-81F8-5BE488C84002}.AppStore|Any CPU.Build.0 = Debug|Any CPU
		{9CECE676-FDBB-4AA9-81F8-5BE488C84002}.AppStore|Any CPU.Deploy.0 = Debug|Any CPU
		{9CECE676-FDBB-4AA9-81F8-5BE488C84002}.AppStore|ARM.ActiveCfg = Debug|Any CPU
		{9CECE676-FDBB-4AA9-81F8-5BE488C84002}.AppStore|ARM.Build.0 = Debug|Any CPU
		{9CECE676-FDBB-4AA9-81F8-5BE488C84002}.AppStore|ARM.Deploy.0 = Debug|Any CPU
		{9CECE676-FDBB-4AA9-81F8-5BE488C84002}.AppStore|iPhone.ActiveCfg = Debug|Any CPU
		{9CECE676-FDBB-4AA9-81F8-5BE488C84002}.AppStore|iPhone.Build.0 = Debug|Any CPU
		{9CECE676-FDBB-4AA9-81F8-5BE488C84002}.AppStore|iPhone.Deploy.0 = Debug|Any CPU
		{9CECE676-FDBB-4AA9-81F8-5BE488C84002}.AppStore|iPhoneSimulator.ActiveCfg = Debug|Any CPU
		{9CECE676-FDBB-4AA9-81F8-5BE488C84002}.AppStore|iPhoneSimulator.Build.0 = Debug|Any CPU
		{9CECE676-FDBB-4AA9-81F8-5BE488C84002}.AppStore|iPhoneSimulator.Deploy.0 = Debug|Any CPU
		{9CECE676-FDBB-4AA9-81F8-5BE488C84002}.AppStore|x64.ActiveCfg = Debug|Any CPU
		{9CECE676-FDBB-4AA9-81F8-5BE488C84002}.AppStore|x64.Build.0 = Debug|Any CPU
		{9CECE676-FDBB-4AA9-81F8-5BE488C84002}.AppStore|x64.Deploy.0 = Debug|Any CPU
		{9CECE676-FDBB-4AA9-81F8-5BE488C84002}.AppStore|x86.ActiveCfg = Debug|Any CPU
		{9CECE676-FDBB-4AA9-81F8-5BE488C84002}.AppStore|x86.Build.0 = Debug|Any CPU
		{9CECE676-FDBB-4AA9-81F8-5BE488C84002}.AppStore|x86.Deploy.0 = Debug|Any CPU
		{9CECE676-FDBB-4AA9-81F8-5BE488C84002}.Debug|Any CPU.ActiveCfg = Debug|Any CPU
		{9CECE676-FDBB-4AA9-81F8-5BE488C84002}.Debug|Any CPU.Build.0 = Debug|Any CPU
		{9CECE676-FDBB-4AA9-81F8-5BE488C84002}.Debug|Any CPU.Deploy.0 = Debug|Any CPU
		{9CECE676-FDBB-4AA9-81F8-5BE488C84002}.Debug|ARM.ActiveCfg = Debug|Any CPU
		{9CECE676-FDBB-4AA9-81F8-5BE488C84002}.Debug|ARM.Build.0 = Debug|Any CPU
		{9CECE676-FDBB-4AA9-81F8-5BE488C84002}.Debug|ARM.Deploy.0 = Debug|Any CPU
		{9CECE676-FDBB-4AA9-81F8-5BE488C84002}.Debug|iPhone.ActiveCfg = Debug|Any CPU
		{9CECE676-FDBB-4AA9-81F8-5BE488C84002}.Debug|iPhone.Build.0 = Debug|Any CPU
		{9CECE676-FDBB-4AA9-81F8-5BE488C84002}.Debug|iPhone.Deploy.0 = Debug|Any CPU
		{9CECE676-FDBB-4AA9-81F8-5BE488C84002}.Debug|iPhoneSimulator.ActiveCfg = Debug|Any CPU
		{9CECE676-FDBB-4AA9-81F8-5BE488C84002}.Debug|iPhoneSimulator.Build.0 = Debug|Any CPU
		{9CECE676-FDBB-4AA9-81F8-5BE488C84002}.Debug|iPhoneSimulator.Deploy.0 = Debug|Any CPU
		{9CECE676-FDBB-4AA9-81F8-5BE488C84002}.Debug|x64.ActiveCfg = Debug|Any CPU
		{9CECE676-FDBB-4AA9-81F8-5BE488C84002}.Debug|x64.Build.0 = Debug|Any CPU
		{9CECE676-FDBB-4AA9-81F8-5BE488C84002}.Debug|x64.Deploy.0 = Debug|Any CPU
		{9CECE676-FDBB-4AA9-81F8-5BE488C84002}.Debug|x86.ActiveCfg = Debug|Any CPU
		{9CECE676-FDBB-4AA9-81F8-5BE488C84002}.Debug|x86.Build.0 = Debug|Any CPU
		{9CECE676-FDBB-4AA9-81F8-5BE488C84002}.Debug|x86.Deploy.0 = Debug|Any CPU
		{9CECE676-FDBB-4AA9-81F8-5BE488C84002}.Release|Any CPU.ActiveCfg = Release|Any CPU
		{9CECE676-FDBB-4AA9-81F8-5BE488C84002}.Release|Any CPU.Build.0 = Release|Any CPU
		{9CECE676-FDBB-4AA9-81F8-5BE488C84002}.Release|Any CPU.Deploy.0 = Release|Any CPU
		{9CECE676-FDBB-4AA9-81F8-5BE488C84002}.Release|ARM.ActiveCfg = Release|Any CPU
		{9CECE676-FDBB-4AA9-81F8-5BE488C84002}.Release|ARM.Build.0 = Release|Any CPU
		{9CECE676-FDBB-4AA9-81F8-5BE488C84002}.Release|ARM.Deploy.0 = Release|Any CPU
		{9CECE676-FDBB-4AA9-81F8-5BE488C84002}.Release|iPhone.ActiveCfg = Release|Any CPU
		{9CECE676-FDBB-4AA9-81F8-5BE488C84002}.Release|iPhone.Build.0 = Release|Any CPU
		{9CECE676-FDBB-4AA9-81F8-5BE488C84002}.Release|iPhone.Deploy.0 = Release|Any CPU
		{9CECE676-FDBB-4AA9-81F8-5BE488C84002}.Release|iPhoneSimulator.ActiveCfg = Release|Any CPU
		{9CECE676-FDBB-4AA9-81F8-5BE488C84002}.Release|iPhoneSimulator.Build.0 = Release|Any CPU
		{9CECE676-FDBB-4AA9-81F8-5BE488C84002}.Release|iPhoneSimulator.Deploy.0 = Release|Any CPU
		{9CECE676-FDBB-4AA9-81F8-5BE488C84002}.Release|x64.ActiveCfg = Release|Any CPU
		{9CECE676-FDBB-4AA9-81F8-5BE488C84002}.Release|x64.Build.0 = Release|Any CPU
		{9CECE676-FDBB-4AA9-81F8-5BE488C84002}.Release|x64.Deploy.0 = Release|Any CPU
		{9CECE676-FDBB-4AA9-81F8-5BE488C84002}.Release|x86.ActiveCfg = Release|Any CPU
		{9CECE676-FDBB-4AA9-81F8-5BE488C84002}.Release|x86.Build.0 = Release|Any CPU
		{9CECE676-FDBB-4AA9-81F8-5BE488C84002}.Release|x86.Deploy.0 = Release|Any CPU
	EndGlobalSection
	GlobalSection(SolutionProperties) = preSolution
		HideSolutionNode = FALSE
	EndGlobalSection
	GlobalSection(ExtensibilityGlobals) = postSolution
		SolutionGuid = {B8698734-7807-4525-AB19-1FB189D8F1DD}
	EndGlobalSection
EndGlobal
