
Microsoft Visual Studio Solution File, Format Version 12.00
# Visual Studio 15
VisualStudioVersion = 15.0.28307.539
MinimumVisualStudioVersion = 10.0.40219.1
Project("{FAE04EC0-301F-11D3-BF4B-00C04F79EFBC}") = "MyVisionSoftWCF.Android", "MyVisionSoftWCF\MyVisionSoftWCF.Android\MyVisionSoftWCF.Android.csproj", "{274FAD2A-CA02-4F70-959C-F6BF530B62BE}"
EndProject
Project("{FAE04EC0-301F-11D3-BF4B-00C04F79EFBC}") = "MyVisionSoftWCF.iOS", "MyVisionSoftWCF\MyVisionSoftWCF.iOS\MyVisionSoftWCF.iOS.csproj", "{3D4EF870-0066-4EE2-B050-3D6608FC4827}"
EndProject
Project("{FAE04EC0-301F-11D3-BF4B-00C04F79EFBC}") = "MyVisionSoftWCF.UWP", "MyVisionSoftWCF\MyVisionSoftWCF.UWP\MyVisionSoftWCF.UWP.csproj", "{68E3B067-7AF8-449F-8F0A-5DBFDD6BD2CF}"
EndProject
Project("{FAE04EC0-301F-11D3-BF4B-00C04F79EFBC}") = "MyVisionSoftWCF", "MyVisionSoftWCF\MyVisionSoftWCF\MyVisionSoftWCF.csproj", "{2FD50558-204D-4B68-929E-FD5692E6EE79}"
EndProject
Global
	GlobalSection(SolutionConfigurationPlatforms) = preSolution
		Ad-Hoc|Any CPU = Ad-Hoc|Any CPU
		Ad-Hoc|ARM = Ad-Hoc|ARM
		Ad-Hoc|iPhone = Ad-Hoc|iPhone
		Ad-Hoc|iPhoneSimulator = Ad-Hoc|iPhoneSimulator
		Ad-Hoc|x64 = Ad-Hoc|x64
		Ad-Hoc|x86 = Ad-Hoc|x86
		AppStore|Any CPU = AppStore|Any CPU
		AppStore|ARM = AppStore|ARM
		AppStore|iPhone = AppStore|iPhone
		AppStore|iPhoneSimulator = AppStore|iPhoneSimulator
		AppStore|x64 = AppStore|x64
		AppStore|x86 = AppStore|x86
		Debug|Any CPU = Debug|Any CPU
		Debug|ARM = Debug|ARM
		Debug|iPhone = Debug|iPhone
		Debug|iPhoneSimulator = Debug|iPhoneSimulator
		Debug|x64 = Debug|x64
		Debug|x86 = Debug|x86
		Release|Any CPU = Release|Any CPU
		Release|ARM = Release|ARM
		Release|iPhone = Release|iPhone
		Release|iPhoneSimulator = Release|iPhoneSimulator
		Release|x64 = Release|x64
		Release|x86 = Release|x86
	EndGlobalSection
	GlobalSection(ProjectConfigurationPlatforms) = postSolution
		{274FAD2A-CA02-4F70-959C-F6BF530B62BE}.Ad-Hoc|Any CPU.ActiveCfg = Release|Any CPU
		{274FAD2A-CA02-4F70-959C-F6BF530B62BE}.Ad-Hoc|Any CPU.Build.0 = Release|Any CPU
		{274FAD2A-CA02-4F70-959C-F6BF530B62BE}.Ad-Hoc|Any CPU.Deploy.0 = Release|Any CPU
		{274FAD2A-CA02-4F70-959C-F6BF530B62BE}.Ad-Hoc|ARM.ActiveCfg = Release|Any CPU
		{274FAD2A-CA02-4F70-959C-F6BF530B62BE}.Ad-Hoc|ARM.Build.0 = Release|Any CPU
		{274FAD2A-CA02-4F70-959C-F6BF530B62BE}.Ad-Hoc|ARM.Deploy.0 = Release|Any CPU
		{274FAD2A-CA02-4F70-959C-F6BF530B62BE}.Ad-Hoc|iPhone.ActiveCfg = Release|Any CPU
		{274FAD2A-CA02-4F70-959C-F6BF530B62BE}.Ad-Hoc|iPhone.Build.0 = Release|Any CPU
		{274FAD2A-CA02-4F70-959C-F6BF530B62BE}.Ad-Hoc|iPhone.Deploy.0 = Release|Any CPU
		{274FAD2A-CA02-4F70-959C-F6BF530B62BE}.Ad-Hoc|iPhoneSimulator.ActiveCfg = Release|Any CPU
		{274FAD2A-CA02-4F70-959C-F6BF530B62BE}.Ad-Hoc|iPhoneSimulator.Build.0 = Release|Any CPU
		{274FAD2A-CA02-4F70-959C-F6BF530B62BE}.Ad-Hoc|iPhoneSimulator.Deploy.0 = Release|Any CPU
		{274FAD2A-CA02-4F70-959C-F6BF530B62BE}.Ad-Hoc|x64.ActiveCfg = Release|Any CPU
		{274FAD2A-CA02-4F70-959C-F6BF530B62BE}.Ad-Hoc|x64.Build.0 = Release|Any CPU
		{274FAD2A-CA02-4F70-959C-F6BF530B62BE}.Ad-Hoc|x64.Deploy.0 = Release|Any CPU
		{274FAD2A-CA02-4F70-959C-F6BF530B62BE}.Ad-Hoc|x86.ActiveCfg = Release|Any CPU
		{274FAD2A-CA02-4F70-959C-F6BF530B62BE}.Ad-Hoc|x86.Build.0 = Release|Any CPU
		{274FAD2A-CA02-4F70-959C-F6BF530B62BE}.Ad-Hoc|x86.Deploy.0 = Release|Any CPU
		{274FAD2A-CA02-4F70-959C-F6BF530B62BE}.AppStore|Any CPU.ActiveCfg = Release|Any CPU
		{274FAD2A-CA02-4F70-959C-F6BF530B62BE}.AppStore|Any CPU.Build.0 = Release|Any CPU
		{274FAD2A-CA02-4F70-959C-F6BF530B62BE}.AppStore|Any CPU.Deploy.0 = Release|Any CPU
		{274FAD2A-CA02-4F70-959C-F6BF530B62BE}.AppStore|ARM.ActiveCfg = Release|Any CPU
		{274FAD2A-CA02-4F70-959C-F6BF530B62BE}.AppStore|ARM.Build.0 = Release|Any CPU
		{274FAD2A-CA02-4F70-959C-F6BF530B62BE}.AppStore|ARM.Deploy.0 = Release|Any CPU
		{274FAD2A-CA02-4F70-959C-F6BF530B62BE}.AppStore|iPhone.ActiveCfg = Release|Any CPU
		{274FAD2A-CA02-4F70-959C-F6BF530B62BE}.AppStore|iPhone.Build.0 = Release|Any CPU
		{274FAD2A-CA02-4F70-959C-F6BF530B62BE}.AppStore|iPhone.Deploy.0 = Release|Any CPU
		{274FAD2A-CA02-4F70-959C-F6BF530B62BE}.AppStore|iPhoneSimulator.ActiveCfg = Release|Any CPU
		{274FAD2A-CA02-4F70-959C-F6BF530B62BE}.AppStore|iPhoneSimulator.Build.0 = Release|Any CPU
		{274FAD2A-CA02-4F70-959C-F6BF530B62BE}.AppStore|iPhoneSimulator.Deploy.0 = Release|Any CPU
		{274FAD2A-CA02-4F70-959C-F6BF530B62BE}.AppStore|x64.ActiveCfg = Release|Any CPU
		{274FAD2A-CA02-4F70-959C-F6BF530B62BE}.AppStore|x64.Build.0 = Release|Any CPU
		{274FAD2A-CA02-4F70-959C-F6BF530B62BE}.AppStore|x64.Deploy.0 = Release|Any CPU
		{274FAD2A-CA02-4F70-959C-F6BF530B62BE}.AppStore|x86.ActiveCfg = Release|Any CPU
		{274FAD2A-CA02-4F70-959C-F6BF530B62BE}.AppStore|x86.Build.0 = Release|Any CPU
		{274FAD2A-CA02-4F70-959C-F6BF530B62BE}.AppStore|x86.Deploy.0 = Release|Any CPU
		{274FAD2A-CA02-4F70-959C-F6BF530B62BE}.Debug|Any CPU.ActiveCfg = Debug|Any CPU
		{274FAD2A-CA02-4F70-959C-F6BF530B62BE}.Debug|Any CPU.Build.0 = Debug|Any CPU
		{274FAD2A-CA02-4F70-959C-F6BF530B62BE}.Debug|Any CPU.Deploy.0 = Debug|Any CPU
		{274FAD2A-CA02-4F70-959C-F6BF530B62BE}.Debug|ARM.ActiveCfg = Debug|Any CPU
		{274FAD2A-CA02-4F70-959C-F6BF530B62BE}.Debug|ARM.Build.0 = Debug|Any CPU
		{274FAD2A-CA02-4F70-959C-F6BF530B62BE}.Debug|ARM.Deploy.0 = Debug|Any CPU
		{274FAD2A-CA02-4F70-959C-F6BF530B62BE}.Debug|iPhone.ActiveCfg = Debug|Any CPU
		{274FAD2A-CA02-4F70-959C-F6BF530B62BE}.Debug|iPhone.Build.0 = Debug|Any CPU
		{274FAD2A-CA02-4F70-959C-F6BF530B62BE}.Debug|iPhone.Deploy.0 = Debug|Any CPU
		{274FAD2A-CA02-4F70-959C-F6BF530B62BE}.Debug|iPhoneSimulator.ActiveCfg = Debug|Any CPU
		{274FAD2A-CA02-4F70-959C-F6BF530B62BE}.Debug|iPhoneSimulator.Build.0 = Debug|Any CPU
		{274FAD2A-CA02-4F70-959C-F6BF530B62BE}.Debug|iPhoneSimulator.Deploy.0 = Debug|Any CPU
		{274FAD2A-CA02-4F70-959C-F6BF530B62BE}.Debug|x64.ActiveCfg = Debug|Any CPU
		{274FAD2A-CA02-4F70-959C-F6BF530B62BE}.Debug|x64.Build.0 = Debug|Any CPU
		{274FAD2A-CA02-4F70-959C-F6BF530B62BE}.Debug|x64.Deploy.0 = Debug|Any CPU
		{274FAD2A-CA02-4F70-959C-F6BF530B62BE}.Debug|x86.ActiveCfg = Debug|Any CPU
		{274FAD2A-CA02-4F70-959C-F6BF530B62BE}.Debug|x86.Build.0 = Debug|Any CPU
		{274FAD2A-CA02-4F70-959C-F6BF530B62BE}.Debug|x86.Deploy.0 = Debug|Any CPU
		{274FAD2A-CA02-4F70-959C-F6BF530B62BE}.Release|Any CPU.ActiveCfg = Release|Any CPU
		{274FAD2A-CA02-4F70-959C-F6BF530B62BE}.Release|Any CPU.Build.0 = Release|Any CPU
		{274FAD2A-CA02-4F70-959C-F6BF530B62BE}.Release|Any CPU.Deploy.0 = Release|Any CPU
		{274FAD2A-CA02-4F70-959C-F6BF530B62BE}.Release|ARM.ActiveCfg = Release|Any CPU
		{274FAD2A-CA02-4F70-959C-F6BF530B62BE}.Release|ARM.Build.0 = Release|Any CPU
		{274FAD2A-CA02-4F70-959C-F6BF530B62BE}.Release|ARM.Deploy.0 = Release|Any CPU
		{274FAD2A-CA02-4F70-959C-F6BF530B62BE}.Release|iPhone.ActiveCfg = Release|Any CPU
		{274FAD2A-CA02-4F70-959C-F6BF530B62BE}.Release|iPhone.Build.0 = Release|Any CPU
		{274FAD2A-CA02-4F70-959C-F6BF530B62BE}.Release|iPhone.Deploy.0 = Release|Any CPU
		{274FAD2A-CA02-4F70-959C-F6BF530B62BE}.Release|iPhoneSimulator.ActiveCfg = Release|Any CPU
		{274FAD2A-CA02-4F70-959C-F6BF530B62BE}.Release|iPhoneSimulator.Build.0 = Release|Any CPU
		{274FAD2A-CA02-4F70-959C-F6BF530B62BE}.Release|iPhoneSimulator.Deploy.0 = Release|Any CPU
		{274FAD2A-CA02-4F70-959C-F6BF530B62BE}.Release|x64.ActiveCfg = Release|Any CPU
		{274FAD2A-CA02-4F70-959C-F6BF530B62BE}.Release|x64.Build.0 = Release|Any CPU
		{274FAD2A-CA02-4F70-959C-F6BF530B62BE}.Release|x64.Deploy.0 = Release|Any CPU
		{274FAD2A-CA02-4F70-959C-F6BF530B62BE}.Release|x86.ActiveCfg = Release|Any CPU
		{274FAD2A-CA02-4F70-959C-F6BF530B62BE}.Release|x86.Build.0 = Release|Any CPU
		{274FAD2A-CA02-4F70-959C-F6BF530B62BE}.Release|x86.Deploy.0 = Release|Any CPU
		{3D4EF870-0066-4EE2-B050-3D6608FC4827}.Ad-Hoc|Any CPU.ActiveCfg = Ad-Hoc|iPhone
		{3D4EF870-0066-4EE2-B050-3D6608FC4827}.Ad-Hoc|Any CPU.Build.0 = Ad-Hoc|iPhone
		{3D4EF870-0066-4EE2-B050-3D6608FC4827}.Ad-Hoc|Any CPU.Deploy.0 = Ad-Hoc|iPhone
		{3D4EF870-0066-4EE2-B050-3D6608FC4827}.Ad-Hoc|ARM.ActiveCfg = Ad-Hoc|iPhone
		{3D4EF870-0066-4EE2-B050-3D6608FC4827}.Ad-Hoc|ARM.Build.0 = Ad-Hoc|iPhone
		{3D4EF870-0066-4EE2-B050-3D6608FC4827}.Ad-Hoc|ARM.Deploy.0 = Ad-Hoc|iPhone
		{3D4EF870-0066-4EE2-B050-3D6608FC4827}.Ad-Hoc|iPhone.ActiveCfg = Ad-Hoc|iPhone
		{3D4EF870-0066-4EE2-B050-3D6608FC4827}.Ad-Hoc|iPhone.Build.0 = Ad-Hoc|iPhone
		{3D4EF870-0066-4EE2-B050-3D6608FC4827}.Ad-Hoc|iPhone.Deploy.0 = Ad-Hoc|iPhone
		{3D4EF870-0066-4EE2-B050-3D6608FC4827}.Ad-Hoc|iPhoneSimulator.ActiveCfg = Ad-Hoc|iPhoneSimulator
		{3D4EF870-0066-4EE2-B050-3D6608FC4827}.Ad-Hoc|iPhoneSimulator.Build.0 = Ad-Hoc|iPhoneSimulator
		{3D4EF870-0066-4EE2-B050-3D6608FC4827}.Ad-Hoc|iPhoneSimulator.Deploy.0 = Ad-Hoc|iPhoneSimulator
		{3D4EF870-0066-4EE2-B050-3D6608FC4827}.Ad-Hoc|x64.ActiveCfg = Ad-Hoc|iPhone
		{3D4EF870-0066-4EE2-B050-3D6608FC4827}.Ad-Hoc|x64.Build.0 = Ad-Hoc|iPhone
		{3D4EF870-0066-4EE2-B050-3D6608FC4827}.Ad-Hoc|x64.Deploy.0 = Ad-Hoc|iPhone
		{3D4EF870-0066-4EE2-B050-3D6608FC4827}.Ad-Hoc|x86.ActiveCfg = Ad-Hoc|iPhone
		{3D4EF870-0066-4EE2-B050-3D6608FC4827}.Ad-Hoc|x86.Build.0 = Ad-Hoc|iPhone
		{3D4EF870-0066-4EE2-B050-3D6608FC4827}.Ad-Hoc|x86.Deploy.0 = Ad-Hoc|iPhone
		{3D4EF870-0066-4EE2-B050-3D6608FC4827}.AppStore|Any CPU.ActiveCfg = AppStore|iPhone
		{3D4EF870-0066-4EE2-B050-3D6608FC4827}.AppStore|Any CPU.Build.0 = AppStore|iPhone
		{3D4EF870-0066-4EE2-B050-3D6608FC4827}.AppStore|Any CPU.Deploy.0 = AppStore|iPhone
		{3D4EF870-0066-4EE2-B050-3D6608FC4827}.AppStore|ARM.ActiveCfg = AppStore|iPhone
		{3D4EF870-0066-4EE2-B050-3D6608FC4827}.AppStore|ARM.Build.0 = AppStore|iPhone
		{3D4EF870-0066-4EE2-B050-3D6608FC4827}.AppStore|ARM.Deploy.0 = AppStore|iPhone
		{3D4EF870-0066-4EE2-B050-3D6608FC4827}.AppStore|iPhone.ActiveCfg = AppStore|iPhone
		{3D4EF870-0066-4EE2-B050-3D6608FC4827}.AppStore|iPhone.Build.0 = AppStore|iPhone
		{3D4EF870-0066-4EE2-B050-3D6608FC4827}.AppStore|iPhone.Deploy.0 = AppStore|iPhone
		{3D4EF870-0066-4EE2-B050-3D6608FC4827}.AppStore|iPhoneSimulator.ActiveCfg = AppStore|iPhoneSimulator
		{3D4EF870-0066-4EE2-B050-3D6608FC4827}.AppStore|iPhoneSimulator.Build.0 = AppStore|iPhoneSimulator
		{3D4EF870-0066-4EE2-B050-3D6608FC4827}.AppStore|iPhoneSimulator.Deploy.0 = AppStore|iPhoneSimulator
		{3D4EF870-0066-4EE2-B050-3D6608FC4827}.AppStore|x64.ActiveCfg = AppStore|iPhone
		{3D4EF870-0066-4EE2-B050-3D6608FC4827}.AppStore|x64.Build.0 = AppStore|iPhone
		{3D4EF870-0066-4EE2-B050-3D6608FC4827}.AppStore|x64.Deploy.0 = AppStore|iPhone
		{3D4EF870-0066-4EE2-B050-3D6608FC4827}.AppStore|x86.ActiveCfg = AppStore|iPhone
		{3D4EF870-0066-4EE2-B050-3D6608FC4827}.AppStore|x86.Build.0 = AppStore|iPhone
		{3D4EF870-0066-4EE2-B050-3D6608FC4827}.AppStore|x86.Deploy.0 = AppStore|iPhone
		{3D4EF870-0066-4EE2-B050-3D6608FC4827}.Debug|Any CPU.ActiveCfg = Debug|iPhoneSimulator
		{3D4EF870-0066-4EE2-B050-3D6608FC4827}.Debug|Any CPU.Build.0 = Debug|iPhoneSimulator
		{3D4EF870-0066-4EE2-B050-3D6608FC4827}.Debug|Any CPU.Deploy.0 = Debug|iPhoneSimulator
		{3D4EF870-0066-4EE2-B050-3D6608FC4827}.Debug|ARM.ActiveCfg = Debug|iPhone
		{3D4EF870-0066-4EE2-B050-3D6608FC4827}.Debug|ARM.Build.0 = Debug|iPhone
		{3D4EF870-0066-4EE2-B050-3D6608FC4827}.Debug|ARM.Deploy.0 = Debug|iPhone
		{3D4EF870-0066-4EE2-B050-3D6608FC4827}.Debug|iPhone.ActiveCfg = Debug|iPhone
		{3D4EF870-0066-4EE2-B050-3D6608FC4827}.Debug|iPhone.Build.0 = Debug|iPhone
		{3D4EF870-0066-4EE2-B050-3D6608FC4827}.Debug|iPhone.Deploy.0 = Debug|iPhone
		{3D4EF870-0066-4EE2-B050-3D6608FC4827}.Debug|iPhoneSimulator.ActiveCfg = Debug|iPhoneSimulator
		{3D4EF870-0066-4EE2-B050-3D6608FC4827}.Debug|iPhoneSimulator.Build.0 = Debug|iPhoneSimulator
		{3D4EF870-0066-4EE2-B050-3D6608FC4827}.Debug|iPhoneSimulator.Deploy.0 = Debug|iPhoneSimulator
		{3D4EF870-0066-4EE2-B050-3D6608FC4827}.Debug|x64.ActiveCfg = Debug|iPhone
		{3D4EF870-0066-4EE2-B050-3D6608FC4827}.Debug|x64.Build.0 = Debug|iPhone
		{3D4EF870-0066-4EE2-B050-3D6608FC4827}.Debug|x64.Deploy.0 = Debug|iPhone
		{3D4EF870-0066-4EE2-B050-3D6608FC4827}.Debug|x86.ActiveCfg = Debug|iPhone
		{3D4EF870-0066-4EE2-B050-3D6608FC4827}.Debug|x86.Build.0 = Debug|iPhone
		{3D4EF870-0066-4EE2-B050-3D6608FC4827}.Debug|x86.Deploy.0 = Debug|iPhone
		{3D4EF870-0066-4EE2-B050-3D6608FC4827}.Release|Any CPU.ActiveCfg = Release|iPhone
		{3D4EF870-0066-4EE2-B050-3D6608FC4827}.Release|Any CPU.Build.0 = Release|iPhone
		{3D4EF870-0066-4EE2-B050-3D6608FC4827}.Release|Any CPU.Deploy.0 = Release|iPhone
		{3D4EF870-0066-4EE2-B050-3D6608FC4827}.Release|ARM.ActiveCfg = Release|iPhone
		{3D4EF870-0066-4EE2-B050-3D6608FC4827}.Release|ARM.Build.0 = Release|iPhone
		{3D4EF870-0066-4EE2-B050-3D6608FC4827}.Release|ARM.Deploy.0 = Release|iPhone
		{3D4EF870-0066-4EE2-B050-3D6608FC4827}.Release|iPhone.ActiveCfg = Release|iPhone
		{3D4EF870-0066-4EE2-B050-3D6608FC4827}.Release|iPhone.Build.0 = Release|iPhone
		{3D4EF870-0066-4EE2-B050-3D6608FC4827}.Release|iPhone.Deploy.0 = Release|iPhone
		{3D4EF870-0066-4EE2-B050-3D6608FC4827}.Release|iPhoneSimulator.ActiveCfg = Release|iPhoneSimulator
		{3D4EF870-0066-4EE2-B050-3D6608FC4827}.Release|iPhoneSimulator.Build.0 = Release|iPhoneSimulator
		{3D4EF870-0066-4EE2-B050-3D6608FC4827}.Release|iPhoneSimulator.Deploy.0 = Release|iPhoneSimulator
		{3D4EF870-0066-4EE2-B050-3D6608FC4827}.Release|x64.ActiveCfg = Release|iPhone
		{3D4EF870-0066-4EE2-B050-3D6608FC4827}.Release|x64.Build.0 = Release|iPhone
		{3D4EF870-0066-4EE2-B050-3D6608FC4827}.Release|x64.Deploy.0 = Release|iPhone
		{3D4EF870-0066-4EE2-B050-3D6608FC4827}.Release|x86.ActiveCfg = Release|iPhone
		{3D4EF870-0066-4EE2-B050-3D6608FC4827}.Release|x86.Build.0 = Release|iPhone
		{3D4EF870-0066-4EE2-B050-3D6608FC4827}.Release|x86.Deploy.0 = Release|iPhone
		{68E3B067-7AF8-449F-8F0A-5DBFDD6BD2CF}.Ad-Hoc|Any CPU.ActiveCfg = Release|x86
		{68E3B067-7AF8-449F-8F0A-5DBFDD6BD2CF}.Ad-Hoc|Any CPU.Build.0 = Release|x86
		{68E3B067-7AF8-449F-8F0A-5DBFDD6BD2CF}.Ad-Hoc|Any CPU.Deploy.0 = Release|x86
		{68E3B067-7AF8-449F-8F0A-5DBFDD6BD2CF}.Ad-Hoc|ARM.ActiveCfg = Release|ARM
		{68E3B067-7AF8-449F-8F0A-5DBFDD6BD2CF}.Ad-Hoc|ARM.Build.0 = Release|ARM
		{68E3B067-7AF8-449F-8F0A-5DBFDD6BD2CF}.Ad-Hoc|ARM.Deploy.0 = Release|ARM
		{68E3B067-7AF8-449F-8F0A-5DBFDD6BD2CF}.Ad-Hoc|iPhone.ActiveCfg = Release|x86
		{68E3B067-7AF8-449F-8F0A-5DBFDD6BD2CF}.Ad-Hoc|iPhone.Build.0 = Release|x86
		{68E3B067-7AF8-449F-8F0A-5DBFDD6BD2CF}.Ad-Hoc|iPhone.Deploy.0 = Release|x86
		{68E3B067-7AF8-449F-8F0A-5DBFDD6BD2CF}.Ad-Hoc|iPhoneSimulator.ActiveCfg = Release|x86
		{68E3B067-7AF8-449F-8F0A-5DBFDD6BD2CF}.Ad-Hoc|iPhoneSimulator.Build.0 = Release|x86
		{68E3B067-7AF8-449F-8F0A-5DBFDD6BD2CF}.Ad-Hoc|iPhoneSimulator.Deploy.0 = Release|x86
		{68E3B067-7AF8-449F-8F0A-5DBFDD6BD2CF}.Ad-Hoc|x64.ActiveCfg = Release|x64
		{68E3B067-7AF8-449F-8F0A-5DBFDD6BD2CF}.Ad-Hoc|x64.Build.0 = Release|x64
		{68E3B067-7AF8-449F-8F0A-5DBFDD6BD2CF}.Ad-Hoc|x64.Deploy.0 = Release|x64
		{68E3B067-7AF8-449F-8F0A-5DBFDD6BD2CF}.Ad-Hoc|x86.ActiveCfg = Release|x86
		{68E3B067-7AF8-449F-8F0A-5DBFDD6BD2CF}.Ad-Hoc|x86.Build.0 = Release|x86
		{68E3B067-7AF8-449F-8F0A-5DBFDD6BD2CF}.Ad-Hoc|x86.Deploy.0 = Release|x86
		{68E3B067-7AF8-449F-8F0A-5DBFDD6BD2CF}.AppStore|Any CPU.ActiveCfg = Release|x86
		{68E3B067-7AF8-449F-8F0A-5DBFDD6BD2CF}.AppStore|Any CPU.Build.0 = Release|x86
		{68E3B067-7AF8-449F-8F0A-5DBFDD6BD2CF}.AppStore|Any CPU.Deploy.0 = Release|x86
		{68E3B067-7AF8-449F-8F0A-5DBFDD6BD2CF}.AppStore|ARM.ActiveCfg = Release|ARM
		{68E3B067-7AF8-449F-8F0A-5DBFDD6BD2CF}.AppStore|ARM.Build.0 = Release|ARM
		{68E3B067-7AF8-449F-8F0A-5DBFDD6BD2CF}.AppStore|ARM.Deploy.0 = Release|ARM
		{68E3B067-7AF8-449F-8F0A-5DBFDD6BD2CF}.AppStore|iPhone.ActiveCfg = Release|x86
		{68E3B067-7AF8-449F-8F0A-5DBFDD6BD2CF}.AppStore|iPhone.Build.0 = Release|x86
		{68E3B067-7AF8-449F-8F0A-5DBFDD6BD2CF}.AppStore|iPhone.Deploy.0 = Release|x86
		{68E3B067-7AF8-449F-8F0A-5DBFDD6BD2CF}.AppStore|iPhoneSimulator.ActiveCfg = Release|x86
		{68E3B067-7AF8-449F-8F0A-5DBFDD6BD2CF}.AppStore|iPhoneSimulator.Build.0 = Release|x86
		{68E3B067-7AF8-449F-8F0A-5DBFDD6BD2CF}.AppStore|iPhoneSimulator.Deploy.0 = Release|x86
		{68E3B067-7AF8-449F-8F0A-5DBFDD6BD2CF}.AppStore|x64.ActiveCfg = Release|x64
		{68E3B067-7AF8-449F-8F0A-5DBFDD6BD2CF}.AppStore|x64.Build.0 = Release|x64
		{68E3B067-7AF8-449F-8F0A-5DBFDD6BD2CF}.AppStore|x64.Deploy.0 = Release|x64
		{68E3B067-7AF8-449F-8F0A-5DBFDD6BD2CF}.AppStore|x86.ActiveCfg = Release|x86
		{68E3B067-7AF8-449F-8F0A-5DBFDD6BD2CF}.AppStore|x86.Build.0 = Release|x86
		{68E3B067-7AF8-449F-8F0A-5DBFDD6BD2CF}.AppStore|x86.Deploy.0 = Release|x86
		{68E3B067-7AF8-449F-8F0A-5DBFDD6BD2CF}.Debug|Any CPU.ActiveCfg = Debug|x86
		{68E3B067-7AF8-449F-8F0A-5DBFDD6BD2CF}.Debug|Any CPU.Build.0 = Debug|x86
		{68E3B067-7AF8-449F-8F0A-5DBFDD6BD2CF}.Debug|Any CPU.Deploy.0 = Debug|x86
		{68E3B067-7AF8-449F-8F0A-5DBFDD6BD2CF}.Debug|ARM.ActiveCfg = Debug|ARM
		{68E3B067-7AF8-449F-8F0A-5DBFDD6BD2CF}.Debug|ARM.Build.0 = Debug|ARM
		{68E3B067-7AF8-449F-8F0A-5DBFDD6BD2CF}.Debug|ARM.Deploy.0 = Debug|ARM
		{68E3B067-7AF8-449F-8F0A-5DBFDD6BD2CF}.Debug|iPhone.ActiveCfg = Debug|x86
		{68E3B067-7AF8-449F-8F0A-5DBFDD6BD2CF}.Debug|iPhone.Build.0 = Debug|x86
		{68E3B067-7AF8-449F-8F0A-5DBFDD6BD2CF}.Debug|iPhone.Deploy.0 = Debug|x86
		{68E3B067-7AF8-449F-8F0A-5DBFDD6BD2CF}.Debug|iPhoneSimulator.ActiveCfg = Debug|x86
		{68E3B067-7AF8-449F-8F0A-5DBFDD6BD2CF}.Debug|iPhoneSimulator.Build.0 = Debug|x86
		{68E3B067-7AF8-449F-8F0A-5DBFDD6BD2CF}.Debug|iPhoneSimulator.Deploy.0 = Debug|x86
		{68E3B067-7AF8-449F-8F0A-5DBFDD6BD2CF}.Debug|x64.ActiveCfg = Debug|x64
		{68E3B067-7AF8-449F-8F0A-5DBFDD6BD2CF}.Debug|x64.Build.0 = Debug|x64
		{68E3B067-7AF8-449F-8F0A-5DBFDD6BD2CF}.Debug|x64.Deploy.0 = Debug|x64
		{68E3B067-7AF8-449F-8F0A-5DBFDD6BD2CF}.Debug|x86.ActiveCfg = Debug|x86
		{68E3B067-7AF8-449F-8F0A-5DBFDD6BD2CF}.Debug|x86.Build.0 = Debug|x86
		{68E3B067-7AF8-449F-8F0A-5DBFDD6BD2CF}.Debug|x86.Deploy.0 = Debug|x86
		{68E3B067-7AF8-449F-8F0A-5DBFDD6BD2CF}.Release|Any CPU.ActiveCfg = Release|x86
		{68E3B067-7AF8-449F-8F0A-5DBFDD6BD2CF}.Release|Any CPU.Build.0 = Release|x86
		{68E3B067-7AF8-449F-8F0A-5DBFDD6BD2CF}.Release|Any CPU.Deploy.0 = Release|x86
		{68E3B067-7AF8-449F-8F0A-5DBFDD6BD2CF}.Release|ARM.ActiveCfg = Release|ARM
		{68E3B067-7AF8-449F-8F0A-5DBFDD6BD2CF}.Release|ARM.Build.0 = Release|ARM
		{68E3B067-7AF8-449F-8F0A-5DBFDD6BD2CF}.Release|ARM.Deploy.0 = Release|ARM
		{68E3B067-7AF8-449F-8F0A-5DBFDD6BD2CF}.Release|iPhone.ActiveCfg = Release|x86
		{68E3B067-7AF8-449F-8F0A-5DBFDD6BD2CF}.Release|iPhone.Build.0 = Release|x86
		{68E3B067-7AF8-449F-8F0A-5DBFDD6BD2CF}.Release|iPhone.Deploy.0 = Release|x86
		{68E3B067-7AF8-449F-8F0A-5DBFDD6BD2CF}.Release|iPhoneSimulator.ActiveCfg = Release|x86
		{68E3B067-7AF8-449F-8F0A-5DBFDD6BD2CF}.Release|iPhoneSimulator.Build.0 = Release|x86
		{68E3B067-7AF8-449F-8F0A-5DBFDD6BD2CF}.Release|iPhoneSimulator.Deploy.0 = Release|x86
		{68E3B067-7AF8-449F-8F0A-5DBFDD6BD2CF}.Release|x64.ActiveCfg = Release|x64
		{68E3B067-7AF8-449F-8F0A-5DBFDD6BD2CF}.Release|x64.Build.0 = Release|x64
		{68E3B067-7AF8-449F-8F0A-5DBFDD6BD2CF}.Release|x64.Deploy.0 = Release|x64
		{68E3B067-7AF8-449F-8F0A-5DBFDD6BD2CF}.Release|x86.ActiveCfg = Release|x86
		{68E3B067-7AF8-449F-8F0A-5DBFDD6BD2CF}.Release|x86.Build.0 = Release|x86
		{68E3B067-7AF8-449F-8F0A-5DBFDD6BD2CF}.Release|x86.Deploy.0 = Release|x86
		{2FD50558-204D-4B68-929E-FD5692E6EE79}.Ad-Hoc|Any CPU.ActiveCfg = Debug|Any CPU
		{2FD50558-204D-4B68-929E-FD5692E6EE79}.Ad-Hoc|Any CPU.Build.0 = Debug|Any CPU
		{2FD50558-204D-4B68-929E-FD5692E6EE79}.Ad-Hoc|Any CPU.Deploy.0 = Debug|Any CPU
		{2FD50558-204D-4B68-929E-FD5692E6EE79}.Ad-Hoc|ARM.ActiveCfg = Debug|Any CPU
		{2FD50558-204D-4B68-929E-FD5692E6EE79}.Ad-Hoc|ARM.Build.0 = Debug|Any CPU
		{2FD50558-204D-4B68-929E-FD5692E6EE79}.Ad-Hoc|ARM.Deploy.0 = Debug|Any CPU
		{2FD50558-204D-4B68-929E-FD5692E6EE79}.Ad-Hoc|iPhone.ActiveCfg = Debug|Any CPU
		{2FD50558-204D-4B68-929E-FD5692E6EE79}.Ad-Hoc|iPhone.Build.0 = Debug|Any CPU
		{2FD50558-204D-4B68-929E-FD5692E6EE79}.Ad-Hoc|iPhone.Deploy.0 = Debug|Any CPU
		{2FD50558-204D-4B68-929E-FD5692E6EE79}.Ad-Hoc|iPhoneSimulator.ActiveCfg = Debug|Any CPU
		{2FD50558-204D-4B68-929E-FD5692E6EE79}.Ad-Hoc|iPhoneSimulator.Build.0 = Debug|Any CPU
		{2FD50558-204D-4B68-929E-FD5692E6EE79}.Ad-Hoc|iPhoneSimulator.Deploy.0 = Debug|Any CPU
		{2FD50558-204D-4B68-929E-FD5692E6EE79}.Ad-Hoc|x64.ActiveCfg = Debug|Any CPU
		{2FD50558-204D-4B68-929E-FD5692E6EE79}.Ad-Hoc|x64.Build.0 = Debug|Any CPU
		{2FD50558-204D-4B68-929E-FD5692E6EE79}.Ad-Hoc|x64.Deploy.0 = Debug|Any CPU
		{2FD50558-204D-4B68-929E-FD5692E6EE79}.Ad-Hoc|x86.ActiveCfg = Debug|Any CPU
		{2FD50558-204D-4B68-929E-FD5692E6EE79}.Ad-Hoc|x86.Build.0 = Debug|Any CPU
		{2FD50558-204D-4B68-929E-FD5692E6EE79}.Ad-Hoc|x86.Deploy.0 = Debug|Any CPU
		{2FD50558-204D-4B68-929E-FD5692E6EE79}.AppStore|Any CPU.ActiveCfg = Debug|Any CPU
		{2FD50558-204D-4B68-929E-FD5692E6EE79}.AppStore|Any CPU.Build.0 = Debug|Any CPU
		{2FD50558-204D-4B68-929E-FD5692E6EE79}.AppStore|Any CPU.Deploy.0 = Debug|Any CPU
		{2FD50558-204D-4B68-929E-FD5692E6EE79}.AppStore|ARM.ActiveCfg = Debug|Any CPU
		{2FD50558-204D-4B68-929E-FD5692E6EE79}.AppStore|ARM.Build.0 = Debug|Any CPU
		{2FD50558-204D-4B68-929E-FD5692E6EE79}.AppStore|ARM.Deploy.0 = Debug|Any CPU
		{2FD50558-204D-4B68-929E-FD5692E6EE79}.AppStore|iPhone.ActiveCfg = Debug|Any CPU
		{2FD50558-204D-4B68-929E-FD5692E6EE79}.AppStore|iPhone.Build.0 = Debug|Any CPU
		{2FD50558-204D-4B68-929E-FD5692E6EE79}.AppStore|iPhone.Deploy.0 = Debug|Any CPU
		{2FD50558-204D-4B68-929E-FD5692E6EE79}.AppStore|iPhoneSimulator.ActiveCfg = Debug|Any CPU
		{2FD50558-204D-4B68-929E-FD5692E6EE79}.AppStore|iPhoneSimulator.Build.0 = Debug|Any CPU
		{2FD50558-204D-4B68-929E-FD5692E6EE79}.AppStore|iPhoneSimulator.Deploy.0 = Debug|Any CPU
		{2FD50558-204D-4B68-929E-FD5692E6EE79}.AppStore|x64.ActiveCfg = Debug|Any CPU
		{2FD50558-204D-4B68-929E-FD5692E6EE79}.AppStore|x64.Build.0 = Debug|Any CPU
		{2FD50558-204D-4B68-929E-FD5692E6EE79}.AppStore|x64.Deploy.0 = Debug|Any CPU
		{2FD50558-204D-4B68-929E-FD5692E6EE79}.AppStore|x86.ActiveCfg = Debug|Any CPU
		{2FD50558-204D-4B68-929E-FD5692E6EE79}.AppStore|x86.Build.0 = Debug|Any CPU
		{2FD50558-204D-4B68-929E-FD5692E6EE79}.AppStore|x86.Deploy.0 = Debug|Any CPU
		{2FD50558-204D-4B68-929E-FD5692E6EE79}.Debug|Any CPU.ActiveCfg = Debug|Any CPU
		{2FD50558-204D-4B68-929E-FD5692E6EE79}.Debug|Any CPU.Build.0 = Debug|Any CPU
		{2FD50558-204D-4B68-929E-FD5692E6EE79}.Debug|Any CPU.Deploy.0 = Debug|Any CPU
		{2FD50558-204D-4B68-929E-FD5692E6EE79}.Debug|ARM.ActiveCfg = Debug|Any CPU
		{2FD50558-204D-4B68-929E-FD5692E6EE79}.Debug|ARM.Build.0 = Debug|Any CPU
		{2FD50558-204D-4B68-929E-FD5692E6EE79}.Debug|ARM.Deploy.0 = Debug|Any CPU
		{2FD50558-204D-4B68-929E-FD5692E6EE79}.Debug|iPhone.ActiveCfg = Debug|Any CPU
		{2FD50558-204D-4B68-929E-FD5692E6EE79}.Debug|iPhone.Build.0 = Debug|Any CPU
		{2FD50558-204D-4B68-929E-FD5692E6EE79}.Debug|iPhone.Deploy.0 = Debug|Any CPU
		{2FD50558-204D-4B68-929E-FD5692E6EE79}.Debug|iPhoneSimulator.ActiveCfg = Debug|Any CPU
		{2FD50558-204D-4B68-929E-FD5692E6EE79}.Debug|iPhoneSimulator.Build.0 = Debug|Any CPU
		{2FD50558-204D-4B68-929E-FD5692E6EE79}.Debug|iPhoneSimulator.Deploy.0 = Debug|Any CPU
		{2FD50558-204D-4B68-929E-FD5692E6EE79}.Debug|x64.ActiveCfg = Debug|Any CPU
		{2FD50558-204D-4B68-929E-FD5692E6EE79}.Debug|x64.Build.0 = Debug|Any CPU
		{2FD50558-204D-4B68-929E-FD5692E6EE79}.Debug|x64.Deploy.0 = Debug|Any CPU
		{2FD50558-204D-4B68-929E-FD5692E6EE79}.Debug|x86.ActiveCfg = Debug|Any CPU
		{2FD50558-204D-4B68-929E-FD5692E6EE79}.Debug|x86.Build.0 = Debug|Any CPU
		{2FD50558-204D-4B68-929E-FD5692E6EE79}.Debug|x86.Deploy.0 = Debug|Any CPU
		{2FD50558-204D-4B68-929E-FD5692E6EE79}.Release|Any CPU.ActiveCfg = Release|Any CPU
		{2FD50558-204D-4B68-929E-FD5692E6EE79}.Release|Any CPU.Build.0 = Release|Any CPU
		{2FD50558-204D-4B68-929E-FD5692E6EE79}.Release|Any CPU.Deploy.0 = Release|Any CPU
		{2FD50558-204D-4B68-929E-FD5692E6EE79}.Release|ARM.ActiveCfg = Release|Any CPU
		{2FD50558-204D-4B68-929E-FD5692E6EE79}.Release|ARM.Build.0 = Release|Any CPU
		{2FD50558-204D-4B68-929E-FD5692E6EE79}.Release|ARM.Deploy.0 = Release|Any CPU
		{2FD50558-204D-4B68-929E-FD5692E6EE79}.Release|iPhone.ActiveCfg = Release|Any CPU
		{2FD50558-204D-4B68-929E-FD5692E6EE79}.Release|iPhone.Build.0 = Release|Any CPU
		{2FD50558-204D-4B68-929E-FD5692E6EE79}.Release|iPhone.Deploy.0 = Release|Any CPU
		{2FD50558-204D-4B68-929E-FD5692E6EE79}.Release|iPhoneSimulator.ActiveCfg = Release|Any CPU
		{2FD50558-204D-4B68-929E-FD5692E6EE79}.Release|iPhoneSimulator.Build.0 = Release|Any CPU
		{2FD50558-204D-4B68-929E-FD5692E6EE79}.Release|iPhoneSimulator.Deploy.0 = Release|Any CPU
		{2FD50558-204D-4B68-929E-FD5692E6EE79}.Release|x64.ActiveCfg = Release|Any CPU
		{2FD50558-204D-4B68-929E-FD5692E6EE79}.Release|x64.Build.0 = Release|Any CPU
		{2FD50558-204D-4B68-929E-FD5692E6EE79}.Release|x64.Deploy.0 = Release|Any CPU
		{2FD50558-204D-4B68-929E-FD5692E6EE79}.Release|x86.ActiveCfg = Release|Any CPU
		{2FD50558-204D-4B68-929E-FD5692E6EE79}.Release|x86.Build.0 = Release|Any CPU
		{2FD50558-204D-4B68-929E-FD5692E6EE79}.Release|x86.Deploy.0 = Release|Any CPU
	EndGlobalSection
	GlobalSection(SolutionProperties) = preSolution
		HideSolutionNode = FALSE
	EndGlobalSection
	GlobalSection(ExtensibilityGlobals) = postSolution
		SolutionGuid = {E8B6B903-027F-4C4A-84B7-2DA3A7A2E6CC}
	EndGlobalSection
EndGlobal
