
Microsoft Visual Studio Solution File, Format Version 12.00
# Visual Studio 15
VisualStudioVersion = 15.0.28307.539
MinimumVisualStudioVersion = 10.0.40219.1
Project("{FAE04EC0-301F-11D3-BF4B-00C04F79EFBC}") = "XamarinPlugins.Android", "XamarinPlugins\XamarinPlugins.Android\XamarinPlugins.Android.csproj", "{C4A5234C-1DBD-4FC6-9222-68249422F5B0}"
EndProject
Project("{FAE04EC0-301F-11D3-BF4B-00C04F79EFBC}") = "XamarinPlugins.iOS", "XamarinPlugins\XamarinPlugins.iOS\XamarinPlugins.iOS.csproj", "{F11C6B04-B08A-4E7F-81FC-5197730EA1B3}"
EndProject
Project("{FAE04EC0-301F-11D3-BF4B-00C04F79EFBC}") = "XamarinPlugins.UWP", "XamarinPlugins\XamarinPlugins.UWP\XamarinPlugins.UWP.csproj", "{92D02A7E-3E56-48E7-9C50-86FEC438905C}"
EndProject
Project("{FAE04EC0-301F-11D3-BF4B-00C04F79EFBC}") = "XamarinPlugins", "XamarinPlugins\XamarinPlugins\XamarinPlugins.csproj", "{D6E5657C-5793-4602-94F3-D188D0CD9466}"
EndProject
Global
	GlobalSection(SolutionConfigurationPlatforms) = preSolution
		Ad-Hoc|Any CPU = Ad-Hoc|Any CPU
		Ad-Hoc|ARM = Ad-Hoc|ARM
		Ad-Hoc|iPhone = Ad-Hoc|iPhone
		Ad-Hoc|iPhoneSimulator = Ad-Hoc|iPhoneSimulator
		Ad-Hoc|x64 = Ad-Hoc|x64
		Ad-Hoc|x86 = Ad-Hoc|x86
		AppStore|Any CPU = AppStore|Any CPU
		AppStore|ARM = AppStore|ARM
		AppStore|iPhone = AppStore|iPhone
		AppStore|iPhoneSimulator = AppStore|iPhoneSimulator
		AppStore|x64 = AppStore|x64
		AppStore|x86 = AppStore|x86
		Debug|Any CPU = Debug|Any CPU
		Debug|ARM = Debug|ARM
		Debug|iPhone = Debug|iPhone
		Debug|iPhoneSimulator = Debug|iPhoneSimulator
		Debug|x64 = Debug|x64
		Debug|x86 = Debug|x86
		Release|Any CPU = Release|Any CPU
		Release|ARM = Release|ARM
		Release|iPhone = Release|iPhone
		Release|iPhoneSimulator = Release|iPhoneSimulator
		Release|x64 = Release|x64
		Release|x86 = Release|x86
	EndGlobalSection
	GlobalSection(ProjectConfigurationPlatforms) = postSolution
		{C4A5234C-1DBD-4FC6-9222-68249422F5B0}.Ad-Hoc|Any CPU.ActiveCfg = Release|Any CPU
		{C4A5234C-1DBD-4FC6-9222-68249422F5B0}.Ad-Hoc|Any CPU.Build.0 = Release|Any CPU
		{C4A5234C-1DBD-4FC6-9222-68249422F5B0}.Ad-Hoc|Any CPU.Deploy.0 = Release|Any CPU
		{C4A5234C-1DBD-4FC6-9222-68249422F5B0}.Ad-Hoc|ARM.ActiveCfg = Release|Any CPU
		{C4A5234C-1DBD-4FC6-9222-68249422F5B0}.Ad-Hoc|ARM.Build.0 = Release|Any CPU
		{C4A5234C-1DBD-4FC6-9222-68249422F5B0}.Ad-Hoc|ARM.Deploy.0 = Release|Any CPU
		{C4A5234C-1DBD-4FC6-9222-68249422F5B0}.Ad-Hoc|iPhone.ActiveCfg = Release|Any CPU
		{C4A5234C-1DBD-4FC6-9222-68249422F5B0}.Ad-Hoc|iPhone.Build.0 = Release|Any CPU
		{C4A5234C-1DBD-4FC6-9222-68249422F5B0}.Ad-Hoc|iPhone.Deploy.0 = Release|Any CPU
		{C4A5234C-1DBD-4FC6-9222-68249422F5B0}.Ad-Hoc|iPhoneSimulator.ActiveCfg = Release|Any CPU
		{C4A5234C-1DBD-4FC6-9222-68249422F5B0}.Ad-Hoc|iPhoneSimulator.Build.0 = Release|Any CPU
		{C4A5234C-1DBD-4FC6-9222-68249422F5B0}.Ad-Hoc|iPhoneSimulator.Deploy.0 = Release|Any CPU
		{C4A5234C-1DBD-4FC6-9222-68249422F5B0}.Ad-Hoc|x64.ActiveCfg = Release|Any CPU
		{C4A5234C-1DBD-4FC6-9222-68249422F5B0}.Ad-Hoc|x64.Build.0 = Release|Any CPU
		{C4A5234C-1DBD-4FC6-9222-68249422F5B0}.Ad-Hoc|x64.Deploy.0 = Release|Any CPU
		{C4A5234C-1DBD-4FC6-9222-68249422F5B0}.Ad-Hoc|x86.ActiveCfg = Release|Any CPU
		{C4A5234C-1DBD-4FC6-9222-68249422F5B0}.Ad-Hoc|x86.Build.0 = Release|Any CPU
		{C4A5234C-1DBD-4FC6-9222-68249422F5B0}.Ad-Hoc|x86.Deploy.0 = Release|Any CPU
		{C4A5234C-1DBD-4FC6-9222-68249422F5B0}.AppStore|Any CPU.ActiveCfg = Release|Any CPU
		{C4A5234C-1DBD-4FC6-9222-68249422F5B0}.AppStore|Any CPU.Build.0 = Release|Any CPU
		{C4A5234C-1DBD-4FC6-9222-68249422F5B0}.AppStore|Any CPU.Deploy.0 = Release|Any CPU
		{C4A5234C-1DBD-4FC6-9222-68249422F5B0}.AppStore|ARM.ActiveCfg = Release|Any CPU
		{C4A5234C-1DBD-4FC6-9222-68249422F5B0}.AppStore|ARM.Build.0 = Release|Any CPU
		{C4A5234C-1DBD-4FC6-9222-68249422F5B0}.AppStore|ARM.Deploy.0 = Release|Any CPU
		{C4A5234C-1DBD-4FC6-9222-68249422F5B0}.AppStore|iPhone.ActiveCfg = Release|Any CPU
		{C4A5234C-1DBD-4FC6-9222-68249422F5B0}.AppStore|iPhone.Build.0 = Release|Any CPU
		{C4A5234C-1DBD-4FC6-9222-68249422F5B0}.AppStore|iPhone.Deploy.0 = Release|Any CPU
		{C4A5234C-1DBD-4FC6-9222-68249422F5B0}.AppStore|iPhoneSimulator.ActiveCfg = Release|Any CPU
		{C4A5234C-1DBD-4FC6-9222-68249422F5B0}.AppStore|iPhoneSimulator.Build.0 = Release|Any CPU
		{C4A5234C-1DBD-4FC6-9222-68249422F5B0}.AppStore|iPhoneSimulator.Deploy.0 = Release|Any CPU
		{C4A5234C-1DBD-4FC6-9222-68249422F5B0}.AppStore|x64.ActiveCfg = Release|Any CPU
		{C4A5234C-1DBD-4FC6-9222-68249422F5B0}.AppStore|x64.Build.0 = Release|Any CPU
		{C4A5234C-1DBD-4FC6-9222-68249422F5B0}.AppStore|x64.Deploy.0 = Release|Any CPU
		{C4A5234C-1DBD-4FC6-9222-68249422F5B0}.AppStore|x86.ActiveCfg = Release|Any CPU
		{C4A5234C-1DBD-4FC6-9222-68249422F5B0}.AppStore|x86.Build.0 = Release|Any CPU
		{C4A5234C-1DBD-4FC6-9222-68249422F5B0}.AppStore|x86.Deploy.0 = Release|Any CPU
		{C4A5234C-1DBD-4FC6-9222-68249422F5B0}.Debug|Any CPU.ActiveCfg = Debug|Any CPU
		{C4A5234C-1DBD-4FC6-9222-68249422F5B0}.Debug|Any CPU.Build.0 = Debug|Any CPU
		{C4A5234C-1DBD-4FC6-9222-68249422F5B0}.Debug|Any CPU.Deploy.0 = Debug|Any CPU
		{C4A5234C-1DBD-4FC6-9222-68249422F5B0}.Debug|ARM.ActiveCfg = Debug|Any CPU
		{C4A5234C-1DBD-4FC6-9222-68249422F5B0}.Debug|ARM.Build.0 = Debug|Any CPU
		{C4A5234C-1DBD-4FC6-9222-68249422F5B0}.Debug|ARM.Deploy.0 = Debug|Any CPU
		{C4A5234C-1DBD-4FC6-9222-68249422F5B0}.Debug|iPhone.ActiveCfg = Debug|Any CPU
		{C4A5234C-1DBD-4FC6-9222-68249422F5B0}.Debug|iPhone.Build.0 = Debug|Any CPU
		{C4A5234C-1DBD-4FC6-9222-68249422F5B0}.Debug|iPhone.Deploy.0 = Debug|Any CPU
		{C4A5234C-1DBD-4FC6-9222-68249422F5B0}.Debug|iPhoneSimulator.ActiveCfg = Debug|Any CPU
		{C4A5234C-1DBD-4FC6-9222-68249422F5B0}.Debug|iPhoneSimulator.Build.0 = Debug|Any CPU
		{C4A5234C-1DBD-4FC6-9222-68249422F5B0}.Debug|iPhoneSimulator.Deploy.0 = Debug|Any CPU
		{C4A5234C-1DBD-4FC6-9222-68249422F5B0}.Debug|x64.ActiveCfg = Debug|Any CPU
		{C4A5234C-1DBD-4FC6-9222-68249422F5B0}.Debug|x64.Build.0 = Debug|Any CPU
		{C4A5234C-1DBD-4FC6-9222-68249422F5B0}.Debug|x64.Deploy.0 = Debug|Any CPU
		{C4A5234C-1DBD-4FC6-9222-68249422F5B0}.Debug|x86.ActiveCfg = Debug|Any CPU
		{C4A5234C-1DBD-4FC6-9222-68249422F5B0}.Debug|x86.Build.0 = Debug|Any CPU
		{C4A5234C-1DBD-4FC6-9222-68249422F5B0}.Debug|x86.Deploy.0 = Debug|Any CPU
		{C4A5234C-1DBD-4FC6-9222-68249422F5B0}.Release|Any CPU.ActiveCfg = Release|Any CPU
		{C4A5234C-1DBD-4FC6-9222-68249422F5B0}.Release|Any CPU.Build.0 = Release|Any CPU
		{C4A5234C-1DBD-4FC6-9222-68249422F5B0}.Release|Any CPU.Deploy.0 = Release|Any CPU
		{C4A5234C-1DBD-4FC6-9222-68249422F5B0}.Release|ARM.ActiveCfg = Release|Any CPU
		{C4A5234C-1DBD-4FC6-9222-68249422F5B0}.Release|ARM.Build.0 = Release|Any CPU
		{C4A5234C-1DBD-4FC6-9222-68249422F5B0}.Release|ARM.Deploy.0 = Release|Any CPU
		{C4A5234C-1DBD-4FC6-9222-68249422F5B0}.Release|iPhone.ActiveCfg = Release|Any CPU
		{C4A5234C-1DBD-4FC6-9222-68249422F5B0}.Release|iPhone.Build.0 = Release|Any CPU
		{C4A5234C-1DBD-4FC6-9222-68249422F5B0}.Release|iPhone.Deploy.0 = Release|Any CPU
		{C4A5234C-1DBD-4FC6-9222-68249422F5B0}.Release|iPhoneSimulator.ActiveCfg = Release|Any CPU
		{C4A5234C-1DBD-4FC6-9222-68249422F5B0}.Release|iPhoneSimulator.Build.0 = Release|Any CPU
		{C4A5234C-1DBD-4FC6-9222-68249422F5B0}.Release|iPhoneSimulator.Deploy.0 = Release|Any CPU
		{C4A5234C-1DBD-4FC6-9222-68249422F5B0}.Release|x64.ActiveCfg = Release|Any CPU
		{C4A5234C-1DBD-4FC6-9222-68249422F5B0}.Release|x64.Build.0 = Release|Any CPU
		{C4A5234C-1DBD-4FC6-9222-68249422F5B0}.Release|x64.Deploy.0 = Release|Any CPU
		{C4A5234C-1DBD-4FC6-9222-68249422F5B0}.Release|x86.ActiveCfg = Release|Any CPU
		{C4A5234C-1DBD-4FC6-9222-68249422F5B0}.Release|x86.Build.0 = Release|Any CPU
		{C4A5234C-1DBD-4FC6-9222-68249422F5B0}.Release|x86.Deploy.0 = Release|Any CPU
		{F11C6B04-B08A-4E7F-81FC-5197730EA1B3}.Ad-Hoc|Any CPU.ActiveCfg = Ad-Hoc|iPhone
		{F11C6B04-B08A-4E7F-81FC-5197730EA1B3}.Ad-Hoc|Any CPU.Build.0 = Ad-Hoc|iPhone
		{F11C6B04-B08A-4E7F-81FC-5197730EA1B3}.Ad-Hoc|Any CPU.Deploy.0 = Ad-Hoc|iPhone
		{F11C6B04-B08A-4E7F-81FC-5197730EA1B3}.Ad-Hoc|ARM.ActiveCfg = Ad-Hoc|iPhone
		{F11C6B04-B08A-4E7F-81FC-5197730EA1B3}.Ad-Hoc|ARM.Build.0 = Ad-Hoc|iPhone
		{F11C6B04-B08A-4E7F-81FC-5197730EA1B3}.Ad-Hoc|ARM.Deploy.0 = Ad-Hoc|iPhone
		{F11C6B04-B08A-4E7F-81FC-5197730EA1B3}.Ad-Hoc|iPhone.ActiveCfg = Ad-Hoc|iPhone
		{F11C6B04-B08A-4E7F-81FC-5197730EA1B3}.Ad-Hoc|iPhone.Build.0 = Ad-Hoc|iPhone
		{F11C6B04-B08A-4E7F-81FC-5197730EA1B3}.Ad-Hoc|iPhone.Deploy.0 = Ad-Hoc|iPhone
		{F11C6B04-B08A-4E7F-81FC-5197730EA1B3}.Ad-Hoc|iPhoneSimulator.ActiveCfg = Ad-Hoc|iPhoneSimulator
		{F11C6B04-B08A-4E7F-81FC-5197730EA1B3}.Ad-Hoc|iPhoneSimulator.Build.0 = Ad-Hoc|iPhoneSimulator
		{F11C6B04-B08A-4E7F-81FC-5197730EA1B3}.Ad-Hoc|iPhoneSimulator.Deploy.0 = Ad-Hoc|iPhoneSimulator
		{F11C6B04-B08A-4E7F-81FC-5197730EA1B3}.Ad-Hoc|x64.ActiveCfg = Ad-Hoc|iPhone
		{F11C6B04-B08A-4E7F-81FC-5197730EA1B3}.Ad-Hoc|x64.Build.0 = Ad-Hoc|iPhone
		{F11C6B04-B08A-4E7F-81FC-5197730EA1B3}.Ad-Hoc|x64.Deploy.0 = Ad-Hoc|iPhone
		{F11C6B04-B08A-4E7F-81FC-5197730EA1B3}.Ad-Hoc|x86.ActiveCfg = Ad-Hoc|iPhone
		{F11C6B04-B08A-4E7F-81FC-5197730EA1B3}.Ad-Hoc|x86.Build.0 = Ad-Hoc|iPhone
		{F11C6B04-B08A-4E7F-81FC-5197730EA1B3}.Ad-Hoc|x86.Deploy.0 = Ad-Hoc|iPhone
		{F11C6B04-B08A-4E7F-81FC-5197730EA1B3}.AppStore|Any CPU.ActiveCfg = AppStore|iPhone
		{F11C6B04-B08A-4E7F-81FC-5197730EA1B3}.AppStore|Any CPU.Build.0 = AppStore|iPhone
		{F11C6B04-B08A-4E7F-81FC-5197730EA1B3}.AppStore|Any CPU.Deploy.0 = AppStore|iPhone
		{F11C6B04-B08A-4E7F-81FC-5197730EA1B3}.AppStore|ARM.ActiveCfg = AppStore|iPhone
		{F11C6B04-B08A-4E7F-81FC-5197730EA1B3}.AppStore|ARM.Build.0 = AppStore|iPhone
		{F11C6B04-B08A-4E7F-81FC-5197730EA1B3}.AppStore|ARM.Deploy.0 = AppStore|iPhone
		{F11C6B04-B08A-4E7F-81FC-5197730EA1B3}.AppStore|iPhone.ActiveCfg = AppStore|iPhone
		{F11C6B04-B08A-4E7F-81FC-5197730EA1B3}.AppStore|iPhone.Build.0 = AppStore|iPhone
		{F11C6B04-B08A-4E7F-81FC-5197730EA1B3}.AppStore|iPhone.Deploy.0 = AppStore|iPhone
		{F11C6B04-B08A-4E7F-81FC-5197730EA1B3}.AppStore|iPhoneSimulator.ActiveCfg = AppStore|iPhoneSimulator
		{F11C6B04-B08A-4E7F-81FC-5197730EA1B3}.AppStore|iPhoneSimulator.Build.0 = AppStore|iPhoneSimulator
		{F11C6B04-B08A-4E7F-81FC-5197730EA1B3}.AppStore|iPhoneSimulator.Deploy.0 = AppStore|iPhoneSimulator
		{F11C6B04-B08A-4E7F-81FC-5197730EA1B3}.AppStore|x64.ActiveCfg = AppStore|iPhone
		{F11C6B04-B08A-4E7F-81FC-5197730EA1B3}.AppStore|x64.Build.0 = AppStore|iPhone
		{F11C6B04-B08A-4E7F-81FC-5197730EA1B3}.AppStore|x64.Deploy.0 = AppStore|iPhone
		{F11C6B04-B08A-4E7F-81FC-5197730EA1B3}.AppStore|x86.ActiveCfg = AppStore|iPhone
		{F11C6B04-B08A-4E7F-81FC-5197730EA1B3}.AppStore|x86.Build.0 = AppStore|iPhone
		{F11C6B04-B08A-4E7F-81FC-5197730EA1B3}.AppStore|x86.Deploy.0 = AppStore|iPhone
		{F11C6B04-B08A-4E7F-81FC-5197730EA1B3}.Debug|Any CPU.ActiveCfg = Debug|iPhoneSimulator
		{F11C6B04-B08A-4E7F-81FC-5197730EA1B3}.Debug|Any CPU.Build.0 = Debug|iPhoneSimulator
		{F11C6B04-B08A-4E7F-81FC-5197730EA1B3}.Debug|Any CPU.Deploy.0 = Debug|iPhoneSimulator
		{F11C6B04-B08A-4E7F-81FC-5197730EA1B3}.Debug|ARM.ActiveCfg = Debug|iPhone
		{F11C6B04-B08A-4E7F-81FC-5197730EA1B3}.Debug|ARM.Build.0 = Debug|iPhone
		{F11C6B04-B08A-4E7F-81FC-5197730EA1B3}.Debug|ARM.Deploy.0 = Debug|iPhone
		{F11C6B04-B08A-4E7F-81FC-5197730EA1B3}.Debug|iPhone.ActiveCfg = Debug|iPhone
		{F11C6B04-B08A-4E7F-81FC-5197730EA1B3}.Debug|iPhone.Build.0 = Debug|iPhone
		{F11C6B04-B08A-4E7F-81FC-5197730EA1B3}.Debug|iPhone.Deploy.0 = Debug|iPhone
		{F11C6B04-B08A-4E7F-81FC-5197730EA1B3}.Debug|iPhoneSimulator.ActiveCfg = Debug|iPhoneSimulator
		{F11C6B04-B08A-4E7F-81FC-5197730EA1B3}.Debug|iPhoneSimulator.Build.0 = Debug|iPhoneSimulator
		{F11C6B04-B08A-4E7F-81FC-5197730EA1B3}.Debug|iPhoneSimulator.Deploy.0 = Debug|iPhoneSimulator
		{F11C6B04-B08A-4E7F-81FC-5197730EA1B3}.Debug|x64.ActiveCfg = Debug|iPhone
		{F11C6B04-B08A-4E7F-81FC-5197730EA1B3}.Debug|x64.Build.0 = Debug|iPhone
		{F11C6B04-B08A-4E7F-81FC-5197730EA1B3}.Debug|x64.Deploy.0 = Debug|iPhone
		{F11C6B04-B08A-4E7F-81FC-5197730EA1B3}.Debug|x86.ActiveCfg = Debug|iPhone
		{F11C6B04-B08A-4E7F-81FC-5197730EA1B3}.Debug|x86.Build.0 = Debug|iPhone
		{F11C6B04-B08A-4E7F-81FC-5197730EA1B3}.Debug|x86.Deploy.0 = Debug|iPhone
		{F11C6B04-B08A-4E7F-81FC-5197730EA1B3}.Release|Any CPU.ActiveCfg = Release|iPhone
		{F11C6B04-B08A-4E7F-81FC-5197730EA1B3}.Release|Any CPU.Build.0 = Release|iPhone
		{F11C6B04-B08A-4E7F-81FC-5197730EA1B3}.Release|Any CPU.Deploy.0 = Release|iPhone
		{F11C6B04-B08A-4E7F-81FC-5197730EA1B3}.Release|ARM.ActiveCfg = Release|iPhone
		{F11C6B04-B08A-4E7F-81FC-5197730EA1B3}.Release|ARM.Build.0 = Release|iPhone
		{F11C6B04-B08A-4E7F-81FC-5197730EA1B3}.Release|ARM.Deploy.0 = Release|iPhone
		{F11C6B04-B08A-4E7F-81FC-5197730EA1B3}.Release|iPhone.ActiveCfg = Release|iPhone
		{F11C6B04-B08A-4E7F-81FC-5197730EA1B3}.Release|iPhone.Build.0 = Release|iPhone
		{F11C6B04-B08A-4E7F-81FC-5197730EA1B3}.Release|iPhone.Deploy.0 = Release|iPhone
		{F11C6B04-B08A-4E7F-81FC-5197730EA1B3}.Release|iPhoneSimulator.ActiveCfg = Release|iPhoneSimulator
		{F11C6B04-B08A-4E7F-81FC-5197730EA1B3}.Release|iPhoneSimulator.Build.0 = Release|iPhoneSimulator
		{F11C6B04-B08A-4E7F-81FC-5197730EA1B3}.Release|iPhoneSimulator.Deploy.0 = Release|iPhoneSimulator
		{F11C6B04-B08A-4E7F-81FC-5197730EA1B3}.Release|x64.ActiveCfg = Release|iPhone
		{F11C6B04-B08A-4E7F-81FC-5197730EA1B3}.Release|x64.Build.0 = Release|iPhone
		{F11C6B04-B08A-4E7F-81FC-5197730EA1B3}.Release|x64.Deploy.0 = Release|iPhone
		{F11C6B04-B08A-4E7F-81FC-5197730EA1B3}.Release|x86.ActiveCfg = Release|iPhone
		{F11C6B04-B08A-4E7F-81FC-5197730EA1B3}.Release|x86.Build.0 = Release|iPhone
		{F11C6B04-B08A-4E7F-81FC-5197730EA1B3}.Release|x86.Deploy.0 = Release|iPhone
		{92D02A7E-3E56-48E7-9C50-86FEC438905C}.Ad-Hoc|Any CPU.ActiveCfg = Release|x86
		{92D02A7E-3E56-48E7-9C50-86FEC438905C}.Ad-Hoc|Any CPU.Build.0 = Release|x86
		{92D02A7E-3E56-48E7-9C50-86FEC438905C}.Ad-Hoc|Any CPU.Deploy.0 = Release|x86
		{92D02A7E-3E56-48E7-9C50-86FEC438905C}.Ad-Hoc|ARM.ActiveCfg = Release|ARM
		{92D02A7E-3E56-48E7-9C50-86FEC438905C}.Ad-Hoc|ARM.Build.0 = Release|ARM
		{92D02A7E-3E56-48E7-9C50-86FEC438905C}.Ad-Hoc|ARM.Deploy.0 = Release|ARM
		{92D02A7E-3E56-48E7-9C50-86FEC438905C}.Ad-Hoc|iPhone.ActiveCfg = Release|x86
		{92D02A7E-3E56-48E7-9C50-86FEC438905C}.Ad-Hoc|iPhone.Build.0 = Release|x86
		{92D02A7E-3E56-48E7-9C50-86FEC438905C}.Ad-Hoc|iPhone.Deploy.0 = Release|x86
		{92D02A7E-3E56-48E7-9C50-86FEC438905C}.Ad-Hoc|iPhoneSimulator.ActiveCfg = Release|x86
		{92D02A7E-3E56-48E7-9C50-86FEC438905C}.Ad-Hoc|iPhoneSimulator.Build.0 = Release|x86
		{92D02A7E-3E56-48E7-9C50-86FEC438905C}.Ad-Hoc|iPhoneSimulator.Deploy.0 = Release|x86
		{92D02A7E-3E56-48E7-9C50-86FEC438905C}.Ad-Hoc|x64.ActiveCfg = Release|x64
		{92D02A7E-3E56-48E7-9C50-86FEC438905C}.Ad-Hoc|x64.Build.0 = Release|x64
		{92D02A7E-3E56-48E7-9C50-86FEC438905C}.Ad-Hoc|x64.Deploy.0 = Release|x64
		{92D02A7E-3E56-48E7-9C50-86FEC438905C}.Ad-Hoc|x86.ActiveCfg = Release|x86
		{92D02A7E-3E56-48E7-9C50-86FEC438905C}.Ad-Hoc|x86.Build.0 = Release|x86
		{92D02A7E-3E56-48E7-9C50-86FEC438905C}.Ad-Hoc|x86.Deploy.0 = Release|x86
		{92D02A7E-3E56-48E7-9C50-86FEC438905C}.AppStore|Any CPU.ActiveCfg = Release|x86
		{92D02A7E-3E56-48E7-9C50-86FEC438905C}.AppStore|Any CPU.Build.0 = Release|x86
		{92D02A7E-3E56-48E7-9C50-86FEC438905C}.AppStore|Any CPU.Deploy.0 = Release|x86
		{92D02A7E-3E56-48E7-9C50-86FEC438905C}.AppStore|ARM.ActiveCfg = Release|ARM
		{92D02A7E-3E56-48E7-9C50-86FEC438905C}.AppStore|ARM.Build.0 = Release|ARM
		{92D02A7E-3E56-48E7-9C50-86FEC438905C}.AppStore|ARM.Deploy.0 = Release|ARM
		{92D02A7E-3E56-48E7-9C50-86FEC438905C}.AppStore|iPhone.ActiveCfg = Release|x86
		{92D02A7E-3E56-48E7-9C50-86FEC438905C}.AppStore|iPhone.Build.0 = Release|x86
		{92D02A7E-3E56-48E7-9C50-86FEC438905C}.AppStore|iPhone.Deploy.0 = Release|x86
		{92D02A7E-3E56-48E7-9C50-86FEC438905C}.AppStore|iPhoneSimulator.ActiveCfg = Release|x86
		{92D02A7E-3E56-48E7-9C50-86FEC438905C}.AppStore|iPhoneSimulator.Build.0 = Release|x86
		{92D02A7E-3E56-48E7-9C50-86FEC438905C}.AppStore|iPhoneSimulator.Deploy.0 = Release|x86
		{92D02A7E-3E56-48E7-9C50-86FEC438905C}.AppStore|x64.ActiveCfg = Release|x64
		{92D02A7E-3E56-48E7-9C50-86FEC438905C}.AppStore|x64.Build.0 = Release|x64
		{92D02A7E-3E56-48E7-9C50-86FEC438905C}.AppStore|x64.Deploy.0 = Release|x64
		{92D02A7E-3E56-48E7-9C50-86FEC438905C}.AppStore|x86.ActiveCfg = Release|x86
		{92D02A7E-3E56-48E7-9C50-86FEC438905C}.AppStore|x86.Build.0 = Release|x86
		{92D02A7E-3E56-48E7-9C50-86FEC438905C}.AppStore|x86.Deploy.0 = Release|x86
		{92D02A7E-3E56-48E7-9C50-86FEC438905C}.Debug|Any CPU.ActiveCfg = Debug|x86
		{92D02A7E-3E56-48E7-9C50-86FEC438905C}.Debug|Any CPU.Build.0 = Debug|x86
		{92D02A7E-3E56-48E7-9C50-86FEC438905C}.Debug|Any CPU.Deploy.0 = Debug|x86
		{92D02A7E-3E56-48E7-9C50-86FEC438905C}.Debug|ARM.ActiveCfg = Debug|ARM
		{92D02A7E-3E56-48E7-9C50-86FEC438905C}.Debug|ARM.Build.0 = Debug|ARM
		{92D02A7E-3E56-48E7-9C50-86FEC438905C}.Debug|ARM.Deploy.0 = Debug|ARM
		{92D02A7E-3E56-48E7-9C50-86FEC438905C}.Debug|iPhone.ActiveCfg = Debug|x86
		{92D02A7E-3E56-48E7-9C50-86FEC438905C}.Debug|iPhone.Build.0 = Debug|x86
		{92D02A7E-3E56-48E7-9C50-86FEC438905C}.Debug|iPhone.Deploy.0 = Debug|x86
		{92D02A7E-3E56-48E7-9C50-86FEC438905C}.Debug|iPhoneSimulator.ActiveCfg = Debug|x86
		{92D02A7E-3E56-48E7-9C50-86FEC438905C}.Debug|iPhoneSimulator.Build.0 = Debug|x86
		{92D02A7E-3E56-48E7-9C50-86FEC438905C}.Debug|iPhoneSimulator.Deploy.0 = Debug|x86
		{92D02A7E-3E56-48E7-9C50-86FEC438905C}.Debug|x64.ActiveCfg = Debug|x64
		{92D02A7E-3E56-48E7-9C50-86FEC438905C}.Debug|x64.Build.0 = Debug|x64
		{92D02A7E-3E56-48E7-9C50-86FEC438905C}.Debug|x64.Deploy.0 = Debug|x64
		{92D02A7E-3E56-48E7-9C50-86FEC438905C}.Debug|x86.ActiveCfg = Debug|x86
		{92D02A7E-3E56-48E7-9C50-86FEC438905C}.Debug|x86.Build.0 = Debug|x86
		{92D02A7E-3E56-48E7-9C50-86FEC438905C}.Debug|x86.Deploy.0 = Debug|x86
		{92D02A7E-3E56-48E7-9C50-86FEC438905C}.Release|Any CPU.ActiveCfg = Release|x86
		{92D02A7E-3E56-48E7-9C50-86FEC438905C}.Release|Any CPU.Build.0 = Release|x86
		{92D02A7E-3E56-48E7-9C50-86FEC438905C}.Release|Any CPU.Deploy.0 = Release|x86
		{92D02A7E-3E56-48E7-9C50-86FEC438905C}.Release|ARM.ActiveCfg = Release|ARM
		{92D02A7E-3E56-48E7-9C50-86FEC438905C}.Release|ARM.Build.0 = Release|ARM
		{92D02A7E-3E56-48E7-9C50-86FEC438905C}.Release|ARM.Deploy.0 = Release|ARM
		{92D02A7E-3E56-48E7-9C50-86FEC438905C}.Release|iPhone.ActiveCfg = Release|x86
		{92D02A7E-3E56-48E7-9C50-86FEC438905C}.Release|iPhone.Build.0 = Release|x86
		{92D02A7E-3E56-48E7-9C50-86FEC438905C}.Release|iPhone.Deploy.0 = Release|x86
		{92D02A7E-3E56-48E7-9C50-86FEC438905C}.Release|iPhoneSimulator.ActiveCfg = Release|x86
		{92D02A7E-3E56-48E7-9C50-86FEC438905C}.Release|iPhoneSimulator.Build.0 = Release|x86
		{92D02A7E-3E56-48E7-9C50-86FEC438905C}.Release|iPhoneSimulator.Deploy.0 = Release|x86
		{92D02A7E-3E56-48E7-9C50-86FEC438905C}.Release|x64.ActiveCfg = Release|x64
		{92D02A7E-3E56-48E7-9C50-86FEC438905C}.Release|x64.Build.0 = Release|x64
		{92D02A7E-3E56-48E7-9C50-86FEC438905C}.Release|x64.Deploy.0 = Release|x64
		{92D02A7E-3E56-48E7-9C50-86FEC438905C}.Release|x86.ActiveCfg = Release|x86
		{92D02A7E-3E56-48E7-9C50-86FEC438905C}.Release|x86.Build.0 = Release|x86
		{92D02A7E-3E56-48E7-9C50-86FEC438905C}.Release|x86.Deploy.0 = Release|x86
		{D6E5657C-5793-4602-94F3-D188D0CD9466}.Ad-Hoc|Any CPU.ActiveCfg = Debug|Any CPU
		{D6E5657C-5793-4602-94F3-D188D0CD9466}.Ad-Hoc|Any CPU.Build.0 = Debug|Any CPU
		{D6E5657C-5793-4602-94F3-D188D0CD9466}.Ad-Hoc|Any CPU.Deploy.0 = Debug|Any CPU
		{D6E5657C-5793-4602-94F3-D188D0CD9466}.Ad-Hoc|ARM.ActiveCfg = Debug|Any CPU
		{D6E5657C-5793-4602-94F3-D188D0CD9466}.Ad-Hoc|ARM.Build.0 = Debug|Any CPU
		{D6E5657C-5793-4602-94F3-D188D0CD9466}.Ad-Hoc|ARM.Deploy.0 = Debug|Any CPU
		{D6E5657C-5793-4602-94F3-D188D0CD9466}.Ad-Hoc|iPhone.ActiveCfg = Debug|Any CPU
		{D6E5657C-5793-4602-94F3-D188D0CD9466}.Ad-Hoc|iPhone.Build.0 = Debug|Any CPU
		{D6E5657C-5793-4602-94F3-D188D0CD9466}.Ad-Hoc|iPhone.Deploy.0 = Debug|Any CPU
		{D6E5657C-5793-4602-94F3-D188D0CD9466}.Ad-Hoc|iPhoneSimulator.ActiveCfg = Debug|Any CPU
		{D6E5657C-5793-4602-94F3-D188D0CD9466}.Ad-Hoc|iPhoneSimulator.Build.0 = Debug|Any CPU
		{D6E5657C-5793-4602-94F3-D188D0CD9466}.Ad-Hoc|iPhoneSimulator.Deploy.0 = Debug|Any CPU
		{D6E5657C-5793-4602-94F3-D188D0CD9466}.Ad-Hoc|x64.ActiveCfg = Debug|Any CPU
		{D6E5657C-5793-4602-94F3-D188D0CD9466}.Ad-Hoc|x64.Build.0 = Debug|Any CPU
		{D6E5657C-5793-4602-94F3-D188D0CD9466}.Ad-Hoc|x64.Deploy.0 = Debug|Any CPU
		{D6E5657C-5793-4602-94F3-D188D0CD9466}.Ad-Hoc|x86.ActiveCfg = Debug|Any CPU
		{D6E5657C-5793-4602-94F3-D188D0CD9466}.Ad-Hoc|x86.Build.0 = Debug|Any CPU
		{D6E5657C-5793-4602-94F3-D188D0CD9466}.Ad-Hoc|x86.Deploy.0 = Debug|Any CPU
		{D6E5657C-5793-4602-94F3-D188D0CD9466}.AppStore|Any CPU.ActiveCfg = Debug|Any CPU
		{D6E5657C-5793-4602-94F3-D188D0CD9466}.AppStore|Any CPU.Build.0 = Debug|Any CPU
		{D6E5657C-5793-4602-94F3-D188D0CD9466}.AppStore|Any CPU.Deploy.0 = Debug|Any CPU
		{D6E5657C-5793-4602-94F3-D188D0CD9466}.AppStore|ARM.ActiveCfg = Debug|Any CPU
		{D6E5657C-5793-4602-94F3-D188D0CD9466}.AppStore|ARM.Build.0 = Debug|Any CPU
		{D6E5657C-5793-4602-94F3-D188D0CD9466}.AppStore|ARM.Deploy.0 = Debug|Any CPU
		{D6E5657C-5793-4602-94F3-D188D0CD9466}.AppStore|iPhone.ActiveCfg = Debug|Any CPU
		{D6E5657C-5793-4602-94F3-D188D0CD9466}.AppStore|iPhone.Build.0 = Debug|Any CPU
		{D6E5657C-5793-4602-94F3-D188D0CD9466}.AppStore|iPhone.Deploy.0 = Debug|Any CPU
		{D6E5657C-5793-4602-94F3-D188D0CD9466}.AppStore|iPhoneSimulator.ActiveCfg = Debug|Any CPU
		{D6E5657C-5793-4602-94F3-D188D0CD9466}.AppStore|iPhoneSimulator.Build.0 = Debug|Any CPU
		{D6E5657C-5793-4602-94F3-D188D0CD9466}.AppStore|iPhoneSimulator.Deploy.0 = Debug|Any CPU
		{D6E5657C-5793-4602-94F3-D188D0CD9466}.AppStore|x64.ActiveCfg = Debug|Any CPU
		{D6E5657C-5793-4602-94F3-D188D0CD9466}.AppStore|x64.Build.0 = Debug|Any CPU
		{D6E5657C-5793-4602-94F3-D188D0CD9466}.AppStore|x64.Deploy.0 = Debug|Any CPU
		{D6E5657C-5793-4602-94F3-D188D0CD9466}.AppStore|x86.ActiveCfg = Debug|Any CPU
		{D6E5657C-5793-4602-94F3-D188D0CD9466}.AppStore|x86.Build.0 = Debug|Any CPU
		{D6E5657C-5793-4602-94F3-D188D0CD9466}.AppStore|x86.Deploy.0 = Debug|Any CPU
		{D6E5657C-5793-4602-94F3-D188D0CD9466}.Debug|Any CPU.ActiveCfg = Debug|Any CPU
		{D6E5657C-5793-4602-94F3-D188D0CD9466}.Debug|Any CPU.Build.0 = Debug|Any CPU
		{D6E5657C-5793-4602-94F3-D188D0CD9466}.Debug|Any CPU.Deploy.0 = Debug|Any CPU
		{D6E5657C-5793-4602-94F3-D188D0CD9466}.Debug|ARM.ActiveCfg = Debug|Any CPU
		{D6E5657C-5793-4602-94F3-D188D0CD9466}.Debug|ARM.Build.0 = Debug|Any CPU
		{D6E5657C-5793-4602-94F3-D188D0CD9466}.Debug|ARM.Deploy.0 = Debug|Any CPU
		{D6E5657C-5793-4602-94F3-D188D0CD9466}.Debug|iPhone.ActiveCfg = Debug|Any CPU
		{D6E5657C-5793-4602-94F3-D188D0CD9466}.Debug|iPhone.Build.0 = Debug|Any CPU
		{D6E5657C-5793-4602-94F3-D188D0CD9466}.Debug|iPhone.Deploy.0 = Debug|Any CPU
		{D6E5657C-5793-4602-94F3-D188D0CD9466}.Debug|iPhoneSimulator.ActiveCfg = Debug|Any CPU
		{D6E5657C-5793-4602-94F3-D188D0CD9466}.Debug|iPhoneSimulator.Build.0 = Debug|Any CPU
		{D6E5657C-5793-4602-94F3-D188D0CD9466}.Debug|iPhoneSimulator.Deploy.0 = Debug|Any CPU
		{D6E5657C-5793-4602-94F3-D188D0CD9466}.Debug|x64.ActiveCfg = Debug|Any CPU
		{D6E5657C-5793-4602-94F3-D188D0CD9466}.Debug|x64.Build.0 = Debug|Any CPU
		{D6E5657C-5793-4602-94F3-D188D0CD9466}.Debug|x64.Deploy.0 = Debug|Any CPU
		{D6E5657C-5793-4602-94F3-D188D0CD9466}.Debug|x86.ActiveCfg = Debug|Any CPU
		{D6E5657C-5793-4602-94F3-D188D0CD9466}.Debug|x86.Build.0 = Debug|Any CPU
		{D6E5657C-5793-4602-94F3-D188D0CD9466}.Debug|x86.Deploy.0 = Debug|Any CPU
		{D6E5657C-5793-4602-94F3-D188D0CD9466}.Release|Any CPU.ActiveCfg = Release|Any CPU
		{D6E5657C-5793-4602-94F3-D188D0CD9466}.Release|Any CPU.Build.0 = Release|Any CPU
		{D6E5657C-5793-4602-94F3-D188D0CD9466}.Release|Any CPU.Deploy.0 = Release|Any CPU
		{D6E5657C-5793-4602-94F3-D188D0CD9466}.Release|ARM.ActiveCfg = Release|Any CPU
		{D6E5657C-5793-4602-94F3-D188D0CD9466}.Release|ARM.Build.0 = Release|Any CPU
		{D6E5657C-5793-4602-94F3-D188D0CD9466}.Release|ARM.Deploy.0 = Release|Any CPU
		{D6E5657C-5793-4602-94F3-D188D0CD9466}.Release|iPhone.ActiveCfg = Release|Any CPU
		{D6E5657C-5793-4602-94F3-D188D0CD9466}.Release|iPhone.Build.0 = Release|Any CPU
		{D6E5657C-5793-4602-94F3-D188D0CD9466}.Release|iPhone.Deploy.0 = Release|Any CPU
		{D6E5657C-5793-4602-94F3-D188D0CD9466}.Release|iPhoneSimulator.ActiveCfg = Release|Any CPU
		{D6E5657C-5793-4602-94F3-D188D0CD9466}.Release|iPhoneSimulator.Build.0 = Release|Any CPU
		{D6E5657C-5793-4602-94F3-D188D0CD9466}.Release|iPhoneSimulator.Deploy.0 = Release|Any CPU
		{D6E5657C-5793-4602-94F3-D188D0CD9466}.Release|x64.ActiveCfg = Release|Any CPU
		{D6E5657C-5793-4602-94F3-D188D0CD9466}.Release|x64.Build.0 = Release|Any CPU
		{D6E5657C-5793-4602-94F3-D188D0CD9466}.Release|x64.Deploy.0 = Release|Any CPU
		{D6E5657C-5793-4602-94F3-D188D0CD9466}.Release|x86.ActiveCfg = Release|Any CPU
		{D6E5657C-5793-4602-94F3-D188D0CD9466}.Release|x86.Build.0 = Release|Any CPU
		{D6E5657C-5793-4602-94F3-D188D0CD9466}.Release|x86.Deploy.0 = Release|Any CPU
	EndGlobalSection
	GlobalSection(SolutionProperties) = preSolution
		HideSolutionNode = FALSE
	EndGlobalSection
	GlobalSection(ExtensibilityGlobals) = postSolution
		SolutionGuid = {E37A9F04-39F0-47DE-8B8E-F8D0B54C4D6D}
	EndGlobalSection
EndGlobal
