
Microsoft Visual Studio Solution File, Format Version 12.00
# Visual Studio 15
VisualStudioVersion = 15.0.28307.539
MinimumVisualStudioVersion = 10.0.40219.1
Project("{FAE04EC0-301F-11D3-BF4B-00C04F79EFBC}") = "Binding_Demo.Android", "Binding_Demo\Binding_Demo.Android\Binding_Demo.Android.csproj", "{FB378B9A-1AB5-4005-86BE-FE95B08B8FA7}"
EndProject
Project("{FAE04EC0-301F-11D3-BF4B-00C04F79EFBC}") = "Binding_Demo.iOS", "Binding_Demo\Binding_Demo.iOS\Binding_Demo.iOS.csproj", "{8703F6B6-73F6-4D15-81A3-80A8F11DDB36}"
EndProject
Project("{FAE04EC0-301F-11D3-BF4B-00C04F79EFBC}") = "Binding_Demo.UWP", "Binding_Demo\Binding_Demo.UWP\Binding_Demo.UWP.csproj", "{B9ED206C-9ED2-466E-9746-186D5B1EFDCB}"
EndProject
Project("{FAE04EC0-301F-11D3-BF4B-00C04F79EFBC}") = "Binding_Demo", "Binding_Demo\Binding_Demo\Binding_Demo.csproj", "{CC5858E2-58CD-4592-A3FC-3BBBC599A0B6}"
EndProject
Global
	GlobalSection(SolutionConfigurationPlatforms) = preSolution
		Ad-Hoc|Any CPU = Ad-Hoc|Any CPU
		Ad-Hoc|ARM = Ad-Hoc|ARM
		Ad-Hoc|iPhone = Ad-Hoc|iPhone
		Ad-Hoc|iPhoneSimulator = Ad-Hoc|iPhoneSimulator
		Ad-Hoc|x64 = Ad-Hoc|x64
		Ad-Hoc|x86 = Ad-Hoc|x86
		AppStore|Any CPU = AppStore|Any CPU
		AppStore|ARM = AppStore|ARM
		AppStore|iPhone = AppStore|iPhone
		AppStore|iPhoneSimulator = AppStore|iPhoneSimulator
		AppStore|x64 = AppStore|x64
		AppStore|x86 = AppStore|x86
		Debug|Any CPU = Debug|Any CPU
		Debug|ARM = Debug|ARM
		Debug|iPhone = Debug|iPhone
		Debug|iPhoneSimulator = Debug|iPhoneSimulator
		Debug|x64 = Debug|x64
		Debug|x86 = Debug|x86
		Release|Any CPU = Release|Any CPU
		Release|ARM = Release|ARM
		Release|iPhone = Release|iPhone
		Release|iPhoneSimulator = Release|iPhoneSimulator
		Release|x64 = Release|x64
		Release|x86 = Release|x86
	EndGlobalSection
	GlobalSection(ProjectConfigurationPlatforms) = postSolution
		{FB378B9A-1AB5-4005-86BE-FE95B08B8FA7}.Ad-Hoc|Any CPU.ActiveCfg = Release|Any CPU
		{FB378B9A-1AB5-4005-86BE-FE95B08B8FA7}.Ad-Hoc|Any CPU.Build.0 = Release|Any CPU
		{FB378B9A-1AB5-4005-86BE-FE95B08B8FA7}.Ad-Hoc|Any CPU.Deploy.0 = Release|Any CPU
		{FB378B9A-1AB5-4005-86BE-FE95B08B8FA7}.Ad-Hoc|ARM.ActiveCfg = Release|Any CPU
		{FB378B9A-1AB5-4005-86BE-FE95B08B8FA7}.Ad-Hoc|ARM.Build.0 = Release|Any CPU
		{FB378B9A-1AB5-4005-86BE-FE95B08B8FA7}.Ad-Hoc|ARM.Deploy.0 = Release|Any CPU
		{FB378B9A-1AB5-4005-86BE-FE95B08B8FA7}.Ad-Hoc|iPhone.ActiveCfg = Release|Any CPU
		{FB378B9A-1AB5-4005-86BE-FE95B08B8FA7}.Ad-Hoc|iPhone.Build.0 = Release|Any CPU
		{FB378B9A-1AB5-4005-86BE-FE95B08B8FA7}.Ad-Hoc|iPhone.Deploy.0 = Release|Any CPU
		{FB378B9A-1AB5-4005-86BE-FE95B08B8FA7}.Ad-Hoc|iPhoneSimulator.ActiveCfg = Release|Any CPU
		{FB378B9A-1AB5-4005-86BE-FE95B08B8FA7}.Ad-Hoc|iPhoneSimulator.Build.0 = Release|Any CPU
		{FB378B9A-1AB5-4005-86BE-FE95B08B8FA7}.Ad-Hoc|iPhoneSimulator.Deploy.0 = Release|Any CPU
		{FB378B9A-1AB5-4005-86BE-FE95B08B8FA7}.Ad-Hoc|x64.ActiveCfg = Release|Any CPU
		{FB378B9A-1AB5-4005-86BE-FE95B08B8FA7}.Ad-Hoc|x64.Build.0 = Release|Any CPU
		{FB378B9A-1AB5-4005-86BE-FE95B08B8FA7}.Ad-Hoc|x64.Deploy.0 = Release|Any CPU
		{FB378B9A-1AB5-4005-86BE-FE95B08B8FA7}.Ad-Hoc|x86.ActiveCfg = Release|Any CPU
		{FB378B9A-1AB5-4005-86BE-FE95B08B8FA7}.Ad-Hoc|x86.Build.0 = Release|Any CPU
		{FB378B9A-1AB5-4005-86BE-FE95B08B8FA7}.Ad-Hoc|x86.Deploy.0 = Release|Any CPU
		{FB378B9A-1AB5-4005-86BE-FE95B08B8FA7}.AppStore|Any CPU.ActiveCfg = Release|Any CPU
		{FB378B9A-1AB5-4005-86BE-FE95B08B8FA7}.AppStore|Any CPU.Build.0 = Release|Any CPU
		{FB378B9A-1AB5-4005-86BE-FE95B08B8FA7}.AppStore|Any CPU.Deploy.0 = Release|Any CPU
		{FB378B9A-1AB5-4005-86BE-FE95B08B8FA7}.AppStore|ARM.ActiveCfg = Release|Any CPU
		{FB378B9A-1AB5-4005-86BE-FE95B08B8FA7}.AppStore|ARM.Build.0 = Release|Any CPU
		{FB378B9A-1AB5-4005-86BE-FE95B08B8FA7}.AppStore|ARM.Deploy.0 = Release|Any CPU
		{FB378B9A-1AB5-4005-86BE-FE95B08B8FA7}.AppStore|iPhone.ActiveCfg = Release|Any CPU
		{FB378B9A-1AB5-4005-86BE-FE95B08B8FA7}.AppStore|iPhone.Build.0 = Release|Any CPU
		{FB378B9A-1AB5-4005-86BE-FE95B08B8FA7}.AppStore|iPhone.Deploy.0 = Release|Any CPU
		{FB378B9A-1AB5-4005-86BE-FE95B08B8FA7}.AppStore|iPhoneSimulator.ActiveCfg = Release|Any CPU
		{FB378B9A-1AB5-4005-86BE-FE95B08B8FA7}.AppStore|iPhoneSimulator.Build.0 = Release|Any CPU
		{FB378B9A-1AB5-4005-86BE-FE95B08B8FA7}.AppStore|iPhoneSimulator.Deploy.0 = Release|Any CPU
		{FB378B9A-1AB5-4005-86BE-FE95B08B8FA7}.AppStore|x64.ActiveCfg = Release|Any CPU
		{FB378B9A-1AB5-4005-86BE-FE95B08B8FA7}.AppStore|x64.Build.0 = Release|Any CPU
		{FB378B9A-1AB5-4005-86BE-FE95B08B8FA7}.AppStore|x64.Deploy.0 = Release|Any CPU
		{FB378B9A-1AB5-4005-86BE-FE95B08B8FA7}.AppStore|x86.ActiveCfg = Release|Any CPU
		{FB378B9A-1AB5-4005-86BE-FE95B08B8FA7}.AppStore|x86.Build.0 = Release|Any CPU
		{FB378B9A-1AB5-4005-86BE-FE95B08B8FA7}.AppStore|x86.Deploy.0 = Release|Any CPU
		{FB378B9A-1AB5-4005-86BE-FE95B08B8FA7}.Debug|Any CPU.ActiveCfg = Debug|Any CPU
		{FB378B9A-1AB5-4005-86BE-FE95B08B8FA7}.Debug|Any CPU.Build.0 = Debug|Any CPU
		{FB378B9A-1AB5-4005-86BE-FE95B08B8FA7}.Debug|Any CPU.Deploy.0 = Debug|Any CPU
		{FB378B9A-1AB5-4005-86BE-FE95B08B8FA7}.Debug|ARM.ActiveCfg = Debug|Any CPU
		{FB378B9A-1AB5-4005-86BE-FE95B08B8FA7}.Debug|ARM.Build.0 = Debug|Any CPU
		{FB378B9A-1AB5-4005-86BE-FE95B08B8FA7}.Debug|ARM.Deploy.0 = Debug|Any CPU
		{FB378B9A-1AB5-4005-86BE-FE95B08B8FA7}.Debug|iPhone.ActiveCfg = Debug|Any CPU
		{FB378B9A-1AB5-4005-86BE-FE95B08B8FA7}.Debug|iPhone.Build.0 = Debug|Any CPU
		{FB378B9A-1AB5-4005-86BE-FE95B08B8FA7}.Debug|iPhone.Deploy.0 = Debug|Any CPU
		{FB378B9A-1AB5-4005-86BE-FE95B08B8FA7}.Debug|iPhoneSimulator.ActiveCfg = Debug|Any CPU
		{FB378B9A-1AB5-4005-86BE-FE95B08B8FA7}.Debug|iPhoneSimulator.Build.0 = Debug|Any CPU
		{FB378B9A-1AB5-4005-86BE-FE95B08B8FA7}.Debug|iPhoneSimulator.Deploy.0 = Debug|Any CPU
		{FB378B9A-1AB5-4005-86BE-FE95B08B8FA7}.Debug|x64.ActiveCfg = Debug|Any CPU
		{FB378B9A-1AB5-4005-86BE-FE95B08B8FA7}.Debug|x64.Build.0 = Debug|Any CPU
		{FB378B9A-1AB5-4005-86BE-FE95B08B8FA7}.Debug|x64.Deploy.0 = Debug|Any CPU
		{FB378B9A-1AB5-4005-86BE-FE95B08B8FA7}.Debug|x86.ActiveCfg = Debug|Any CPU
		{FB378B9A-1AB5-4005-86BE-FE95B08B8FA7}.Debug|x86.Build.0 = Debug|Any CPU
		{FB378B9A-1AB5-4005-86BE-FE95B08B8FA7}.Debug|x86.Deploy.0 = Debug|Any CPU
		{FB378B9A-1AB5-4005-86BE-FE95B08B8FA7}.Release|Any CPU.ActiveCfg = Release|Any CPU
		{FB378B9A-1AB5-4005-86BE-FE95B08B8FA7}.Release|Any CPU.Build.0 = Release|Any CPU
		{FB378B9A-1AB5-4005-86BE-FE95B08B8FA7}.Release|Any CPU.Deploy.0 = Release|Any CPU
		{FB378B9A-1AB5-4005-86BE-FE95B08B8FA7}.Release|ARM.ActiveCfg = Release|Any CPU
		{FB378B9A-1AB5-4005-86BE-FE95B08B8FA7}.Release|ARM.Build.0 = Release|Any CPU
		{FB378B9A-1AB5-4005-86BE-FE95B08B8FA7}.Release|ARM.Deploy.0 = Release|Any CPU
		{FB378B9A-1AB5-4005-86BE-FE95B08B8FA7}.Release|iPhone.ActiveCfg = Release|Any CPU
		{FB378B9A-1AB5-4005-86BE-FE95B08B8FA7}.Release|iPhone.Build.0 = Release|Any CPU
		{FB378B9A-1AB5-4005-86BE-FE95B08B8FA7}.Release|iPhone.Deploy.0 = Release|Any CPU
		{FB378B9A-1AB5-4005-86BE-FE95B08B8FA7}.Release|iPhoneSimulator.ActiveCfg = Release|Any CPU
		{FB378B9A-1AB5-4005-86BE-FE95B08B8FA7}.Release|iPhoneSimulator.Build.0 = Release|Any CPU
		{FB378B9A-1AB5-4005-86BE-FE95B08B8FA7}.Release|iPhoneSimulator.Deploy.0 = Release|Any CPU
		{FB378B9A-1AB5-4005-86BE-FE95B08B8FA7}.Release|x64.ActiveCfg = Release|Any CPU
		{FB378B9A-1AB5-4005-86BE-FE95B08B8FA7}.Release|x64.Build.0 = Release|Any CPU
		{FB378B9A-1AB5-4005-86BE-FE95B08B8FA7}.Release|x64.Deploy.0 = Release|Any CPU
		{FB378B9A-1AB5-4005-86BE-FE95B08B8FA7}.Release|x86.ActiveCfg = Release|Any CPU
		{FB378B9A-1AB5-4005-86BE-FE95B08B8FA7}.Release|x86.Build.0 = Release|Any CPU
		{FB378B9A-1AB5-4005-86BE-FE95B08B8FA7}.Release|x86.Deploy.0 = Release|Any CPU
		{8703F6B6-73F6-4D15-81A3-80A8F11DDB36}.Ad-Hoc|Any CPU.ActiveCfg = Ad-Hoc|iPhone
		{8703F6B6-73F6-4D15-81A3-80A8F11DDB36}.Ad-Hoc|Any CPU.Build.0 = Ad-Hoc|iPhone
		{8703F6B6-73F6-4D15-81A3-80A8F11DDB36}.Ad-Hoc|Any CPU.Deploy.0 = Ad-Hoc|iPhone
		{8703F6B6-73F6-4D15-81A3-80A8F11DDB36}.Ad-Hoc|ARM.ActiveCfg = Ad-Hoc|iPhone
		{8703F6B6-73F6-4D15-81A3-80A8F11DDB36}.Ad-Hoc|ARM.Build.0 = Ad-Hoc|iPhone
		{8703F6B6-73F6-4D15-81A3-80A8F11DDB36}.Ad-Hoc|ARM.Deploy.0 = Ad-Hoc|iPhone
		{8703F6B6-73F6-4D15-81A3-80A8F11DDB36}.Ad-Hoc|iPhone.ActiveCfg = Ad-Hoc|iPhone
		{8703F6B6-73F6-4D15-81A3-80A8F11DDB36}.Ad-Hoc|iPhone.Build.0 = Ad-Hoc|iPhone
		{8703F6B6-73F6-4D15-81A3-80A8F11DDB36}.Ad-Hoc|iPhone.Deploy.0 = Ad-Hoc|iPhone
		{8703F6B6-73F6-4D15-81A3-80A8F11DDB36}.Ad-Hoc|iPhoneSimulator.ActiveCfg = Ad-Hoc|iPhoneSimulator
		{8703F6B6-73F6-4D15-81A3-80A8F11DDB36}.Ad-Hoc|iPhoneSimulator.Build.0 = Ad-Hoc|iPhoneSimulator
		{8703F6B6-73F6-4D15-81A3-80A8F11DDB36}.Ad-Hoc|iPhoneSimulator.Deploy.0 = Ad-Hoc|iPhoneSimulator
		{8703F6B6-73F6-4D15-81A3-80A8F11DDB36}.Ad-Hoc|x64.ActiveCfg = Ad-Hoc|iPhone
		{8703F6B6-73F6-4D15-81A3-80A8F11DDB36}.Ad-Hoc|x64.Build.0 = Ad-Hoc|iPhone
		{8703F6B6-73F6-4D15-81A3-80A8F11DDB36}.Ad-Hoc|x64.Deploy.0 = Ad-Hoc|iPhone
		{8703F6B6-73F6-4D15-81A3-80A8F11DDB36}.Ad-Hoc|x86.ActiveCfg = Ad-Hoc|iPhone
		{8703F6B6-73F6-4D15-81A3-80A8F11DDB36}.Ad-Hoc|x86.Build.0 = Ad-Hoc|iPhone
		{8703F6B6-73F6-4D15-81A3-80A8F11DDB36}.Ad-Hoc|x86.Deploy.0 = Ad-Hoc|iPhone
		{8703F6B6-73F6-4D15-81A3-80A8F11DDB36}.AppStore|Any CPU.ActiveCfg = AppStore|iPhone
		{8703F6B6-73F6-4D15-81A3-80A8F11DDB36}.AppStore|Any CPU.Build.0 = AppStore|iPhone
		{8703F6B6-73F6-4D15-81A3-80A8F11DDB36}.AppStore|Any CPU.Deploy.0 = AppStore|iPhone
		{8703F6B6-73F6-4D15-81A3-80A8F11DDB36}.AppStore|ARM.ActiveCfg = AppStore|iPhone
		{8703F6B6-73F6-4D15-81A3-80A8F11DDB36}.AppStore|ARM.Build.0 = AppStore|iPhone
		{8703F6B6-73F6-4D15-81A3-80A8F11DDB36}.AppStore|ARM.Deploy.0 = AppStore|iPhone
		{8703F6B6-73F6-4D15-81A3-80A8F11DDB36}.AppStore|iPhone.ActiveCfg = AppStore|iPhone
		{8703F6B6-73F6-4D15-81A3-80A8F11DDB36}.AppStore|iPhone.Build.0 = AppStore|iPhone
		{8703F6B6-73F6-4D15-81A3-80A8F11DDB36}.AppStore|iPhone.Deploy.0 = AppStore|iPhone
		{8703F6B6-73F6-4D15-81A3-80A8F11DDB36}.AppStore|iPhoneSimulator.ActiveCfg = AppStore|iPhoneSimulator
		{8703F6B6-73F6-4D15-81A3-80A8F11DDB36}.AppStore|iPhoneSimulator.Build.0 = AppStore|iPhoneSimulator
		{8703F6B6-73F6-4D15-81A3-80A8F11DDB36}.AppStore|iPhoneSimulator.Deploy.0 = AppStore|iPhoneSimulator
		{8703F6B6-73F6-4D15-81A3-80A8F11DDB36}.AppStore|x64.ActiveCfg = AppStore|iPhone
		{8703F6B6-73F6-4D15-81A3-80A8F11DDB36}.AppStore|x64.Build.0 = AppStore|iPhone
		{8703F6B6-73F6-4D15-81A3-80A8F11DDB36}.AppStore|x64.Deploy.0 = AppStore|iPhone
		{8703F6B6-73F6-4D15-81A3-80A8F11DDB36}.AppStore|x86.ActiveCfg = AppStore|iPhone
		{8703F6B6-73F6-4D15-81A3-80A8F11DDB36}.AppStore|x86.Build.0 = AppStore|iPhone
		{8703F6B6-73F6-4D15-81A3-80A8F11DDB36}.AppStore|x86.Deploy.0 = AppStore|iPhone
		{8703F6B6-73F6-4D15-81A3-80A8F11DDB36}.Debug|Any CPU.ActiveCfg = Debug|iPhoneSimulator
		{8703F6B6-73F6-4D15-81A3-80A8F11DDB36}.Debug|Any CPU.Build.0 = Debug|iPhoneSimulator
		{8703F6B6-73F6-4D15-81A3-80A8F11DDB36}.Debug|Any CPU.Deploy.0 = Debug|iPhoneSimulator
		{8703F6B6-73F6-4D15-81A3-80A8F11DDB36}.Debug|ARM.ActiveCfg = Debug|iPhone
		{8703F6B6-73F6-4D15-81A3-80A8F11DDB36}.Debug|ARM.Build.0 = Debug|iPhone
		{8703F6B6-73F6-4D15-81A3-80A8F11DDB36}.Debug|ARM.Deploy.0 = Debug|iPhone
		{8703F6B6-73F6-4D15-81A3-80A8F11DDB36}.Debug|iPhone.ActiveCfg = Debug|iPhone
		{8703F6B6-73F6-4D15-81A3-80A8F11DDB36}.Debug|iPhone.Build.0 = Debug|iPhone
		{8703F6B6-73F6-4D15-81A3-80A8F11DDB36}.Debug|iPhone.Deploy.0 = Debug|iPhone
		{8703F6B6-73F6-4D15-81A3-80A8F11DDB36}.Debug|iPhoneSimulator.ActiveCfg = Debug|iPhoneSimulator
		{8703F6B6-73F6-4D15-81A3-80A8F11DDB36}.Debug|iPhoneSimulator.Build.0 = Debug|iPhoneSimulator
		{8703F6B6-73F6-4D15-81A3-80A8F11DDB36}.Debug|iPhoneSimulator.Deploy.0 = Debug|iPhoneSimulator
		{8703F6B6-73F6-4D15-81A3-80A8F11DDB36}.Debug|x64.ActiveCfg = Debug|iPhone
		{8703F6B6-73F6-4D15-81A3-80A8F11DDB36}.Debug|x64.Build.0 = Debug|iPhone
		{8703F6B6-73F6-4D15-81A3-80A8F11DDB36}.Debug|x64.Deploy.0 = Debug|iPhone
		{8703F6B6-73F6-4D15-81A3-80A8F11DDB36}.Debug|x86.ActiveCfg = Debug|iPhone
		{8703F6B6-73F6-4D15-81A3-80A8F11DDB36}.Debug|x86.Build.0 = Debug|iPhone
		{8703F6B6-73F6-4D15-81A3-80A8F11DDB36}.Debug|x86.Deploy.0 = Debug|iPhone
		{8703F6B6-73F6-4D15-81A3-80A8F11DDB36}.Release|Any CPU.ActiveCfg = Release|iPhone
		{8703F6B6-73F6-4D15-81A3-80A8F11DDB36}.Release|Any CPU.Build.0 = Release|iPhone
		{8703F6B6-73F6-4D15-81A3-80A8F11DDB36}.Release|Any CPU.Deploy.0 = Release|iPhone
		{8703F6B6-73F6-4D15-81A3-80A8F11DDB36}.Release|ARM.ActiveCfg = Release|iPhone
		{8703F6B6-73F6-4D15-81A3-80A8F11DDB36}.Release|ARM.Build.0 = Release|iPhone
		{8703F6B6-73F6-4D15-81A3-80A8F11DDB36}.Release|ARM.Deploy.0 = Release|iPhone
		{8703F6B6-73F6-4D15-81A3-80A8F11DDB36}.Release|iPhone.ActiveCfg = Release|iPhone
		{8703F6B6-73F6-4D15-81A3-80A8F11DDB36}.Release|iPhone.Build.0 = Release|iPhone
		{8703F6B6-73F6-4D15-81A3-80A8F11DDB36}.Release|iPhone.Deploy.0 = Release|iPhone
		{8703F6B6-73F6-4D15-81A3-80A8F11DDB36}.Release|iPhoneSimulator.ActiveCfg = Release|iPhoneSimulator
		{8703F6B6-73F6-4D15-81A3-80A8F11DDB36}.Release|iPhoneSimulator.Build.0 = Release|iPhoneSimulator
		{8703F6B6-73F6-4D15-81A3-80A8F11DDB36}.Release|iPhoneSimulator.Deploy.0 = Release|iPhoneSimulator
		{8703F6B6-73F6-4D15-81A3-80A8F11DDB36}.Release|x64.ActiveCfg = Release|iPhone
		{8703F6B6-73F6-4D15-81A3-80A8F11DDB36}.Release|x64.Build.0 = Release|iPhone
		{8703F6B6-73F6-4D15-81A3-80A8F11DDB36}.Release|x64.Deploy.0 = Release|iPhone
		{8703F6B6-73F6-4D15-81A3-80A8F11DDB36}.Release|x86.ActiveCfg = Release|iPhone
		{8703F6B6-73F6-4D15-81A3-80A8F11DDB36}.Release|x86.Build.0 = Release|iPhone
		{8703F6B6-73F6-4D15-81A3-80A8F11DDB36}.Release|x86.Deploy.0 = Release|iPhone
		{B9ED206C-9ED2-466E-9746-186D5B1EFDCB}.Ad-Hoc|Any CPU.ActiveCfg = Release|x86
		{B9ED206C-9ED2-466E-9746-186D5B1EFDCB}.Ad-Hoc|Any CPU.Build.0 = Release|x86
		{B9ED206C-9ED2-466E-9746-186D5B1EFDCB}.Ad-Hoc|Any CPU.Deploy.0 = Release|x86
		{B9ED206C-9ED2-466E-9746-186D5B1EFDCB}.Ad-Hoc|ARM.ActiveCfg = Release|ARM
		{B9ED206C-9ED2-466E-9746-186D5B1EFDCB}.Ad-Hoc|ARM.Build.0 = Release|ARM
		{B9ED206C-9ED2-466E-9746-186D5B1EFDCB}.Ad-Hoc|ARM.Deploy.0 = Release|ARM
		{B9ED206C-9ED2-466E-9746-186D5B1EFDCB}.Ad-Hoc|iPhone.ActiveCfg = Release|x86
		{B9ED206C-9ED2-466E-9746-186D5B1EFDCB}.Ad-Hoc|iPhone.Build.0 = Release|x86
		{B9ED206C-9ED2-466E-9746-186D5B1EFDCB}.Ad-Hoc|iPhone.Deploy.0 = Release|x86
		{B9ED206C-9ED2-466E-9746-186D5B1EFDCB}.Ad-Hoc|iPhoneSimulator.ActiveCfg = Release|x86
		{B9ED206C-9ED2-466E-9746-186D5B1EFDCB}.Ad-Hoc|iPhoneSimulator.Build.0 = Release|x86
		{B9ED206C-9ED2-466E-9746-186D5B1EFDCB}.Ad-Hoc|iPhoneSimulator.Deploy.0 = Release|x86
		{B9ED206C-9ED2-466E-9746-186D5B1EFDCB}.Ad-Hoc|x64.ActiveCfg = Release|x64
		{B9ED206C-9ED2-466E-9746-186D5B1EFDCB}.Ad-Hoc|x64.Build.0 = Release|x64
		{B9ED206C-9ED2-466E-9746-186D5B1EFDCB}.Ad-Hoc|x64.Deploy.0 = Release|x64
		{B9ED206C-9ED2-466E-9746-186D5B1EFDCB}.Ad-Hoc|x86.ActiveCfg = Release|x86
		{B9ED206C-9ED2-466E-9746-186D5B1EFDCB}.Ad-Hoc|x86.Build.0 = Release|x86
		{B9ED206C-9ED2-466E-9746-186D5B1EFDCB}.Ad-Hoc|x86.Deploy.0 = Release|x86
		{B9ED206C-9ED2-466E-9746-186D5B1EFDCB}.AppStore|Any CPU.ActiveCfg = Release|x86
		{B9ED206C-9ED2-466E-9746-186D5B1EFDCB}.AppStore|Any CPU.Build.0 = Release|x86
		{B9ED206C-9ED2-466E-9746-186D5B1EFDCB}.AppStore|Any CPU.Deploy.0 = Release|x86
		{B9ED206C-9ED2-466E-9746-186D5B1EFDCB}.AppStore|ARM.ActiveCfg = Release|ARM
		{B9ED206C-9ED2-466E-9746-186D5B1EFDCB}.AppStore|ARM.Build.0 = Release|ARM
		{B9ED206C-9ED2-466E-9746-186D5B1EFDCB}.AppStore|ARM.Deploy.0 = Release|ARM
		{B9ED206C-9ED2-466E-9746-186D5B1EFDCB}.AppStore|iPhone.ActiveCfg = Release|x86
		{B9ED206C-9ED2-466E-9746-186D5B1EFDCB}.AppStore|iPhone.Build.0 = Release|x86
		{B9ED206C-9ED2-466E-9746-186D5B1EFDCB}.AppStore|iPhone.Deploy.0 = Release|x86
		{B9ED206C-9ED2-466E-9746-186D5B1EFDCB}.AppStore|iPhoneSimulator.ActiveCfg = Release|x86
		{B9ED206C-9ED2-466E-9746-186D5B1EFDCB}.AppStore|iPhoneSimulator.Build.0 = Release|x86
		{B9ED206C-9ED2-466E-9746-186D5B1EFDCB}.AppStore|iPhoneSimulator.Deploy.0 = Release|x86
		{B9ED206C-9ED2-466E-9746-186D5B1EFDCB}.AppStore|x64.ActiveCfg = Release|x64
		{B9ED206C-9ED2-466E-9746-186D5B1EFDCB}.AppStore|x64.Build.0 = Release|x64
		{B9ED206C-9ED2-466E-9746-186D5B1EFDCB}.AppStore|x64.Deploy.0 = Release|x64
		{B9ED206C-9ED2-466E-9746-186D5B1EFDCB}.AppStore|x86.ActiveCfg = Release|x86
		{B9ED206C-9ED2-466E-9746-186D5B1EFDCB}.AppStore|x86.Build.0 = Release|x86
		{B9ED206C-9ED2-466E-9746-186D5B1EFDCB}.AppStore|x86.Deploy.0 = Release|x86
		{B9ED206C-9ED2-466E-9746-186D5B1EFDCB}.Debug|Any CPU.ActiveCfg = Debug|x86
		{B9ED206C-9ED2-466E-9746-186D5B1EFDCB}.Debug|Any CPU.Build.0 = Debug|x86
		{B9ED206C-9ED2-466E-9746-186D5B1EFDCB}.Debug|Any CPU.Deploy.0 = Debug|x86
		{B9ED206C-9ED2-466E-9746-186D5B1EFDCB}.Debug|ARM.ActiveCfg = Debug|ARM
		{B9ED206C-9ED2-466E-9746-186D5B1EFDCB}.Debug|ARM.Build.0 = Debug|ARM
		{B9ED206C-9ED2-466E-9746-186D5B1EFDCB}.Debug|ARM.Deploy.0 = Debug|ARM
		{B9ED206C-9ED2-466E-9746-186D5B1EFDCB}.Debug|iPhone.ActiveCfg = Debug|x86
		{B9ED206C-9ED2-466E-9746-186D5B1EFDCB}.Debug|iPhone.Build.0 = Debug|x86
		{B9ED206C-9ED2-466E-9746-186D5B1EFDCB}.Debug|iPhone.Deploy.0 = Debug|x86
		{B9ED206C-9ED2-466E-9746-186D5B1EFDCB}.Debug|iPhoneSimulator.ActiveCfg = Debug|x86
		{B9ED206C-9ED2-466E-9746-186D5B1EFDCB}.Debug|iPhoneSimulator.Build.0 = Debug|x86
		{B9ED206C-9ED2-466E-9746-186D5B1EFDCB}.Debug|iPhoneSimulator.Deploy.0 = Debug|x86
		{B9ED206C-9ED2-466E-9746-186D5B1EFDCB}.Debug|x64.ActiveCfg = Debug|x64
		{B9ED206C-9ED2-466E-9746-186D5B1EFDCB}.Debug|x64.Build.0 = Debug|x64
		{B9ED206C-9ED2-466E-9746-186D5B1EFDCB}.Debug|x64.Deploy.0 = Debug|x64
		{B9ED206C-9ED2-466E-9746-186D5B1EFDCB}.Debug|x86.ActiveCfg = Debug|x86
		{B9ED206C-9ED2-466E-9746-186D5B1EFDCB}.Debug|x86.Build.0 = Debug|x86
		{B9ED206C-9ED2-466E-9746-186D5B1EFDCB}.Debug|x86.Deploy.0 = Debug|x86
		{B9ED206C-9ED2-466E-9746-186D5B1EFDCB}.Release|Any CPU.ActiveCfg = Release|x86
		{B9ED206C-9ED2-466E-9746-186D5B1EFDCB}.Release|Any CPU.Build.0 = Release|x86
		{B9ED206C-9ED2-466E-9746-186D5B1EFDCB}.Release|Any CPU.Deploy.0 = Release|x86
		{B9ED206C-9ED2-466E-9746-186D5B1EFDCB}.Release|ARM.ActiveCfg = Release|ARM
		{B9ED206C-9ED2-466E-9746-186D5B1EFDCB}.Release|ARM.Build.0 = Release|ARM
		{B9ED206C-9ED2-466E-9746-186D5B1EFDCB}.Release|ARM.Deploy.0 = Release|ARM
		{B9ED206C-9ED2-466E-9746-186D5B1EFDCB}.Release|iPhone.ActiveCfg = Release|x86
		{B9ED206C-9ED2-466E-9746-186D5B1EFDCB}.Release|iPhone.Build.0 = Release|x86
		{B9ED206C-9ED2-466E-9746-186D5B1EFDCB}.Release|iPhone.Deploy.0 = Release|x86
		{B9ED206C-9ED2-466E-9746-186D5B1EFDCB}.Release|iPhoneSimulator.ActiveCfg = Release|x86
		{B9ED206C-9ED2-466E-9746-186D5B1EFDCB}.Release|iPhoneSimulator.Build.0 = Release|x86
		{B9ED206C-9ED2-466E-9746-186D5B1EFDCB}.Release|iPhoneSimulator.Deploy.0 = Release|x86
		{B9ED206C-9ED2-466E-9746-186D5B1EFDCB}.Release|x64.ActiveCfg = Release|x64
		{B9ED206C-9ED2-466E-9746-186D5B1EFDCB}.Release|x64.Build.0 = Release|x64
		{B9ED206C-9ED2-466E-9746-186D5B1EFDCB}.Release|x64.Deploy.0 = Release|x64
		{B9ED206C-9ED2-466E-9746-186D5B1EFDCB}.Release|x86.ActiveCfg = Release|x86
		{B9ED206C-9ED2-466E-9746-186D5B1EFDCB}.Release|x86.Build.0 = Release|x86
		{B9ED206C-9ED2-466E-9746-186D5B1EFDCB}.Release|x86.Deploy.0 = Release|x86
		{CC5858E2-58CD-4592-A3FC-3BBBC599A0B6}.Ad-Hoc|Any CPU.ActiveCfg = Debug|Any CPU
		{CC5858E2-58CD-4592-A3FC-3BBBC599A0B6}.Ad-Hoc|Any CPU.Build.0 = Debug|Any CPU
		{CC5858E2-58CD-4592-A3FC-3BBBC599A0B6}.Ad-Hoc|Any CPU.Deploy.0 = Debug|Any CPU
		{CC5858E2-58CD-4592-A3FC-3BBBC599A0B6}.Ad-Hoc|ARM.ActiveCfg = Debug|Any CPU
		{CC5858E2-58CD-4592-A3FC-3BBBC599A0B6}.Ad-Hoc|ARM.Build.0 = Debug|Any CPU
		{CC5858E2-58CD-4592-A3FC-3BBBC599A0B6}.Ad-Hoc|ARM.Deploy.0 = Debug|Any CPU
		{CC5858E2-58CD-4592-A3FC-3BBBC599A0B6}.Ad-Hoc|iPhone.ActiveCfg = Debug|Any CPU
		{CC5858E2-58CD-4592-A3FC-3BBBC599A0B6}.Ad-Hoc|iPhone.Build.0 = Debug|Any CPU
		{CC5858E2-58CD-4592-A3FC-3BBBC599A0B6}.Ad-Hoc|iPhone.Deploy.0 = Debug|Any CPU
		{CC5858E2-58CD-4592-A3FC-3BBBC599A0B6}.Ad-Hoc|iPhoneSimulator.ActiveCfg = Debug|Any CPU
		{CC5858E2-58CD-4592-A3FC-3BBBC599A0B6}.Ad-Hoc|iPhoneSimulator.Build.0 = Debug|Any CPU
		{CC5858E2-58CD-4592-A3FC-3BBBC599A0B6}.Ad-Hoc|iPhoneSimulator.Deploy.0 = Debug|Any CPU
		{CC5858E2-58CD-4592-A3FC-3BBBC599A0B6}.Ad-Hoc|x64.ActiveCfg = Debug|Any CPU
		{CC5858E2-58CD-4592-A3FC-3BBBC599A0B6}.Ad-Hoc|x64.Build.0 = Debug|Any CPU
		{CC5858E2-58CD-4592-A3FC-3BBBC599A0B6}.Ad-Hoc|x64.Deploy.0 = Debug|Any CPU
		{CC5858E2-58CD-4592-A3FC-3BBBC599A0B6}.Ad-Hoc|x86.ActiveCfg = Debug|Any CPU
		{CC5858E2-58CD-4592-A3FC-3BBBC599A0B6}.Ad-Hoc|x86.Build.0 = Debug|Any CPU
		{CC5858E2-58CD-4592-A3FC-3BBBC599A0B6}.Ad-Hoc|x86.Deploy.0 = Debug|Any CPU
		{CC5858E2-58CD-4592-A3FC-3BBBC599A0B6}.AppStore|Any CPU.ActiveCfg = Debug|Any CPU
		{CC5858E2-58CD-4592-A3FC-3BBBC599A0B6}.AppStore|Any CPU.Build.0 = Debug|Any CPU
		{CC5858E2-58CD-4592-A3FC-3BBBC599A0B6}.AppStore|Any CPU.Deploy.0 = Debug|Any CPU
		{CC5858E2-58CD-4592-A3FC-3BBBC599A0B6}.AppStore|ARM.ActiveCfg = Debug|Any CPU
		{CC5858E2-58CD-4592-A3FC-3BBBC599A0B6}.AppStore|ARM.Build.0 = Debug|Any CPU
		{CC5858E2-58CD-4592-A3FC-3BBBC599A0B6}.AppStore|ARM.Deploy.0 = Debug|Any CPU
		{CC5858E2-58CD-4592-A3FC-3BBBC599A0B6}.AppStore|iPhone.ActiveCfg = Debug|Any CPU
		{CC5858E2-58CD-4592-A3FC-3BBBC599A0B6}.AppStore|iPhone.Build.0 = Debug|Any CPU
		{CC5858E2-58CD-4592-A3FC-3BBBC599A0B6}.AppStore|iPhone.Deploy.0 = Debug|Any CPU
		{CC5858E2-58CD-4592-A3FC-3BBBC599A0B6}.AppStore|iPhoneSimulator.ActiveCfg = Debug|Any CPU
		{CC5858E2-58CD-4592-A3FC-3BBBC599A0B6}.AppStore|iPhoneSimulator.Build.0 = Debug|Any CPU
		{CC5858E2-58CD-4592-A3FC-3BBBC599A0B6}.AppStore|iPhoneSimulator.Deploy.0 = Debug|Any CPU
		{CC5858E2-58CD-4592-A3FC-3BBBC599A0B6}.AppStore|x64.ActiveCfg = Debug|Any CPU
		{CC5858E2-58CD-4592-A3FC-3BBBC599A0B6}.AppStore|x64.Build.0 = Debug|Any CPU
		{CC5858E2-58CD-4592-A3FC-3BBBC599A0B6}.AppStore|x64.Deploy.0 = Debug|Any CPU
		{CC5858E2-58CD-4592-A3FC-3BBBC599A0B6}.AppStore|x86.ActiveCfg = Debug|Any CPU
		{CC5858E2-58CD-4592-A3FC-3BBBC599A0B6}.AppStore|x86.Build.0 = Debug|Any CPU
		{CC5858E2-58CD-4592-A3FC-3BBBC599A0B6}.AppStore|x86.Deploy.0 = Debug|Any CPU
		{CC5858E2-58CD-4592-A3FC-3BBBC599A0B6}.Debug|Any CPU.ActiveCfg = Debug|Any CPU
		{CC5858E2-58CD-4592-A3FC-3BBBC599A0B6}.Debug|Any CPU.Build.0 = Debug|Any CPU
		{CC5858E2-58CD-4592-A3FC-3BBBC599A0B6}.Debug|Any CPU.Deploy.0 = Debug|Any CPU
		{CC5858E2-58CD-4592-A3FC-3BBBC599A0B6}.Debug|ARM.ActiveCfg = Debug|Any CPU
		{CC5858E2-58CD-4592-A3FC-3BBBC599A0B6}.Debug|ARM.Build.0 = Debug|Any CPU
		{CC5858E2-58CD-4592-A3FC-3BBBC599A0B6}.Debug|ARM.Deploy.0 = Debug|Any CPU
		{CC5858E2-58CD-4592-A3FC-3BBBC599A0B6}.Debug|iPhone.ActiveCfg = Debug|Any CPU
		{CC5858E2-58CD-4592-A3FC-3BBBC599A0B6}.Debug|iPhone.Build.0 = Debug|Any CPU
		{CC5858E2-58CD-4592-A3FC-3BBBC599A0B6}.Debug|iPhone.Deploy.0 = Debug|Any CPU
		{CC5858E2-58CD-4592-A3FC-3BBBC599A0B6}.Debug|iPhoneSimulator.ActiveCfg = Debug|Any CPU
		{CC5858E2-58CD-4592-A3FC-3BBBC599A0B6}.Debug|iPhoneSimulator.Build.0 = Debug|Any CPU
		{CC5858E2-58CD-4592-A3FC-3BBBC599A0B6}.Debug|iPhoneSimulator.Deploy.0 = Debug|Any CPU
		{CC5858E2-58CD-4592-A3FC-3BBBC599A0B6}.Debug|x64.ActiveCfg = Debug|Any CPU
		{CC5858E2-58CD-4592-A3FC-3BBBC599A0B6}.Debug|x64.Build.0 = Debug|Any CPU
		{CC5858E2-58CD-4592-A3FC-3BBBC599A0B6}.Debug|x64.Deploy.0 = Debug|Any CPU
		{CC5858E2-58CD-4592-A3FC-3BBBC599A0B6}.Debug|x86.ActiveCfg = Debug|Any CPU
		{CC5858E2-58CD-4592-A3FC-3BBBC599A0B6}.Debug|x86.Build.0 = Debug|Any CPU
		{CC5858E2-58CD-4592-A3FC-3BBBC599A0B6}.Debug|x86.Deploy.0 = Debug|Any CPU
		{CC5858E2-58CD-4592-A3FC-3BBBC599A0B6}.Release|Any CPU.ActiveCfg = Release|Any CPU
		{CC5858E2-58CD-4592-A3FC-3BBBC599A0B6}.Release|Any CPU.Build.0 = Release|Any CPU
		{CC5858E2-58CD-4592-A3FC-3BBBC599A0B6}.Release|Any CPU.Deploy.0 = Release|Any CPU
		{CC5858E2-58CD-4592-A3FC-3BBBC599A0B6}.Release|ARM.ActiveCfg = Release|Any CPU
		{CC5858E2-58CD-4592-A3FC-3BBBC599A0B6}.Release|ARM.Build.0 = Release|Any CPU
		{CC5858E2-58CD-4592-A3FC-3BBBC599A0B6}.Release|ARM.Deploy.0 = Release|Any CPU
		{CC5858E2-58CD-4592-A3FC-3BBBC599A0B6}.Release|iPhone.ActiveCfg = Release|Any CPU
		{CC5858E2-58CD-4592-A3FC-3BBBC599A0B6}.Release|iPhone.Build.0 = Release|Any CPU
		{CC5858E2-58CD-4592-A3FC-3BBBC599A0B6}.Release|iPhone.Deploy.0 = Release|Any CPU
		{CC5858E2-58CD-4592-A3FC-3BBBC599A0B6}.Release|iPhoneSimulator.ActiveCfg = Release|Any CPU
		{CC5858E2-58CD-4592-A3FC-3BBBC599A0B6}.Release|iPhoneSimulator.Build.0 = Release|Any CPU
		{CC5858E2-58CD-4592-A3FC-3BBBC599A0B6}.Release|iPhoneSimulator.Deploy.0 = Release|Any CPU
		{CC5858E2-58CD-4592-A3FC-3BBBC599A0B6}.Release|x64.ActiveCfg = Release|Any CPU
		{CC5858E2-58CD-4592-A3FC-3BBBC599A0B6}.Release|x64.Build.0 = Release|Any CPU
		{CC5858E2-58CD-4592-A3FC-3BBBC599A0B6}.Release|x64.Deploy.0 = Release|Any CPU
		{CC5858E2-58CD-4592-A3FC-3BBBC599A0B6}.Release|x86.ActiveCfg = Release|Any CPU
		{CC5858E2-58CD-4592-A3FC-3BBBC599A0B6}.Release|x86.Build.0 = Release|Any CPU
		{CC5858E2-58CD-4592-A3FC-3BBBC599A0B6}.Release|x86.Deploy.0 = Release|Any CPU
	EndGlobalSection
	GlobalSection(SolutionProperties) = preSolution
		HideSolutionNode = FALSE
	EndGlobalSection
	GlobalSection(ExtensibilityGlobals) = postSolution
		SolutionGuid = {915D2DBA-D09C-4AF6-A874-77958154AFC8}
	EndGlobalSection
EndGlobal
