
Microsoft Visual Studio Solution File, Format Version 12.00
# Visual Studio 15
VisualStudioVersion = 15.0.28307.539
MinimumVisualStudioVersion = 10.0.40219.1
Project("{FAE04EC0-301F-11D3-BF4B-00C04F79EFBC}") = "MittwochEinstieg.Android", "MittwochEinstieg\MittwochEinstieg.Android\MittwochEinstieg.Android.csproj", "{87C2CE0E-0C71-452E-BE4E-DADC290ABFCB}"
EndProject
Project("{FAE04EC0-301F-11D3-BF4B-00C04F79EFBC}") = "MittwochEinstieg.iOS", "MittwochEinstieg\MittwochEinstieg.iOS\MittwochEinstieg.iOS.csproj", "{02F1EB26-379D-4835-AB56-7B743165D0E2}"
EndProject
Project("{FAE04EC0-301F-11D3-BF4B-00C04F79EFBC}") = "MittwochEinstieg.UWP", "MittwochEinstieg\MittwochEinstieg.UWP\MittwochEinstieg.UWP.csproj", "{93BFE0DE-B520-40B2-9249-FA827BEDA23E}"
EndProject
Project("{FAE04EC0-301F-11D3-BF4B-00C04F79EFBC}") = "MittwochEinstieg", "MittwochEinstieg\MittwochEinstieg\MittwochEinstieg.csproj", "{FA5B264D-6542-4B14-8187-2E08E02C79B8}"
EndProject
Global
	GlobalSection(SolutionConfigurationPlatforms) = preSolution
		Ad-Hoc|Any CPU = Ad-Hoc|Any CPU
		Ad-Hoc|ARM = Ad-Hoc|ARM
		Ad-Hoc|iPhone = Ad-Hoc|iPhone
		Ad-Hoc|iPhoneSimulator = Ad-Hoc|iPhoneSimulator
		Ad-Hoc|x64 = Ad-Hoc|x64
		Ad-Hoc|x86 = Ad-Hoc|x86
		AppStore|Any CPU = AppStore|Any CPU
		AppStore|ARM = AppStore|ARM
		AppStore|iPhone = AppStore|iPhone
		AppStore|iPhoneSimulator = AppStore|iPhoneSimulator
		AppStore|x64 = AppStore|x64
		AppStore|x86 = AppStore|x86
		Debug|Any CPU = Debug|Any CPU
		Debug|ARM = Debug|ARM
		Debug|iPhone = Debug|iPhone
		Debug|iPhoneSimulator = Debug|iPhoneSimulator
		Debug|x64 = Debug|x64
		Debug|x86 = Debug|x86
		Release|Any CPU = Release|Any CPU
		Release|ARM = Release|ARM
		Release|iPhone = Release|iPhone
		Release|iPhoneSimulator = Release|iPhoneSimulator
		Release|x64 = Release|x64
		Release|x86 = Release|x86
	EndGlobalSection
	GlobalSection(ProjectConfigurationPlatforms) = postSolution
		{87C2CE0E-0C71-452E-BE4E-DADC290ABFCB}.Ad-Hoc|Any CPU.ActiveCfg = Release|Any CPU
		{87C2CE0E-0C71-452E-BE4E-DADC290ABFCB}.Ad-Hoc|Any CPU.Build.0 = Release|Any CPU
		{87C2CE0E-0C71-452E-BE4E-DADC290ABFCB}.Ad-Hoc|Any CPU.Deploy.0 = Release|Any CPU
		{87C2CE0E-0C71-452E-BE4E-DADC290ABFCB}.Ad-Hoc|ARM.ActiveCfg = Release|Any CPU
		{87C2CE0E-0C71-452E-BE4E-DADC290ABFCB}.Ad-Hoc|ARM.Build.0 = Release|Any CPU
		{87C2CE0E-0C71-452E-BE4E-DADC290ABFCB}.Ad-Hoc|ARM.Deploy.0 = Release|Any CPU
		{87C2CE0E-0C71-452E-BE4E-DADC290ABFCB}.Ad-Hoc|iPhone.ActiveCfg = Release|Any CPU
		{87C2CE0E-0C71-452E-BE4E-DADC290ABFCB}.Ad-Hoc|iPhone.Build.0 = Release|Any CPU
		{87C2CE0E-0C71-452E-BE4E-DADC290ABFCB}.Ad-Hoc|iPhone.Deploy.0 = Release|Any CPU
		{87C2CE0E-0C71-452E-BE4E-DADC290ABFCB}.Ad-Hoc|iPhoneSimulator.ActiveCfg = Release|Any CPU
		{87C2CE0E-0C71-452E-BE4E-DADC290ABFCB}.Ad-Hoc|iPhoneSimulator.Build.0 = Release|Any CPU
		{87C2CE0E-0C71-452E-BE4E-DADC290ABFCB}.Ad-Hoc|iPhoneSimulator.Deploy.0 = Release|Any CPU
		{87C2CE0E-0C71-452E-BE4E-DADC290ABFCB}.Ad-Hoc|x64.ActiveCfg = Release|Any CPU
		{87C2CE0E-0C71-452E-BE4E-DADC290ABFCB}.Ad-Hoc|x64.Build.0 = Release|Any CPU
		{87C2CE0E-0C71-452E-BE4E-DADC290ABFCB}.Ad-Hoc|x64.Deploy.0 = Release|Any CPU
		{87C2CE0E-0C71-452E-BE4E-DADC290ABFCB}.Ad-Hoc|x86.ActiveCfg = Release|Any CPU
		{87C2CE0E-0C71-452E-BE4E-DADC290ABFCB}.Ad-Hoc|x86.Build.0 = Release|Any CPU
		{87C2CE0E-0C71-452E-BE4E-DADC290ABFCB}.Ad-Hoc|x86.Deploy.0 = Release|Any CPU
		{87C2CE0E-0C71-452E-BE4E-DADC290ABFCB}.AppStore|Any CPU.ActiveCfg = Release|Any CPU
		{87C2CE0E-0C71-452E-BE4E-DADC290ABFCB}.AppStore|Any CPU.Build.0 = Release|Any CPU
		{87C2CE0E-0C71-452E-BE4E-DADC290ABFCB}.AppStore|Any CPU.Deploy.0 = Release|Any CPU
		{87C2CE0E-0C71-452E-BE4E-DADC290ABFCB}.AppStore|ARM.ActiveCfg = Release|Any CPU
		{87C2CE0E-0C71-452E-BE4E-DADC290ABFCB}.AppStore|ARM.Build.0 = Release|Any CPU
		{87C2CE0E-0C71-452E-BE4E-DADC290ABFCB}.AppStore|ARM.Deploy.0 = Release|Any CPU
		{87C2CE0E-0C71-452E-BE4E-DADC290ABFCB}.AppStore|iPhone.ActiveCfg = Release|Any CPU
		{87C2CE0E-0C71-452E-BE4E-DADC290ABFCB}.AppStore|iPhone.Build.0 = Release|Any CPU
		{87C2CE0E-0C71-452E-BE4E-DADC290ABFCB}.AppStore|iPhone.Deploy.0 = Release|Any CPU
		{87C2CE0E-0C71-452E-BE4E-DADC290ABFCB}.AppStore|iPhoneSimulator.ActiveCfg = Release|Any CPU
		{87C2CE0E-0C71-452E-BE4E-DADC290ABFCB}.AppStore|iPhoneSimulator.Build.0 = Release|Any CPU
		{87C2CE0E-0C71-452E-BE4E-DADC290ABFCB}.AppStore|iPhoneSimulator.Deploy.0 = Release|Any CPU
		{87C2CE0E-0C71-452E-BE4E-DADC290ABFCB}.AppStore|x64.ActiveCfg = Release|Any CPU
		{87C2CE0E-0C71-452E-BE4E-DADC290ABFCB}.AppStore|x64.Build.0 = Release|Any CPU
		{87C2CE0E-0C71-452E-BE4E-DADC290ABFCB}.AppStore|x64.Deploy.0 = Release|Any CPU
		{87C2CE0E-0C71-452E-BE4E-DADC290ABFCB}.AppStore|x86.ActiveCfg = Release|Any CPU
		{87C2CE0E-0C71-452E-BE4E-DADC290ABFCB}.AppStore|x86.Build.0 = Release|Any CPU
		{87C2CE0E-0C71-452E-BE4E-DADC290ABFCB}.AppStore|x86.Deploy.0 = Release|Any CPU
		{87C2CE0E-0C71-452E-BE4E-DADC290ABFCB}.Debug|Any CPU.ActiveCfg = Debug|Any CPU
		{87C2CE0E-0C71-452E-BE4E-DADC290ABFCB}.Debug|Any CPU.Build.0 = Debug|Any CPU
		{87C2CE0E-0C71-452E-BE4E-DADC290ABFCB}.Debug|Any CPU.Deploy.0 = Debug|Any CPU
		{87C2CE0E-0C71-452E-BE4E-DADC290ABFCB}.Debug|ARM.ActiveCfg = Debug|Any CPU
		{87C2CE0E-0C71-452E-BE4E-DADC290ABFCB}.Debug|ARM.Build.0 = Debug|Any CPU
		{87C2CE0E-0C71-452E-BE4E-DADC290ABFCB}.Debug|ARM.Deploy.0 = Debug|Any CPU
		{87C2CE0E-0C71-452E-BE4E-DADC290ABFCB}.Debug|iPhone.ActiveCfg = Debug|Any CPU
		{87C2CE0E-0C71-452E-BE4E-DADC290ABFCB}.Debug|iPhone.Build.0 = Debug|Any CPU
		{87C2CE0E-0C71-452E-BE4E-DADC290ABFCB}.Debug|iPhone.Deploy.0 = Debug|Any CPU
		{87C2CE0E-0C71-452E-BE4E-DADC290ABFCB}.Debug|iPhoneSimulator.ActiveCfg = Debug|Any CPU
		{87C2CE0E-0C71-452E-BE4E-DADC290ABFCB}.Debug|iPhoneSimulator.Build.0 = Debug|Any CPU
		{87C2CE0E-0C71-452E-BE4E-DADC290ABFCB}.Debug|iPhoneSimulator.Deploy.0 = Debug|Any CPU
		{87C2CE0E-0C71-452E-BE4E-DADC290ABFCB}.Debug|x64.ActiveCfg = Debug|Any CPU
		{87C2CE0E-0C71-452E-BE4E-DADC290ABFCB}.Debug|x64.Build.0 = Debug|Any CPU
		{87C2CE0E-0C71-452E-BE4E-DADC290ABFCB}.Debug|x64.Deploy.0 = Debug|Any CPU
		{87C2CE0E-0C71-452E-BE4E-DADC290ABFCB}.Debug|x86.ActiveCfg = Debug|Any CPU
		{87C2CE0E-0C71-452E-BE4E-DADC290ABFCB}.Debug|x86.Build.0 = Debug|Any CPU
		{87C2CE0E-0C71-452E-BE4E-DADC290ABFCB}.Debug|x86.Deploy.0 = Debug|Any CPU
		{87C2CE0E-0C71-452E-BE4E-DADC290ABFCB}.Release|Any CPU.ActiveCfg = Release|Any CPU
		{87C2CE0E-0C71-452E-BE4E-DADC290ABFCB}.Release|Any CPU.Build.0 = Release|Any CPU
		{87C2CE0E-0C71-452E-BE4E-DADC290ABFCB}.Release|Any CPU.Deploy.0 = Release|Any CPU
		{87C2CE0E-0C71-452E-BE4E-DADC290ABFCB}.Release|ARM.ActiveCfg = Release|Any CPU
		{87C2CE0E-0C71-452E-BE4E-DADC290ABFCB}.Release|ARM.Build.0 = Release|Any CPU
		{87C2CE0E-0C71-452E-BE4E-DADC290ABFCB}.Release|ARM.Deploy.0 = Release|Any CPU
		{87C2CE0E-0C71-452E-BE4E-DADC290ABFCB}.Release|iPhone.ActiveCfg = Release|Any CPU
		{87C2CE0E-0C71-452E-BE4E-DADC290ABFCB}.Release|iPhone.Build.0 = Release|Any CPU
		{87C2CE0E-0C71-452E-BE4E-DADC290ABFCB}.Release|iPhone.Deploy.0 = Release|Any CPU
		{87C2CE0E-0C71-452E-BE4E-DADC290ABFCB}.Release|iPhoneSimulator.ActiveCfg = Release|Any CPU
		{87C2CE0E-0C71-452E-BE4E-DADC290ABFCB}.Release|iPhoneSimulator.Build.0 = Release|Any CPU
		{87C2CE0E-0C71-452E-BE4E-DADC290ABFCB}.Release|iPhoneSimulator.Deploy.0 = Release|Any CPU
		{87C2CE0E-0C71-452E-BE4E-DADC290ABFCB}.Release|x64.ActiveCfg = Release|Any CPU
		{87C2CE0E-0C71-452E-BE4E-DADC290ABFCB}.Release|x64.Build.0 = Release|Any CPU
		{87C2CE0E-0C71-452E-BE4E-DADC290ABFCB}.Release|x64.Deploy.0 = Release|Any CPU
		{87C2CE0E-0C71-452E-BE4E-DADC290ABFCB}.Release|x86.ActiveCfg = Release|Any CPU
		{87C2CE0E-0C71-452E-BE4E-DADC290ABFCB}.Release|x86.Build.0 = Release|Any CPU
		{87C2CE0E-0C71-452E-BE4E-DADC290ABFCB}.Release|x86.Deploy.0 = Release|Any CPU
		{02F1EB26-379D-4835-AB56-7B743165D0E2}.Ad-Hoc|Any CPU.ActiveCfg = Ad-Hoc|iPhone
		{02F1EB26-379D-4835-AB56-7B743165D0E2}.Ad-Hoc|Any CPU.Build.0 = Ad-Hoc|iPhone
		{02F1EB26-379D-4835-AB56-7B743165D0E2}.Ad-Hoc|Any CPU.Deploy.0 = Ad-Hoc|iPhone
		{02F1EB26-379D-4835-AB56-7B743165D0E2}.Ad-Hoc|ARM.ActiveCfg = Ad-Hoc|iPhone
		{02F1EB26-379D-4835-AB56-7B743165D0E2}.Ad-Hoc|ARM.Build.0 = Ad-Hoc|iPhone
		{02F1EB26-379D-4835-AB56-7B743165D0E2}.Ad-Hoc|ARM.Deploy.0 = Ad-Hoc|iPhone
		{02F1EB26-379D-4835-AB56-7B743165D0E2}.Ad-Hoc|iPhone.ActiveCfg = Ad-Hoc|iPhone
		{02F1EB26-379D-4835-AB56-7B743165D0E2}.Ad-Hoc|iPhone.Build.0 = Ad-Hoc|iPhone
		{02F1EB26-379D-4835-AB56-7B743165D0E2}.Ad-Hoc|iPhone.Deploy.0 = Ad-Hoc|iPhone
		{02F1EB26-379D-4835-AB56-7B743165D0E2}.Ad-Hoc|iPhoneSimulator.ActiveCfg = Ad-Hoc|iPhoneSimulator
		{02F1EB26-379D-4835-AB56-7B743165D0E2}.Ad-Hoc|iPhoneSimulator.Build.0 = Ad-Hoc|iPhoneSimulator
		{02F1EB26-379D-4835-AB56-7B743165D0E2}.Ad-Hoc|iPhoneSimulator.Deploy.0 = Ad-Hoc|iPhoneSimulator
		{02F1EB26-379D-4835-AB56-7B743165D0E2}.Ad-Hoc|x64.ActiveCfg = Ad-Hoc|iPhone
		{02F1EB26-379D-4835-AB56-7B743165D0E2}.Ad-Hoc|x64.Build.0 = Ad-Hoc|iPhone
		{02F1EB26-379D-4835-AB56-7B743165D0E2}.Ad-Hoc|x64.Deploy.0 = Ad-Hoc|iPhone
		{02F1EB26-379D-4835-AB56-7B743165D0E2}.Ad-Hoc|x86.ActiveCfg = Ad-Hoc|iPhone
		{02F1EB26-379D-4835-AB56-7B743165D0E2}.Ad-Hoc|x86.Build.0 = Ad-Hoc|iPhone
		{02F1EB26-379D-4835-AB56-7B743165D0E2}.Ad-Hoc|x86.Deploy.0 = Ad-Hoc|iPhone
		{02F1EB26-379D-4835-AB56-7B743165D0E2}.AppStore|Any CPU.ActiveCfg = AppStore|iPhone
		{02F1EB26-379D-4835-AB56-7B743165D0E2}.AppStore|Any CPU.Build.0 = AppStore|iPhone
		{02F1EB26-379D-4835-AB56-7B743165D0E2}.AppStore|Any CPU.Deploy.0 = AppStore|iPhone
		{02F1EB26-379D-4835-AB56-7B743165D0E2}.AppStore|ARM.ActiveCfg = AppStore|iPhone
		{02F1EB26-379D-4835-AB56-7B743165D0E2}.AppStore|ARM.Build.0 = AppStore|iPhone
		{02F1EB26-379D-4835-AB56-7B743165D0E2}.AppStore|ARM.Deploy.0 = AppStore|iPhone
		{02F1EB26-379D-4835-AB56-7B743165D0E2}.AppStore|iPhone.ActiveCfg = AppStore|iPhone
		{02F1EB26-379D-4835-AB56-7B743165D0E2}.AppStore|iPhone.Build.0 = AppStore|iPhone
		{02F1EB26-379D-4835-AB56-7B743165D0E2}.AppStore|iPhone.Deploy.0 = AppStore|iPhone
		{02F1EB26-379D-4835-AB56-7B743165D0E2}.AppStore|iPhoneSimulator.ActiveCfg = AppStore|iPhoneSimulator
		{02F1EB26-379D-4835-AB56-7B743165D0E2}.AppStore|iPhoneSimulator.Build.0 = AppStore|iPhoneSimulator
		{02F1EB26-379D-4835-AB56-7B743165D0E2}.AppStore|iPhoneSimulator.Deploy.0 = AppStore|iPhoneSimulator
		{02F1EB26-379D-4835-AB56-7B743165D0E2}.AppStore|x64.ActiveCfg = AppStore|iPhone
		{02F1EB26-379D-4835-AB56-7B743165D0E2}.AppStore|x64.Build.0 = AppStore|iPhone
		{02F1EB26-379D-4835-AB56-7B743165D0E2}.AppStore|x64.Deploy.0 = AppStore|iPhone
		{02F1EB26-379D-4835-AB56-7B743165D0E2}.AppStore|x86.ActiveCfg = AppStore|iPhone
		{02F1EB26-379D-4835-AB56-7B743165D0E2}.AppStore|x86.Build.0 = AppStore|iPhone
		{02F1EB26-379D-4835-AB56-7B743165D0E2}.AppStore|x86.Deploy.0 = AppStore|iPhone
		{02F1EB26-379D-4835-AB56-7B743165D0E2}.Debug|Any CPU.ActiveCfg = Debug|iPhoneSimulator
		{02F1EB26-379D-4835-AB56-7B743165D0E2}.Debug|Any CPU.Build.0 = Debug|iPhoneSimulator
		{02F1EB26-379D-4835-AB56-7B743165D0E2}.Debug|Any CPU.Deploy.0 = Debug|iPhoneSimulator
		{02F1EB26-379D-4835-AB56-7B743165D0E2}.Debug|ARM.ActiveCfg = Debug|iPhone
		{02F1EB26-379D-4835-AB56-7B743165D0E2}.Debug|ARM.Build.0 = Debug|iPhone
		{02F1EB26-379D-4835-AB56-7B743165D0E2}.Debug|ARM.Deploy.0 = Debug|iPhone
		{02F1EB26-379D-4835-AB56-7B743165D0E2}.Debug|iPhone.ActiveCfg = Debug|iPhone
		{02F1EB26-379D-4835-AB56-7B743165D0E2}.Debug|iPhone.Build.0 = Debug|iPhone
		{02F1EB26-379D-4835-AB56-7B743165D0E2}.Debug|iPhone.Deploy.0 = Debug|iPhone
		{02F1EB26-379D-4835-AB56-7B743165D0E2}.Debug|iPhoneSimulator.ActiveCfg = Debug|iPhoneSimulator
		{02F1EB26-379D-4835-AB56-7B743165D0E2}.Debug|iPhoneSimulator.Build.0 = Debug|iPhoneSimulator
		{02F1EB26-379D-4835-AB56-7B743165D0E2}.Debug|iPhoneSimulator.Deploy.0 = Debug|iPhoneSimulator
		{02F1EB26-379D-4835-AB56-7B743165D0E2}.Debug|x64.ActiveCfg = Debug|iPhone
		{02F1EB26-379D-4835-AB56-7B743165D0E2}.Debug|x64.Build.0 = Debug|iPhone
		{02F1EB26-379D-4835-AB56-7B743165D0E2}.Debug|x64.Deploy.0 = Debug|iPhone
		{02F1EB26-379D-4835-AB56-7B743165D0E2}.Debug|x86.ActiveCfg = Debug|iPhone
		{02F1EB26-379D-4835-AB56-7B743165D0E2}.Debug|x86.Build.0 = Debug|iPhone
		{02F1EB26-379D-4835-AB56-7B743165D0E2}.Debug|x86.Deploy.0 = Debug|iPhone
		{02F1EB26-379D-4835-AB56-7B743165D0E2}.Release|Any CPU.ActiveCfg = Release|iPhone
		{02F1EB26-379D-4835-AB56-7B743165D0E2}.Release|Any CPU.Build.0 = Release|iPhone
		{02F1EB26-379D-4835-AB56-7B743165D0E2}.Release|Any CPU.Deploy.0 = Release|iPhone
		{02F1EB26-379D-4835-AB56-7B743165D0E2}.Release|ARM.ActiveCfg = Release|iPhone
		{02F1EB26-379D-4835-AB56-7B743165D0E2}.Release|ARM.Build.0 = Release|iPhone
		{02F1EB26-379D-4835-AB56-7B743165D0E2}.Release|ARM.Deploy.0 = Release|iPhone
		{02F1EB26-379D-4835-AB56-7B743165D0E2}.Release|iPhone.ActiveCfg = Release|iPhone
		{02F1EB26-379D-4835-AB56-7B743165D0E2}.Release|iPhone.Build.0 = Release|iPhone
		{02F1EB26-379D-4835-AB56-7B743165D0E2}.Release|iPhone.Deploy.0 = Release|iPhone
		{02F1EB26-379D-4835-AB56-7B743165D0E2}.Release|iPhoneSimulator.ActiveCfg = Release|iPhoneSimulator
		{02F1EB26-379D-4835-AB56-7B743165D0E2}.Release|iPhoneSimulator.Build.0 = Release|iPhoneSimulator
		{02F1EB26-379D-4835-AB56-7B743165D0E2}.Release|iPhoneSimulator.Deploy.0 = Release|iPhoneSimulator
		{02F1EB26-379D-4835-AB56-7B743165D0E2}.Release|x64.ActiveCfg = Release|iPhone
		{02F1EB26-379D-4835-AB56-7B743165D0E2}.Release|x64.Build.0 = Release|iPhone
		{02F1EB26-379D-4835-AB56-7B743165D0E2}.Release|x64.Deploy.0 = Release|iPhone
		{02F1EB26-379D-4835-AB56-7B743165D0E2}.Release|x86.ActiveCfg = Release|iPhone
		{02F1EB26-379D-4835-AB56-7B743165D0E2}.Release|x86.Build.0 = Release|iPhone
		{02F1EB26-379D-4835-AB56-7B743165D0E2}.Release|x86.Deploy.0 = Release|iPhone
		{93BFE0DE-B520-40B2-9249-FA827BEDA23E}.Ad-Hoc|Any CPU.ActiveCfg = Release|x86
		{93BFE0DE-B520-40B2-9249-FA827BEDA23E}.Ad-Hoc|Any CPU.Build.0 = Release|x86
		{93BFE0DE-B520-40B2-9249-FA827BEDA23E}.Ad-Hoc|Any CPU.Deploy.0 = Release|x86
		{93BFE0DE-B520-40B2-9249-FA827BEDA23E}.Ad-Hoc|ARM.ActiveCfg = Release|ARM
		{93BFE0DE-B520-40B2-9249-FA827BEDA23E}.Ad-Hoc|ARM.Build.0 = Release|ARM
		{93BFE0DE-B520-40B2-9249-FA827BEDA23E}.Ad-Hoc|ARM.Deploy.0 = Release|ARM
		{93BFE0DE-B520-40B2-9249-FA827BEDA23E}.Ad-Hoc|iPhone.ActiveCfg = Release|x86
		{93BFE0DE-B520-40B2-9249-FA827BEDA23E}.Ad-Hoc|iPhone.Build.0 = Release|x86
		{93BFE0DE-B520-40B2-9249-FA827BEDA23E}.Ad-Hoc|iPhone.Deploy.0 = Release|x86
		{93BFE0DE-B520-40B2-9249-FA827BEDA23E}.Ad-Hoc|iPhoneSimulator.ActiveCfg = Release|x86
		{93BFE0DE-B520-40B2-9249-FA827BEDA23E}.Ad-Hoc|iPhoneSimulator.Build.0 = Release|x86
		{93BFE0DE-B520-40B2-9249-FA827BEDA23E}.Ad-Hoc|iPhoneSimulator.Deploy.0 = Release|x86
		{93BFE0DE-B520-40B2-9249-FA827BEDA23E}.Ad-Hoc|x64.ActiveCfg = Release|x64
		{93BFE0DE-B520-40B2-9249-FA827BEDA23E}.Ad-Hoc|x64.Build.0 = Release|x64
		{93BFE0DE-B520-40B2-9249-FA827BEDA23E}.Ad-Hoc|x64.Deploy.0 = Release|x64
		{93BFE0DE-B520-40B2-9249-FA827BEDA23E}.Ad-Hoc|x86.ActiveCfg = Release|x86
		{93BFE0DE-B520-40B2-9249-FA827BEDA23E}.Ad-Hoc|x86.Build.0 = Release|x86
		{93BFE0DE-B520-40B2-9249-FA827BEDA23E}.Ad-Hoc|x86.Deploy.0 = Release|x86
		{93BFE0DE-B520-40B2-9249-FA827BEDA23E}.AppStore|Any CPU.ActiveCfg = Release|x86
		{93BFE0DE-B520-40B2-9249-FA827BEDA23E}.AppStore|Any CPU.Build.0 = Release|x86
		{93BFE0DE-B520-40B2-9249-FA827BEDA23E}.AppStore|Any CPU.Deploy.0 = Release|x86
		{93BFE0DE-B520-40B2-9249-FA827BEDA23E}.AppStore|ARM.ActiveCfg = Release|ARM
		{93BFE0DE-B520-40B2-9249-FA827BEDA23E}.AppStore|ARM.Build.0 = Release|ARM
		{93BFE0DE-B520-40B2-9249-FA827BEDA23E}.AppStore|ARM.Deploy.0 = Release|ARM
		{93BFE0DE-B520-40B2-9249-FA827BEDA23E}.AppStore|iPhone.ActiveCfg = Release|x86
		{93BFE0DE-B520-40B2-9249-FA827BEDA23E}.AppStore|iPhone.Build.0 = Release|x86
		{93BFE0DE-B520-40B2-9249-FA827BEDA23E}.AppStore|iPhone.Deploy.0 = Release|x86
		{93BFE0DE-B520-40B2-9249-FA827BEDA23E}.AppStore|iPhoneSimulator.ActiveCfg = Release|x86
		{93BFE0DE-B520-40B2-9249-FA827BEDA23E}.AppStore|iPhoneSimulator.Build.0 = Release|x86
		{93BFE0DE-B520-40B2-9249-FA827BEDA23E}.AppStore|iPhoneSimulator.Deploy.0 = Release|x86
		{93BFE0DE-B520-40B2-9249-FA827BEDA23E}.AppStore|x64.ActiveCfg = Release|x64
		{93BFE0DE-B520-40B2-9249-FA827BEDA23E}.AppStore|x64.Build.0 = Release|x64
		{93BFE0DE-B520-40B2-9249-FA827BEDA23E}.AppStore|x64.Deploy.0 = Release|x64
		{93BFE0DE-B520-40B2-9249-FA827BEDA23E}.AppStore|x86.ActiveCfg = Release|x86
		{93BFE0DE-B520-40B2-9249-FA827BEDA23E}.AppStore|x86.Build.0 = Release|x86
		{93BFE0DE-B520-40B2-9249-FA827BEDA23E}.AppStore|x86.Deploy.0 = Release|x86
		{93BFE0DE-B520-40B2-9249-FA827BEDA23E}.Debug|Any CPU.ActiveCfg = Debug|x86
		{93BFE0DE-B520-40B2-9249-FA827BEDA23E}.Debug|Any CPU.Build.0 = Debug|x86
		{93BFE0DE-B520-40B2-9249-FA827BEDA23E}.Debug|Any CPU.Deploy.0 = Debug|x86
		{93BFE0DE-B520-40B2-9249-FA827BEDA23E}.Debug|ARM.ActiveCfg = Debug|ARM
		{93BFE0DE-B520-40B2-9249-FA827BEDA23E}.Debug|ARM.Build.0 = Debug|ARM
		{93BFE0DE-B520-40B2-9249-FA827BEDA23E}.Debug|ARM.Deploy.0 = Debug|ARM
		{93BFE0DE-B520-40B2-9249-FA827BEDA23E}.Debug|iPhone.ActiveCfg = Debug|x86
		{93BFE0DE-B520-40B2-9249-FA827BEDA23E}.Debug|iPhone.Build.0 = Debug|x86
		{93BFE0DE-B520-40B2-9249-FA827BEDA23E}.Debug|iPhone.Deploy.0 = Debug|x86
		{93BFE0DE-B520-40B2-9249-FA827BEDA23E}.Debug|iPhoneSimulator.ActiveCfg = Debug|x86
		{93BFE0DE-B520-40B2-9249-FA827BEDA23E}.Debug|iPhoneSimulator.Build.0 = Debug|x86
		{93BFE0DE-B520-40B2-9249-FA827BEDA23E}.Debug|iPhoneSimulator.Deploy.0 = Debug|x86
		{93BFE0DE-B520-40B2-9249-FA827BEDA23E}.Debug|x64.ActiveCfg = Debug|x64
		{93BFE0DE-B520-40B2-9249-FA827BEDA23E}.Debug|x64.Build.0 = Debug|x64
		{93BFE0DE-B520-40B2-9249-FA827BEDA23E}.Debug|x64.Deploy.0 = Debug|x64
		{93BFE0DE-B520-40B2-9249-FA827BEDA23E}.Debug|x86.ActiveCfg = Debug|x86
		{93BFE0DE-B520-40B2-9249-FA827BEDA23E}.Debug|x86.Build.0 = Debug|x86
		{93BFE0DE-B520-40B2-9249-FA827BEDA23E}.Debug|x86.Deploy.0 = Debug|x86
		{93BFE0DE-B520-40B2-9249-FA827BEDA23E}.Release|Any CPU.ActiveCfg = Release|x86
		{93BFE0DE-B520-40B2-9249-FA827BEDA23E}.Release|Any CPU.Build.0 = Release|x86
		{93BFE0DE-B520-40B2-9249-FA827BEDA23E}.Release|Any CPU.Deploy.0 = Release|x86
		{93BFE0DE-B520-40B2-9249-FA827BEDA23E}.Release|ARM.ActiveCfg = Release|ARM
		{93BFE0DE-B520-40B2-9249-FA827BEDA23E}.Release|ARM.Build.0 = Release|ARM
		{93BFE0DE-B520-40B2-9249-FA827BEDA23E}.Release|ARM.Deploy.0 = Release|ARM
		{93BFE0DE-B520-40B2-9249-FA827BEDA23E}.Release|iPhone.ActiveCfg = Release|x86
		{93BFE0DE-B520-40B2-9249-FA827BEDA23E}.Release|iPhone.Build.0 = Release|x86
		{93BFE0DE-B520-40B2-9249-FA827BEDA23E}.Release|iPhone.Deploy.0 = Release|x86
		{93BFE0DE-B520-40B2-9249-FA827BEDA23E}.Release|iPhoneSimulator.ActiveCfg = Release|x86
		{93BFE0DE-B520-40B2-9249-FA827BEDA23E}.Release|iPhoneSimulator.Build.0 = Release|x86
		{93BFE0DE-B520-40B2-9249-FA827BEDA23E}.Release|iPhoneSimulator.Deploy.0 = Release|x86
		{93BFE0DE-B520-40B2-9249-FA827BEDA23E}.Release|x64.ActiveCfg = Release|x64
		{93BFE0DE-B520-40B2-9249-FA827BEDA23E}.Release|x64.Build.0 = Release|x64
		{93BFE0DE-B520-40B2-9249-FA827BEDA23E}.Release|x64.Deploy.0 = Release|x64
		{93BFE0DE-B520-40B2-9249-FA827BEDA23E}.Release|x86.ActiveCfg = Release|x86
		{93BFE0DE-B520-40B2-9249-FA827BEDA23E}.Release|x86.Build.0 = Release|x86
		{93BFE0DE-B520-40B2-9249-FA827BEDA23E}.Release|x86.Deploy.0 = Release|x86
		{FA5B264D-6542-4B14-8187-2E08E02C79B8}.Ad-Hoc|Any CPU.ActiveCfg = Debug|Any CPU
		{FA5B264D-6542-4B14-8187-2E08E02C79B8}.Ad-Hoc|Any CPU.Build.0 = Debug|Any CPU
		{FA5B264D-6542-4B14-8187-2E08E02C79B8}.Ad-Hoc|Any CPU.Deploy.0 = Debug|Any CPU
		{FA5B264D-6542-4B14-8187-2E08E02C79B8}.Ad-Hoc|ARM.ActiveCfg = Debug|Any CPU
		{FA5B264D-6542-4B14-8187-2E08E02C79B8}.Ad-Hoc|ARM.Build.0 = Debug|Any CPU
		{FA5B264D-6542-4B14-8187-2E08E02C79B8}.Ad-Hoc|ARM.Deploy.0 = Debug|Any CPU
		{FA5B264D-6542-4B14-8187-2E08E02C79B8}.Ad-Hoc|iPhone.ActiveCfg = Debug|Any CPU
		{FA5B264D-6542-4B14-8187-2E08E02C79B8}.Ad-Hoc|iPhone.Build.0 = Debug|Any CPU
		{FA5B264D-6542-4B14-8187-2E08E02C79B8}.Ad-Hoc|iPhone.Deploy.0 = Debug|Any CPU
		{FA5B264D-6542-4B14-8187-2E08E02C79B8}.Ad-Hoc|iPhoneSimulator.ActiveCfg = Debug|Any CPU
		{FA5B264D-6542-4B14-8187-2E08E02C79B8}.Ad-Hoc|iPhoneSimulator.Build.0 = Debug|Any CPU
		{FA5B264D-6542-4B14-8187-2E08E02C79B8}.Ad-Hoc|iPhoneSimulator.Deploy.0 = Debug|Any CPU
		{FA5B264D-6542-4B14-8187-2E08E02C79B8}.Ad-Hoc|x64.ActiveCfg = Debug|Any CPU
		{FA5B264D-6542-4B14-8187-2E08E02C79B8}.Ad-Hoc|x64.Build.0 = Debug|Any CPU
		{FA5B264D-6542-4B14-8187-2E08E02C79B8}.Ad-Hoc|x64.Deploy.0 = Debug|Any CPU
		{FA5B264D-6542-4B14-8187-2E08E02C79B8}.Ad-Hoc|x86.ActiveCfg = Debug|Any CPU
		{FA5B264D-6542-4B14-8187-2E08E02C79B8}.Ad-Hoc|x86.Build.0 = Debug|Any CPU
		{FA5B264D-6542-4B14-8187-2E08E02C79B8}.Ad-Hoc|x86.Deploy.0 = Debug|Any CPU
		{FA5B264D-6542-4B14-8187-2E08E02C79B8}.AppStore|Any CPU.ActiveCfg = Debug|Any CPU
		{FA5B264D-6542-4B14-8187-2E08E02C79B8}.AppStore|Any CPU.Build.0 = Debug|Any CPU
		{FA5B264D-6542-4B14-8187-2E08E02C79B8}.AppStore|Any CPU.Deploy.0 = Debug|Any CPU
		{FA5B264D-6542-4B14-8187-2E08E02C79B8}.AppStore|ARM.ActiveCfg = Debug|Any CPU
		{FA5B264D-6542-4B14-8187-2E08E02C79B8}.AppStore|ARM.Build.0 = Debug|Any CPU
		{FA5B264D-6542-4B14-8187-2E08E02C79B8}.AppStore|ARM.Deploy.0 = Debug|Any CPU
		{FA5B264D-6542-4B14-8187-2E08E02C79B8}.AppStore|iPhone.ActiveCfg = Debug|Any CPU
		{FA5B264D-6542-4B14-8187-2E08E02C79B8}.AppStore|iPhone.Build.0 = Debug|Any CPU
		{FA5B264D-6542-4B14-8187-2E08E02C79B8}.AppStore|iPhone.Deploy.0 = Debug|Any CPU
		{FA5B264D-6542-4B14-8187-2E08E02C79B8}.AppStore|iPhoneSimulator.ActiveCfg = Debug|Any CPU
		{FA5B264D-6542-4B14-8187-2E08E02C79B8}.AppStore|iPhoneSimulator.Build.0 = Debug|Any CPU
		{FA5B264D-6542-4B14-8187-2E08E02C79B8}.AppStore|iPhoneSimulator.Deploy.0 = Debug|Any CPU
		{FA5B264D-6542-4B14-8187-2E08E02C79B8}.AppStore|x64.ActiveCfg = Debug|Any CPU
		{FA5B264D-6542-4B14-8187-2E08E02C79B8}.AppStore|x64.Build.0 = Debug|Any CPU
		{FA5B264D-6542-4B14-8187-2E08E02C79B8}.AppStore|x64.Deploy.0 = Debug|Any CPU
		{FA5B264D-6542-4B14-8187-2E08E02C79B8}.AppStore|x86.ActiveCfg = Debug|Any CPU
		{FA5B264D-6542-4B14-8187-2E08E02C79B8}.AppStore|x86.Build.0 = Debug|Any CPU
		{FA5B264D-6542-4B14-8187-2E08E02C79B8}.AppStore|x86.Deploy.0 = Debug|Any CPU
		{FA5B264D-6542-4B14-8187-2E08E02C79B8}.Debug|Any CPU.ActiveCfg = Debug|Any CPU
		{FA5B264D-6542-4B14-8187-2E08E02C79B8}.Debug|Any CPU.Build.0 = Debug|Any CPU
		{FA5B264D-6542-4B14-8187-2E08E02C79B8}.Debug|Any CPU.Deploy.0 = Debug|Any CPU
		{FA5B264D-6542-4B14-8187-2E08E02C79B8}.Debug|ARM.ActiveCfg = Debug|Any CPU
		{FA5B264D-6542-4B14-8187-2E08E02C79B8}.Debug|ARM.Build.0 = Debug|Any CPU
		{FA5B264D-6542-4B14-8187-2E08E02C79B8}.Debug|ARM.Deploy.0 = Debug|Any CPU
		{FA5B264D-6542-4B14-8187-2E08E02C79B8}.Debug|iPhone.ActiveCfg = Debug|Any CPU
		{FA5B264D-6542-4B14-8187-2E08E02C79B8}.Debug|iPhone.Build.0 = Debug|Any CPU
		{FA5B264D-6542-4B14-8187-2E08E02C79B8}.Debug|iPhone.Deploy.0 = Debug|Any CPU
		{FA5B264D-6542-4B14-8187-2E08E02C79B8}.Debug|iPhoneSimulator.ActiveCfg = Debug|Any CPU
		{FA5B264D-6542-4B14-8187-2E08E02C79B8}.Debug|iPhoneSimulator.Build.0 = Debug|Any CPU
		{FA5B264D-6542-4B14-8187-2E08E02C79B8}.Debug|iPhoneSimulator.Deploy.0 = Debug|Any CPU
		{FA5B264D-6542-4B14-8187-2E08E02C79B8}.Debug|x64.ActiveCfg = Debug|Any CPU
		{FA5B264D-6542-4B14-8187-2E08E02C79B8}.Debug|x64.Build.0 = Debug|Any CPU
		{FA5B264D-6542-4B14-8187-2E08E02C79B8}.Debug|x64.Deploy.0 = Debug|Any CPU
		{FA5B264D-6542-4B14-8187-2E08E02C79B8}.Debug|x86.ActiveCfg = Debug|Any CPU
		{FA5B264D-6542-4B14-8187-2E08E02C79B8}.Debug|x86.Build.0 = Debug|Any CPU
		{FA5B264D-6542-4B14-8187-2E08E02C79B8}.Debug|x86.Deploy.0 = Debug|Any CPU
		{FA5B264D-6542-4B14-8187-2E08E02C79B8}.Release|Any CPU.ActiveCfg = Release|Any CPU
		{FA5B264D-6542-4B14-8187-2E08E02C79B8}.Release|Any CPU.Build.0 = Release|Any CPU
		{FA5B264D-6542-4B14-8187-2E08E02C79B8}.Release|Any CPU.Deploy.0 = Release|Any CPU
		{FA5B264D-6542-4B14-8187-2E08E02C79B8}.Release|ARM.ActiveCfg = Release|Any CPU
		{FA5B264D-6542-4B14-8187-2E08E02C79B8}.Release|ARM.Build.0 = Release|Any CPU
		{FA5B264D-6542-4B14-8187-2E08E02C79B8}.Release|ARM.Deploy.0 = Release|Any CPU
		{FA5B264D-6542-4B14-8187-2E08E02C79B8}.Release|iPhone.ActiveCfg = Release|Any CPU
		{FA5B264D-6542-4B14-8187-2E08E02C79B8}.Release|iPhone.Build.0 = Release|Any CPU
		{FA5B264D-6542-4B14-8187-2E08E02C79B8}.Release|iPhone.Deploy.0 = Release|Any CPU
		{FA5B264D-6542-4B14-8187-2E08E02C79B8}.Release|iPhoneSimulator.ActiveCfg = Release|Any CPU
		{FA5B264D-6542-4B14-8187-2E08E02C79B8}.Release|iPhoneSimulator.Build.0 = Release|Any CPU
		{FA5B264D-6542-4B14-8187-2E08E02C79B8}.Release|iPhoneSimulator.Deploy.0 = Release|Any CPU
		{FA5B264D-6542-4B14-8187-2E08E02C79B8}.Release|x64.ActiveCfg = Release|Any CPU
		{FA5B264D-6542-4B14-8187-2E08E02C79B8}.Release|x64.Build.0 = Release|Any CPU
		{FA5B264D-6542-4B14-8187-2E08E02C79B8}.Release|x64.Deploy.0 = Release|Any CPU
		{FA5B264D-6542-4B14-8187-2E08E02C79B8}.Release|x86.ActiveCfg = Release|Any CPU
		{FA5B264D-6542-4B14-8187-2E08E02C79B8}.Release|x86.Build.0 = Release|Any CPU
		{FA5B264D-6542-4B14-8187-2E08E02C79B8}.Release|x86.Deploy.0 = Release|Any CPU
	EndGlobalSection
	GlobalSection(SolutionProperties) = preSolution
		HideSolutionNode = FALSE
	EndGlobalSection
	GlobalSection(ExtensibilityGlobals) = postSolution
		SolutionGuid = {55AF4F6C-D1C6-46F3-A1DA-58B2CB8D297B}
	EndGlobalSection
EndGlobal
