
Microsoft Visual Studio Solution File, Format Version 12.00
# Visual Studio 15
VisualStudioVersion = 15.0.28307.539
MinimumVisualStudioVersion = 10.0.40219.1
Project("{FAE04EC0-301F-11D3-BF4B-00C04F79EFBC}") = "DatenSpeichernUndLaden.Android", "DatenSpeichernUndLaden\DatenSpeichernUndLaden.Android\DatenSpeichernUndLaden.Android.csproj", "{BC2D1A98-71E0-4E3F-9DFE-D081BB739131}"
EndProject
Project("{FAE04EC0-301F-11D3-BF4B-00C04F79EFBC}") = "DatenSpeichernUndLaden.iOS", "DatenSpeichernUndLaden\DatenSpeichernUndLaden.iOS\DatenSpeichernUndLaden.iOS.csproj", "{66C823E2-753E-4928-921B-0CB92184FC26}"
EndProject
Project("{FAE04EC0-301F-11D3-BF4B-00C04F79EFBC}") = "DatenSpeichernUndLaden.UWP", "DatenSpeichernUndLaden\DatenSpeichernUndLaden.UWP\DatenSpeichernUndLaden.UWP.csproj", "{0B5A1825-0F3E-4079-9DB1-1985331CB585}"
EndProject
Project("{FAE04EC0-301F-11D3-BF4B-00C04F79EFBC}") = "DatenSpeichernUndLaden", "DatenSpeichernUndLaden\DatenSpeichernUndLaden\DatenSpeichernUndLaden.csproj", "{54DC70BA-192C-4AB7-A148-62B5F9EF6F4D}"
EndProject
Global
	GlobalSection(SolutionConfigurationPlatforms) = preSolution
		Ad-Hoc|Any CPU = Ad-Hoc|Any CPU
		Ad-Hoc|ARM = Ad-Hoc|ARM
		Ad-Hoc|iPhone = Ad-Hoc|iPhone
		Ad-Hoc|iPhoneSimulator = Ad-Hoc|iPhoneSimulator
		Ad-Hoc|x64 = Ad-Hoc|x64
		Ad-Hoc|x86 = Ad-Hoc|x86
		AppStore|Any CPU = AppStore|Any CPU
		AppStore|ARM = AppStore|ARM
		AppStore|iPhone = AppStore|iPhone
		AppStore|iPhoneSimulator = AppStore|iPhoneSimulator
		AppStore|x64 = AppStore|x64
		AppStore|x86 = AppStore|x86
		Debug|Any CPU = Debug|Any CPU
		Debug|ARM = Debug|ARM
		Debug|iPhone = Debug|iPhone
		Debug|iPhoneSimulator = Debug|iPhoneSimulator
		Debug|x64 = Debug|x64
		Debug|x86 = Debug|x86
		Release|Any CPU = Release|Any CPU
		Release|ARM = Release|ARM
		Release|iPhone = Release|iPhone
		Release|iPhoneSimulator = Release|iPhoneSimulator
		Release|x64 = Release|x64
		Release|x86 = Release|x86
	EndGlobalSection
	GlobalSection(ProjectConfigurationPlatforms) = postSolution
		{BC2D1A98-71E0-4E3F-9DFE-D081BB739131}.Ad-Hoc|Any CPU.ActiveCfg = Release|Any CPU
		{BC2D1A98-71E0-4E3F-9DFE-D081BB739131}.Ad-Hoc|Any CPU.Build.0 = Release|Any CPU
		{BC2D1A98-71E0-4E3F-9DFE-D081BB739131}.Ad-Hoc|Any CPU.Deploy.0 = Release|Any CPU
		{BC2D1A98-71E0-4E3F-9DFE-D081BB739131}.Ad-Hoc|ARM.ActiveCfg = Release|Any CPU
		{BC2D1A98-71E0-4E3F-9DFE-D081BB739131}.Ad-Hoc|ARM.Build.0 = Release|Any CPU
		{BC2D1A98-71E0-4E3F-9DFE-D081BB739131}.Ad-Hoc|ARM.Deploy.0 = Release|Any CPU
		{BC2D1A98-71E0-4E3F-9DFE-D081BB739131}.Ad-Hoc|iPhone.ActiveCfg = Release|Any CPU
		{BC2D1A98-71E0-4E3F-9DFE-D081BB739131}.Ad-Hoc|iPhone.Build.0 = Release|Any CPU
		{BC2D1A98-71E0-4E3F-9DFE-D081BB739131}.Ad-Hoc|iPhone.Deploy.0 = Release|Any CPU
		{BC2D1A98-71E0-4E3F-9DFE-D081BB739131}.Ad-Hoc|iPhoneSimulator.ActiveCfg = Release|Any CPU
		{BC2D1A98-71E0-4E3F-9DFE-D081BB739131}.Ad-Hoc|iPhoneSimulator.Build.0 = Release|Any CPU
		{BC2D1A98-71E0-4E3F-9DFE-D081BB739131}.Ad-Hoc|iPhoneSimulator.Deploy.0 = Release|Any CPU
		{BC2D1A98-71E0-4E3F-9DFE-D081BB739131}.Ad-Hoc|x64.ActiveCfg = Release|Any CPU
		{BC2D1A98-71E0-4E3F-9DFE-D081BB739131}.Ad-Hoc|x64.Build.0 = Release|Any CPU
		{BC2D1A98-71E0-4E3F-9DFE-D081BB739131}.Ad-Hoc|x64.Deploy.0 = Release|Any CPU
		{BC2D1A98-71E0-4E3F-9DFE-D081BB739131}.Ad-Hoc|x86.ActiveCfg = Release|Any CPU
		{BC2D1A98-71E0-4E3F-9DFE-D081BB739131}.Ad-Hoc|x86.Build.0 = Release|Any CPU
		{BC2D1A98-71E0-4E3F-9DFE-D081BB739131}.Ad-Hoc|x86.Deploy.0 = Release|Any CPU
		{BC2D1A98-71E0-4E3F-9DFE-D081BB739131}.AppStore|Any CPU.ActiveCfg = Release|Any CPU
		{BC2D1A98-71E0-4E3F-9DFE-D081BB739131}.AppStore|Any CPU.Build.0 = Release|Any CPU
		{BC2D1A98-71E0-4E3F-9DFE-D081BB739131}.AppStore|Any CPU.Deploy.0 = Release|Any CPU
		{BC2D1A98-71E0-4E3F-9DFE-D081BB739131}.AppStore|ARM.ActiveCfg = Release|Any CPU
		{BC2D1A98-71E0-4E3F-9DFE-D081BB739131}.AppStore|ARM.Build.0 = Release|Any CPU
		{BC2D1A98-71E0-4E3F-9DFE-D081BB739131}.AppStore|ARM.Deploy.0 = Release|Any CPU
		{BC2D1A98-71E0-4E3F-9DFE-D081BB739131}.AppStore|iPhone.ActiveCfg = Release|Any CPU
		{BC2D1A98-71E0-4E3F-9DFE-D081BB739131}.AppStore|iPhone.Build.0 = Release|Any CPU
		{BC2D1A98-71E0-4E3F-9DFE-D081BB739131}.AppStore|iPhone.Deploy.0 = Release|Any CPU
		{BC2D1A98-71E0-4E3F-9DFE-D081BB739131}.AppStore|iPhoneSimulator.ActiveCfg = Release|Any CPU
		{BC2D1A98-71E0-4E3F-9DFE-D081BB739131}.AppStore|iPhoneSimulator.Build.0 = Release|Any CPU
		{BC2D1A98-71E0-4E3F-9DFE-D081BB739131}.AppStore|iPhoneSimulator.Deploy.0 = Release|Any CPU
		{BC2D1A98-71E0-4E3F-9DFE-D081BB739131}.AppStore|x64.ActiveCfg = Release|Any CPU
		{BC2D1A98-71E0-4E3F-9DFE-D081BB739131}.AppStore|x64.Build.0 = Release|Any CPU
		{BC2D1A98-71E0-4E3F-9DFE-D081BB739131}.AppStore|x64.Deploy.0 = Release|Any CPU
		{BC2D1A98-71E0-4E3F-9DFE-D081BB739131}.AppStore|x86.ActiveCfg = Release|Any CPU
		{BC2D1A98-71E0-4E3F-9DFE-D081BB739131}.AppStore|x86.Build.0 = Release|Any CPU
		{BC2D1A98-71E0-4E3F-9DFE-D081BB739131}.AppStore|x86.Deploy.0 = Release|Any CPU
		{BC2D1A98-71E0-4E3F-9DFE-D081BB739131}.Debug|Any CPU.ActiveCfg = Debug|Any CPU
		{BC2D1A98-71E0-4E3F-9DFE-D081BB739131}.Debug|Any CPU.Build.0 = Debug|Any CPU
		{BC2D1A98-71E0-4E3F-9DFE-D081BB739131}.Debug|Any CPU.Deploy.0 = Debug|Any CPU
		{BC2D1A98-71E0-4E3F-9DFE-D081BB739131}.Debug|ARM.ActiveCfg = Debug|Any CPU
		{BC2D1A98-71E0-4E3F-9DFE-D081BB739131}.Debug|ARM.Build.0 = Debug|Any CPU
		{BC2D1A98-71E0-4E3F-9DFE-D081BB739131}.Debug|ARM.Deploy.0 = Debug|Any CPU
		{BC2D1A98-71E0-4E3F-9DFE-D081BB739131}.Debug|iPhone.ActiveCfg = Debug|Any CPU
		{BC2D1A98-71E0-4E3F-9DFE-D081BB739131}.Debug|iPhone.Build.0 = Debug|Any CPU
		{BC2D1A98-71E0-4E3F-9DFE-D081BB739131}.Debug|iPhone.Deploy.0 = Debug|Any CPU
		{BC2D1A98-71E0-4E3F-9DFE-D081BB739131}.Debug|iPhoneSimulator.ActiveCfg = Debug|Any CPU
		{BC2D1A98-71E0-4E3F-9DFE-D081BB739131}.Debug|iPhoneSimulator.Build.0 = Debug|Any CPU
		{BC2D1A98-71E0-4E3F-9DFE-D081BB739131}.Debug|iPhoneSimulator.Deploy.0 = Debug|Any CPU
		{BC2D1A98-71E0-4E3F-9DFE-D081BB739131}.Debug|x64.ActiveCfg = Debug|Any CPU
		{BC2D1A98-71E0-4E3F-9DFE-D081BB739131}.Debug|x64.Build.0 = Debug|Any CPU
		{BC2D1A98-71E0-4E3F-9DFE-D081BB739131}.Debug|x64.Deploy.0 = Debug|Any CPU
		{BC2D1A98-71E0-4E3F-9DFE-D081BB739131}.Debug|x86.ActiveCfg = Debug|Any CPU
		{BC2D1A98-71E0-4E3F-9DFE-D081BB739131}.Debug|x86.Build.0 = Debug|Any CPU
		{BC2D1A98-71E0-4E3F-9DFE-D081BB739131}.Debug|x86.Deploy.0 = Debug|Any CPU
		{BC2D1A98-71E0-4E3F-9DFE-D081BB739131}.Release|Any CPU.ActiveCfg = Release|Any CPU
		{BC2D1A98-71E0-4E3F-9DFE-D081BB739131}.Release|Any CPU.Build.0 = Release|Any CPU
		{BC2D1A98-71E0-4E3F-9DFE-D081BB739131}.Release|Any CPU.Deploy.0 = Release|Any CPU
		{BC2D1A98-71E0-4E3F-9DFE-D081BB739131}.Release|ARM.ActiveCfg = Release|Any CPU
		{BC2D1A98-71E0-4E3F-9DFE-D081BB739131}.Release|ARM.Build.0 = Release|Any CPU
		{BC2D1A98-71E0-4E3F-9DFE-D081BB739131}.Release|ARM.Deploy.0 = Release|Any CPU
		{BC2D1A98-71E0-4E3F-9DFE-D081BB739131}.Release|iPhone.ActiveCfg = Release|Any CPU
		{BC2D1A98-71E0-4E3F-9DFE-D081BB739131}.Release|iPhone.Build.0 = Release|Any CPU
		{BC2D1A98-71E0-4E3F-9DFE-D081BB739131}.Release|iPhone.Deploy.0 = Release|Any CPU
		{BC2D1A98-71E0-4E3F-9DFE-D081BB739131}.Release|iPhoneSimulator.ActiveCfg = Release|Any CPU
		{BC2D1A98-71E0-4E3F-9DFE-D081BB739131}.Release|iPhoneSimulator.Build.0 = Release|Any CPU
		{BC2D1A98-71E0-4E3F-9DFE-D081BB739131}.Release|iPhoneSimulator.Deploy.0 = Release|Any CPU
		{BC2D1A98-71E0-4E3F-9DFE-D081BB739131}.Release|x64.ActiveCfg = Release|Any CPU
		{BC2D1A98-71E0-4E3F-9DFE-D081BB739131}.Release|x64.Build.0 = Release|Any CPU
		{BC2D1A98-71E0-4E3F-9DFE-D081BB739131}.Release|x64.Deploy.0 = Release|Any CPU
		{BC2D1A98-71E0-4E3F-9DFE-D081BB739131}.Release|x86.ActiveCfg = Release|Any CPU
		{BC2D1A98-71E0-4E3F-9DFE-D081BB739131}.Release|x86.Build.0 = Release|Any CPU
		{BC2D1A98-71E0-4E3F-9DFE-D081BB739131}.Release|x86.Deploy.0 = Release|Any CPU
		{66C823E2-753E-4928-921B-0CB92184FC26}.Ad-Hoc|Any CPU.ActiveCfg = Ad-Hoc|iPhone
		{66C823E2-753E-4928-921B-0CB92184FC26}.Ad-Hoc|Any CPU.Build.0 = Ad-Hoc|iPhone
		{66C823E2-753E-4928-921B-0CB92184FC26}.Ad-Hoc|Any CPU.Deploy.0 = Ad-Hoc|iPhone
		{66C823E2-753E-4928-921B-0CB92184FC26}.Ad-Hoc|ARM.ActiveCfg = Ad-Hoc|iPhone
		{66C823E2-753E-4928-921B-0CB92184FC26}.Ad-Hoc|ARM.Build.0 = Ad-Hoc|iPhone
		{66C823E2-753E-4928-921B-0CB92184FC26}.Ad-Hoc|ARM.Deploy.0 = Ad-Hoc|iPhone
		{66C823E2-753E-4928-921B-0CB92184FC26}.Ad-Hoc|iPhone.ActiveCfg = Ad-Hoc|iPhone
		{66C823E2-753E-4928-921B-0CB92184FC26}.Ad-Hoc|iPhone.Build.0 = Ad-Hoc|iPhone
		{66C823E2-753E-4928-921B-0CB92184FC26}.Ad-Hoc|iPhone.Deploy.0 = Ad-Hoc|iPhone
		{66C823E2-753E-4928-921B-0CB92184FC26}.Ad-Hoc|iPhoneSimulator.ActiveCfg = Ad-Hoc|iPhoneSimulator
		{66C823E2-753E-4928-921B-0CB92184FC26}.Ad-Hoc|iPhoneSimulator.Build.0 = Ad-Hoc|iPhoneSimulator
		{66C823E2-753E-4928-921B-0CB92184FC26}.Ad-Hoc|iPhoneSimulator.Deploy.0 = Ad-Hoc|iPhoneSimulator
		{66C823E2-753E-4928-921B-0CB92184FC26}.Ad-Hoc|x64.ActiveCfg = Ad-Hoc|iPhone
		{66C823E2-753E-4928-921B-0CB92184FC26}.Ad-Hoc|x64.Build.0 = Ad-Hoc|iPhone
		{66C823E2-753E-4928-921B-0CB92184FC26}.Ad-Hoc|x64.Deploy.0 = Ad-Hoc|iPhone
		{66C823E2-753E-4928-921B-0CB92184FC26}.Ad-Hoc|x86.ActiveCfg = Ad-Hoc|iPhone
		{66C823E2-753E-4928-921B-0CB92184FC26}.Ad-Hoc|x86.Build.0 = Ad-Hoc|iPhone
		{66C823E2-753E-4928-921B-0CB92184FC26}.Ad-Hoc|x86.Deploy.0 = Ad-Hoc|iPhone
		{66C823E2-753E-4928-921B-0CB92184FC26}.AppStore|Any CPU.ActiveCfg = AppStore|iPhone
		{66C823E2-753E-4928-921B-0CB92184FC26}.AppStore|Any CPU.Build.0 = AppStore|iPhone
		{66C823E2-753E-4928-921B-0CB92184FC26}.AppStore|Any CPU.Deploy.0 = AppStore|iPhone
		{66C823E2-753E-4928-921B-0CB92184FC26}.AppStore|ARM.ActiveCfg = AppStore|iPhone
		{66C823E2-753E-4928-921B-0CB92184FC26}.AppStore|ARM.Build.0 = AppStore|iPhone
		{66C823E2-753E-4928-921B-0CB92184FC26}.AppStore|ARM.Deploy.0 = AppStore|iPhone
		{66C823E2-753E-4928-921B-0CB92184FC26}.AppStore|iPhone.ActiveCfg = AppStore|iPhone
		{66C823E2-753E-4928-921B-0CB92184FC26}.AppStore|iPhone.Build.0 = AppStore|iPhone
		{66C823E2-753E-4928-921B-0CB92184FC26}.AppStore|iPhone.Deploy.0 = AppStore|iPhone
		{66C823E2-753E-4928-921B-0CB92184FC26}.AppStore|iPhoneSimulator.ActiveCfg = AppStore|iPhoneSimulator
		{66C823E2-753E-4928-921B-0CB92184FC26}.AppStore|iPhoneSimulator.Build.0 = AppStore|iPhoneSimulator
		{66C823E2-753E-4928-921B-0CB92184FC26}.AppStore|iPhoneSimulator.Deploy.0 = AppStore|iPhoneSimulator
		{66C823E2-753E-4928-921B-0CB92184FC26}.AppStore|x64.ActiveCfg = AppStore|iPhone
		{66C823E2-753E-4928-921B-0CB92184FC26}.AppStore|x64.Build.0 = AppStore|iPhone
		{66C823E2-753E-4928-921B-0CB92184FC26}.AppStore|x64.Deploy.0 = AppStore|iPhone
		{66C823E2-753E-4928-921B-0CB92184FC26}.AppStore|x86.ActiveCfg = AppStore|iPhone
		{66C823E2-753E-4928-921B-0CB92184FC26}.AppStore|x86.Build.0 = AppStore|iPhone
		{66C823E2-753E-4928-921B-0CB92184FC26}.AppStore|x86.Deploy.0 = AppStore|iPhone
		{66C823E2-753E-4928-921B-0CB92184FC26}.Debug|Any CPU.ActiveCfg = Debug|iPhoneSimulator
		{66C823E2-753E-4928-921B-0CB92184FC26}.Debug|Any CPU.Build.0 = Debug|iPhoneSimulator
		{66C823E2-753E-4928-921B-0CB92184FC26}.Debug|Any CPU.Deploy.0 = Debug|iPhoneSimulator
		{66C823E2-753E-4928-921B-0CB92184FC26}.Debug|ARM.ActiveCfg = Debug|iPhone
		{66C823E2-753E-4928-921B-0CB92184FC26}.Debug|ARM.Build.0 = Debug|iPhone
		{66C823E2-753E-4928-921B-0CB92184FC26}.Debug|ARM.Deploy.0 = Debug|iPhone
		{66C823E2-753E-4928-921B-0CB92184FC26}.Debug|iPhone.ActiveCfg = Debug|iPhone
		{66C823E2-753E-4928-921B-0CB92184FC26}.Debug|iPhone.Build.0 = Debug|iPhone
		{66C823E2-753E-4928-921B-0CB92184FC26}.Debug|iPhone.Deploy.0 = Debug|iPhone
		{66C823E2-753E-4928-921B-0CB92184FC26}.Debug|iPhoneSimulator.ActiveCfg = Debug|iPhoneSimulator
		{66C823E2-753E-4928-921B-0CB92184FC26}.Debug|iPhoneSimulator.Build.0 = Debug|iPhoneSimulator
		{66C823E2-753E-4928-921B-0CB92184FC26}.Debug|iPhoneSimulator.Deploy.0 = Debug|iPhoneSimulator
		{66C823E2-753E-4928-921B-0CB92184FC26}.Debug|x64.ActiveCfg = Debug|iPhone
		{66C823E2-753E-4928-921B-0CB92184FC26}.Debug|x64.Build.0 = Debug|iPhone
		{66C823E2-753E-4928-921B-0CB92184FC26}.Debug|x64.Deploy.0 = Debug|iPhone
		{66C823E2-753E-4928-921B-0CB92184FC26}.Debug|x86.ActiveCfg = Debug|iPhone
		{66C823E2-753E-4928-921B-0CB92184FC26}.Debug|x86.Build.0 = Debug|iPhone
		{66C823E2-753E-4928-921B-0CB92184FC26}.Debug|x86.Deploy.0 = Debug|iPhone
		{66C823E2-753E-4928-921B-0CB92184FC26}.Release|Any CPU.ActiveCfg = Release|iPhone
		{66C823E2-753E-4928-921B-0CB92184FC26}.Release|Any CPU.Build.0 = Release|iPhone
		{66C823E2-753E-4928-921B-0CB92184FC26}.Release|Any CPU.Deploy.0 = Release|iPhone
		{66C823E2-753E-4928-921B-0CB92184FC26}.Release|ARM.ActiveCfg = Release|iPhone
		{66C823E2-753E-4928-921B-0CB92184FC26}.Release|ARM.Build.0 = Release|iPhone
		{66C823E2-753E-4928-921B-0CB92184FC26}.Release|ARM.Deploy.0 = Release|iPhone
		{66C823E2-753E-4928-921B-0CB92184FC26}.Release|iPhone.ActiveCfg = Release|iPhone
		{66C823E2-753E-4928-921B-0CB92184FC26}.Release|iPhone.Build.0 = Release|iPhone
		{66C823E2-753E-4928-921B-0CB92184FC26}.Release|iPhone.Deploy.0 = Release|iPhone
		{66C823E2-753E-4928-921B-0CB92184FC26}.Release|iPhoneSimulator.ActiveCfg = Release|iPhoneSimulator
		{66C823E2-753E-4928-921B-0CB92184FC26}.Release|iPhoneSimulator.Build.0 = Release|iPhoneSimulator
		{66C823E2-753E-4928-921B-0CB92184FC26}.Release|iPhoneSimulator.Deploy.0 = Release|iPhoneSimulator
		{66C823E2-753E-4928-921B-0CB92184FC26}.Release|x64.ActiveCfg = Release|iPhone
		{66C823E2-753E-4928-921B-0CB92184FC26}.Release|x64.Build.0 = Release|iPhone
		{66C823E2-753E-4928-921B-0CB92184FC26}.Release|x64.Deploy.0 = Release|iPhone
		{66C823E2-753E-4928-921B-0CB92184FC26}.Release|x86.ActiveCfg = Release|iPhone
		{66C823E2-753E-4928-921B-0CB92184FC26}.Release|x86.Build.0 = Release|iPhone
		{66C823E2-753E-4928-921B-0CB92184FC26}.Release|x86.Deploy.0 = Release|iPhone
		{0B5A1825-0F3E-4079-9DB1-1985331CB585}.Ad-Hoc|Any CPU.ActiveCfg = Release|x86
		{0B5A1825-0F3E-4079-9DB1-1985331CB585}.Ad-Hoc|Any CPU.Build.0 = Release|x86
		{0B5A1825-0F3E-4079-9DB1-1985331CB585}.Ad-Hoc|Any CPU.Deploy.0 = Release|x86
		{0B5A1825-0F3E-4079-9DB1-1985331CB585}.Ad-Hoc|ARM.ActiveCfg = Release|ARM
		{0B5A1825-0F3E-4079-9DB1-1985331CB585}.Ad-Hoc|ARM.Build.0 = Release|ARM
		{0B5A1825-0F3E-4079-9DB1-1985331CB585}.Ad-Hoc|ARM.Deploy.0 = Release|ARM
		{0B5A1825-0F3E-4079-9DB1-1985331CB585}.Ad-Hoc|iPhone.ActiveCfg = Release|x86
		{0B5A1825-0F3E-4079-9DB1-1985331CB585}.Ad-Hoc|iPhone.Build.0 = Release|x86
		{0B5A1825-0F3E-4079-9DB1-1985331CB585}.Ad-Hoc|iPhone.Deploy.0 = Release|x86
		{0B5A1825-0F3E-4079-9DB1-1985331CB585}.Ad-Hoc|iPhoneSimulator.ActiveCfg = Release|x86
		{0B5A1825-0F3E-4079-9DB1-1985331CB585}.Ad-Hoc|iPhoneSimulator.Build.0 = Release|x86
		{0B5A1825-0F3E-4079-9DB1-1985331CB585}.Ad-Hoc|iPhoneSimulator.Deploy.0 = Release|x86
		{0B5A1825-0F3E-4079-9DB1-1985331CB585}.Ad-Hoc|x64.ActiveCfg = Release|x64
		{0B5A1825-0F3E-4079-9DB1-1985331CB585}.Ad-Hoc|x64.Build.0 = Release|x64
		{0B5A1825-0F3E-4079-9DB1-1985331CB585}.Ad-Hoc|x64.Deploy.0 = Release|x64
		{0B5A1825-0F3E-4079-9DB1-1985331CB585}.Ad-Hoc|x86.ActiveCfg = Release|x86
		{0B5A1825-0F3E-4079-9DB1-1985331CB585}.Ad-Hoc|x86.Build.0 = Release|x86
		{0B5A1825-0F3E-4079-9DB1-1985331CB585}.Ad-Hoc|x86.Deploy.0 = Release|x86
		{0B5A1825-0F3E-4079-9DB1-1985331CB585}.AppStore|Any CPU.ActiveCfg = Release|x86
		{0B5A1825-0F3E-4079-9DB1-1985331CB585}.AppStore|Any CPU.Build.0 = Release|x86
		{0B5A1825-0F3E-4079-9DB1-1985331CB585}.AppStore|Any CPU.Deploy.0 = Release|x86
		{0B5A1825-0F3E-4079-9DB1-1985331CB585}.AppStore|ARM.ActiveCfg = Release|ARM
		{0B5A1825-0F3E-4079-9DB1-1985331CB585}.AppStore|ARM.Build.0 = Release|ARM
		{0B5A1825-0F3E-4079-9DB1-1985331CB585}.AppStore|ARM.Deploy.0 = Release|ARM
		{0B5A1825-0F3E-4079-9DB1-1985331CB585}.AppStore|iPhone.ActiveCfg = Release|x86
		{0B5A1825-0F3E-4079-9DB1-1985331CB585}.AppStore|iPhone.Build.0 = Release|x86
		{0B5A1825-0F3E-4079-9DB1-1985331CB585}.AppStore|iPhone.Deploy.0 = Release|x86
		{0B5A1825-0F3E-4079-9DB1-1985331CB585}.AppStore|iPhoneSimulator.ActiveCfg = Release|x86
		{0B5A1825-0F3E-4079-9DB1-1985331CB585}.AppStore|iPhoneSimulator.Build.0 = Release|x86
		{0B5A1825-0F3E-4079-9DB1-1985331CB585}.AppStore|iPhoneSimulator.Deploy.0 = Release|x86
		{0B5A1825-0F3E-4079-9DB1-1985331CB585}.AppStore|x64.ActiveCfg = Release|x64
		{0B5A1825-0F3E-4079-9DB1-1985331CB585}.AppStore|x64.Build.0 = Release|x64
		{0B5A1825-0F3E-4079-9DB1-1985331CB585}.AppStore|x64.Deploy.0 = Release|x64
		{0B5A1825-0F3E-4079-9DB1-1985331CB585}.AppStore|x86.ActiveCfg = Release|x86
		{0B5A1825-0F3E-4079-9DB1-1985331CB585}.AppStore|x86.Build.0 = Release|x86
		{0B5A1825-0F3E-4079-9DB1-1985331CB585}.AppStore|x86.Deploy.0 = Release|x86
		{0B5A1825-0F3E-4079-9DB1-1985331CB585}.Debug|Any CPU.ActiveCfg = Debug|x86
		{0B5A1825-0F3E-4079-9DB1-1985331CB585}.Debug|Any CPU.Build.0 = Debug|x86
		{0B5A1825-0F3E-4079-9DB1-1985331CB585}.Debug|Any CPU.Deploy.0 = Debug|x86
		{0B5A1825-0F3E-4079-9DB1-1985331CB585}.Debug|ARM.ActiveCfg = Debug|ARM
		{0B5A1825-0F3E-4079-9DB1-1985331CB585}.Debug|ARM.Build.0 = Debug|ARM
		{0B5A1825-0F3E-4079-9DB1-1985331CB585}.Debug|ARM.Deploy.0 = Debug|ARM
		{0B5A1825-0F3E-4079-9DB1-1985331CB585}.Debug|iPhone.ActiveCfg = Debug|x86
		{0B5A1825-0F3E-4079-9DB1-1985331CB585}.Debug|iPhone.Build.0 = Debug|x86
		{0B5A1825-0F3E-4079-9DB1-1985331CB585}.Debug|iPhone.Deploy.0 = Debug|x86
		{0B5A1825-0F3E-4079-9DB1-1985331CB585}.Debug|iPhoneSimulator.ActiveCfg = Debug|x86
		{0B5A1825-0F3E-4079-9DB1-1985331CB585}.Debug|iPhoneSimulator.Build.0 = Debug|x86
		{0B5A1825-0F3E-4079-9DB1-1985331CB585}.Debug|iPhoneSimulator.Deploy.0 = Debug|x86
		{0B5A1825-0F3E-4079-9DB1-1985331CB585}.Debug|x64.ActiveCfg = Debug|x64
		{0B5A1825-0F3E-4079-9DB1-1985331CB585}.Debug|x64.Build.0 = Debug|x64
		{0B5A1825-0F3E-4079-9DB1-1985331CB585}.Debug|x64.Deploy.0 = Debug|x64
		{0B5A1825-0F3E-4079-9DB1-1985331CB585}.Debug|x86.ActiveCfg = Debug|x86
		{0B5A1825-0F3E-4079-9DB1-1985331CB585}.Debug|x86.Build.0 = Debug|x86
		{0B5A1825-0F3E-4079-9DB1-1985331CB585}.Debug|x86.Deploy.0 = Debug|x86
		{0B5A1825-0F3E-4079-9DB1-1985331CB585}.Release|Any CPU.ActiveCfg = Release|x86
		{0B5A1825-0F3E-4079-9DB1-1985331CB585}.Release|Any CPU.Build.0 = Release|x86
		{0B5A1825-0F3E-4079-9DB1-1985331CB585}.Release|Any CPU.Deploy.0 = Release|x86
		{0B5A1825-0F3E-4079-9DB1-1985331CB585}.Release|ARM.ActiveCfg = Release|ARM
		{0B5A1825-0F3E-4079-9DB1-1985331CB585}.Release|ARM.Build.0 = Release|ARM
		{0B5A1825-0F3E-4079-9DB1-1985331CB585}.Release|ARM.Deploy.0 = Release|ARM
		{0B5A1825-0F3E-4079-9DB1-1985331CB585}.Release|iPhone.ActiveCfg = Release|x86
		{0B5A1825-0F3E-4079-9DB1-1985331CB585}.Release|iPhone.Build.0 = Release|x86
		{0B5A1825-0F3E-4079-9DB1-1985331CB585}.Release|iPhone.Deploy.0 = Release|x86
		{0B5A1825-0F3E-4079-9DB1-1985331CB585}.Release|iPhoneSimulator.ActiveCfg = Release|x86
		{0B5A1825-0F3E-4079-9DB1-1985331CB585}.Release|iPhoneSimulator.Build.0 = Release|x86
		{0B5A1825-0F3E-4079-9DB1-1985331CB585}.Release|iPhoneSimulator.Deploy.0 = Release|x86
		{0B5A1825-0F3E-4079-9DB1-1985331CB585}.Release|x64.ActiveCfg = Release|x64
		{0B5A1825-0F3E-4079-9DB1-1985331CB585}.Release|x64.Build.0 = Release|x64
		{0B5A1825-0F3E-4079-9DB1-1985331CB585}.Release|x64.Deploy.0 = Release|x64
		{0B5A1825-0F3E-4079-9DB1-1985331CB585}.Release|x86.ActiveCfg = Release|x86
		{0B5A1825-0F3E-4079-9DB1-1985331CB585}.Release|x86.Build.0 = Release|x86
		{0B5A1825-0F3E-4079-9DB1-1985331CB585}.Release|x86.Deploy.0 = Release|x86
		{54DC70BA-192C-4AB7-A148-62B5F9EF6F4D}.Ad-Hoc|Any CPU.ActiveCfg = Debug|Any CPU
		{54DC70BA-192C-4AB7-A148-62B5F9EF6F4D}.Ad-Hoc|Any CPU.Build.0 = Debug|Any CPU
		{54DC70BA-192C-4AB7-A148-62B5F9EF6F4D}.Ad-Hoc|Any CPU.Deploy.0 = Debug|Any CPU
		{54DC70BA-192C-4AB7-A148-62B5F9EF6F4D}.Ad-Hoc|ARM.ActiveCfg = Debug|Any CPU
		{54DC70BA-192C-4AB7-A148-62B5F9EF6F4D}.Ad-Hoc|ARM.Build.0 = Debug|Any CPU
		{54DC70BA-192C-4AB7-A148-62B5F9EF6F4D}.Ad-Hoc|ARM.Deploy.0 = Debug|Any CPU
		{54DC70BA-192C-4AB7-A148-62B5F9EF6F4D}.Ad-Hoc|iPhone.ActiveCfg = Debug|Any CPU
		{54DC70BA-192C-4AB7-A148-62B5F9EF6F4D}.Ad-Hoc|iPhone.Build.0 = Debug|Any CPU
		{54DC70BA-192C-4AB7-A148-62B5F9EF6F4D}.Ad-Hoc|iPhone.Deploy.0 = Debug|Any CPU
		{54DC70BA-192C-4AB7-A148-62B5F9EF6F4D}.Ad-Hoc|iPhoneSimulator.ActiveCfg = Debug|Any CPU
		{54DC70BA-192C-4AB7-A148-62B5F9EF6F4D}.Ad-Hoc|iPhoneSimulator.Build.0 = Debug|Any CPU
		{54DC70BA-192C-4AB7-A148-62B5F9EF6F4D}.Ad-Hoc|iPhoneSimulator.Deploy.0 = Debug|Any CPU
		{54DC70BA-192C-4AB7-A148-62B5F9EF6F4D}.Ad-Hoc|x64.ActiveCfg = Debug|Any CPU
		{54DC70BA-192C-4AB7-A148-62B5F9EF6F4D}.Ad-Hoc|x64.Build.0 = Debug|Any CPU
		{54DC70BA-192C-4AB7-A148-62B5F9EF6F4D}.Ad-Hoc|x64.Deploy.0 = Debug|Any CPU
		{54DC70BA-192C-4AB7-A148-62B5F9EF6F4D}.Ad-Hoc|x86.ActiveCfg = Debug|Any CPU
		{54DC70BA-192C-4AB7-A148-62B5F9EF6F4D}.Ad-Hoc|x86.Build.0 = Debug|Any CPU
		{54DC70BA-192C-4AB7-A148-62B5F9EF6F4D}.Ad-Hoc|x86.Deploy.0 = Debug|Any CPU
		{54DC70BA-192C-4AB7-A148-62B5F9EF6F4D}.AppStore|Any CPU.ActiveCfg = Debug|Any CPU
		{54DC70BA-192C-4AB7-A148-62B5F9EF6F4D}.AppStore|Any CPU.Build.0 = Debug|Any CPU
		{54DC70BA-192C-4AB7-A148-62B5F9EF6F4D}.AppStore|Any CPU.Deploy.0 = Debug|Any CPU
		{54DC70BA-192C-4AB7-A148-62B5F9EF6F4D}.AppStore|ARM.ActiveCfg = Debug|Any CPU
		{54DC70BA-192C-4AB7-A148-62B5F9EF6F4D}.AppStore|ARM.Build.0 = Debug|Any CPU
		{54DC70BA-192C-4AB7-A148-62B5F9EF6F4D}.AppStore|ARM.Deploy.0 = Debug|Any CPU
		{54DC70BA-192C-4AB7-A148-62B5F9EF6F4D}.AppStore|iPhone.ActiveCfg = Debug|Any CPU
		{54DC70BA-192C-4AB7-A148-62B5F9EF6F4D}.AppStore|iPhone.Build.0 = Debug|Any CPU
		{54DC70BA-192C-4AB7-A148-62B5F9EF6F4D}.AppStore|iPhone.Deploy.0 = Debug|Any CPU
		{54DC70BA-192C-4AB7-A148-62B5F9EF6F4D}.AppStore|iPhoneSimulator.ActiveCfg = Debug|Any CPU
		{54DC70BA-192C-4AB7-A148-62B5F9EF6F4D}.AppStore|iPhoneSimulator.Build.0 = Debug|Any CPU
		{54DC70BA-192C-4AB7-A148-62B5F9EF6F4D}.AppStore|iPhoneSimulator.Deploy.0 = Debug|Any CPU
		{54DC70BA-192C-4AB7-A148-62B5F9EF6F4D}.AppStore|x64.ActiveCfg = Debug|Any CPU
		{54DC70BA-192C-4AB7-A148-62B5F9EF6F4D}.AppStore|x64.Build.0 = Debug|Any CPU
		{54DC70BA-192C-4AB7-A148-62B5F9EF6F4D}.AppStore|x64.Deploy.0 = Debug|Any CPU
		{54DC70BA-192C-4AB7-A148-62B5F9EF6F4D}.AppStore|x86.ActiveCfg = Debug|Any CPU
		{54DC70BA-192C-4AB7-A148-62B5F9EF6F4D}.AppStore|x86.Build.0 = Debug|Any CPU
		{54DC70BA-192C-4AB7-A148-62B5F9EF6F4D}.AppStore|x86.Deploy.0 = Debug|Any CPU
		{54DC70BA-192C-4AB7-A148-62B5F9EF6F4D}.Debug|Any CPU.ActiveCfg = Debug|Any CPU
		{54DC70BA-192C-4AB7-A148-62B5F9EF6F4D}.Debug|Any CPU.Build.0 = Debug|Any CPU
		{54DC70BA-192C-4AB7-A148-62B5F9EF6F4D}.Debug|Any CPU.Deploy.0 = Debug|Any CPU
		{54DC70BA-192C-4AB7-A148-62B5F9EF6F4D}.Debug|ARM.ActiveCfg = Debug|Any CPU
		{54DC70BA-192C-4AB7-A148-62B5F9EF6F4D}.Debug|ARM.Build.0 = Debug|Any CPU
		{54DC70BA-192C-4AB7-A148-62B5F9EF6F4D}.Debug|ARM.Deploy.0 = Debug|Any CPU
		{54DC70BA-192C-4AB7-A148-62B5F9EF6F4D}.Debug|iPhone.ActiveCfg = Debug|Any CPU
		{54DC70BA-192C-4AB7-A148-62B5F9EF6F4D}.Debug|iPhone.Build.0 = Debug|Any CPU
		{54DC70BA-192C-4AB7-A148-62B5F9EF6F4D}.Debug|iPhone.Deploy.0 = Debug|Any CPU
		{54DC70BA-192C-4AB7-A148-62B5F9EF6F4D}.Debug|iPhoneSimulator.ActiveCfg = Debug|Any CPU
		{54DC70BA-192C-4AB7-A148-62B5F9EF6F4D}.Debug|iPhoneSimulator.Build.0 = Debug|Any CPU
		{54DC70BA-192C-4AB7-A148-62B5F9EF6F4D}.Debug|iPhoneSimulator.Deploy.0 = Debug|Any CPU
		{54DC70BA-192C-4AB7-A148-62B5F9EF6F4D}.Debug|x64.ActiveCfg = Debug|Any CPU
		{54DC70BA-192C-4AB7-A148-62B5F9EF6F4D}.Debug|x64.Build.0 = Debug|Any CPU
		{54DC70BA-192C-4AB7-A148-62B5F9EF6F4D}.Debug|x64.Deploy.0 = Debug|Any CPU
		{54DC70BA-192C-4AB7-A148-62B5F9EF6F4D}.Debug|x86.ActiveCfg = Debug|Any CPU
		{54DC70BA-192C-4AB7-A148-62B5F9EF6F4D}.Debug|x86.Build.0 = Debug|Any CPU
		{54DC70BA-192C-4AB7-A148-62B5F9EF6F4D}.Debug|x86.Deploy.0 = Debug|Any CPU
		{54DC70BA-192C-4AB7-A148-62B5F9EF6F4D}.Release|Any CPU.ActiveCfg = Release|Any CPU
		{54DC70BA-192C-4AB7-A148-62B5F9EF6F4D}.Release|Any CPU.Build.0 = Release|Any CPU
		{54DC70BA-192C-4AB7-A148-62B5F9EF6F4D}.Release|Any CPU.Deploy.0 = Release|Any CPU
		{54DC70BA-192C-4AB7-A148-62B5F9EF6F4D}.Release|ARM.ActiveCfg = Release|Any CPU
		{54DC70BA-192C-4AB7-A148-62B5F9EF6F4D}.Release|ARM.Build.0 = Release|Any CPU
		{54DC70BA-192C-4AB7-A148-62B5F9EF6F4D}.Release|ARM.Deploy.0 = Release|Any CPU
		{54DC70BA-192C-4AB7-A148-62B5F9EF6F4D}.Release|iPhone.ActiveCfg = Release|Any CPU
		{54DC70BA-192C-4AB7-A148-62B5F9EF6F4D}.Release|iPhone.Build.0 = Release|Any CPU
		{54DC70BA-192C-4AB7-A148-62B5F9EF6F4D}.Release|iPhone.Deploy.0 = Release|Any CPU
		{54DC70BA-192C-4AB7-A148-62B5F9EF6F4D}.Release|iPhoneSimulator.ActiveCfg = Release|Any CPU
		{54DC70BA-192C-4AB7-A148-62B5F9EF6F4D}.Release|iPhoneSimulator.Build.0 = Release|Any CPU
		{54DC70BA-192C-4AB7-A148-62B5F9EF6F4D}.Release|iPhoneSimulator.Deploy.0 = Release|Any CPU
		{54DC70BA-192C-4AB7-A148-62B5F9EF6F4D}.Release|x64.ActiveCfg = Release|Any CPU
		{54DC70BA-192C-4AB7-A148-62B5F9EF6F4D}.Release|x64.Build.0 = Release|Any CPU
		{54DC70BA-192C-4AB7-A148-62B5F9EF6F4D}.Release|x64.Deploy.0 = Release|Any CPU
		{54DC70BA-192C-4AB7-A148-62B5F9EF6F4D}.Release|x86.ActiveCfg = Release|Any CPU
		{54DC70BA-192C-4AB7-A148-62B5F9EF6F4D}.Release|x86.Build.0 = Release|Any CPU
		{54DC70BA-192C-4AB7-A148-62B5F9EF6F4D}.Release|x86.Deploy.0 = Release|Any CPU
	EndGlobalSection
	GlobalSection(SolutionProperties) = preSolution
		HideSolutionNode = FALSE
	EndGlobalSection
	GlobalSection(ExtensibilityGlobals) = postSolution
		SolutionGuid = {941BA585-DB3D-4882-879C-AA2B6EA5A718}
	EndGlobalSection
EndGlobal
